<?xml version="1.0" encoding="utf-8"?>
<Project ToolsVersion="4.0" xmlns="http://schemas.microsoft.com/developer/msbuild/2003">
  <ItemGroup>
    <Filter Include="Library">
      <UniqueIdentifier>{4ff97279-9c57-4efc-9264-f6237ca95505}</UniqueIdentifier>
    </Filter>
    <Filter Include="Library\Rpc">
      <UniqueIdentifier>{c567d4dc-872b-4d72-80ad-a4e0ba177c70}</UniqueIdentifier>
    </Filter>
  </ItemGroup>
  <ItemGroup>
    <ClCompile Include="$(MSBuildThisFileDirectory)..\..\..\Source\Library\WfLibraryCppHelper.cpp">
      <Filter>Library</Filter>
    </ClCompile>
    <ClCompile Include="$(MSBuildThisFileDirectory)..\..\..\Source\Library\WfLibraryPredefined.cpp">
      <Filter>Library</Filter>
    </ClCompile>
    <ClCompile Include="$(MSBuildThisFileDirectory)..\..\..\Source\Library\WfLibraryReflection.cpp">
      <Filter>Library</Filter>
    </ClCompile>
    <ClCompile Include="$(MSBuildThisFileDirectory)..\..\..\Source\Library\Rpc\WfLibraryRpc.cpp">
      <Filter>Library\Rpc</Filter>
    </ClCompile>
    <ClCompile Include="$(MSBuildThisFileDirectory)..\..\..\Source\Library\Rpc\WfLibraryRpcController.cpp">
      <Filter>Library\Rpc</Filter>
    </ClCompile>
    <ClCompile Include="$(MSBuildThisFileDirectory)..\..\..\Source\Library\Rpc\WfLibraryRpcJson.cpp">
      <Filter>Library\Rpc</Filter>
    </ClCompile>
    <ClCompile Include="$(MSBuildThisFileDirectory)..\..\..\Source\Library\Rpc\WfLibraryRpcLifecycle.cpp">
      <Filter>Library\Rpc</Filter>
    </ClCompile>
    <ClCompile Include="$(MSBuildThisFileDirectory)..\..\..\Source\Library\Rpc\WfLibraryRpcWrappers.cpp">
      <Filter>Library\Rpc</Filter>
    </ClCompile>
  </ItemGroup>
  <ItemGroup>
    <ClInclude Include="$(MSBuildThisFileDirectory)..\..\..\Source\Library\WfLibraryCppHelper.h">
      <Filter>Library</Filter>
    </ClInclude>
    <ClInclude Include="$(MSBuildThisFileDirectory)..\..\..\Source\Library\WfLibraryPredefined.h">
      <Filter>Library</Filter>
    </ClInclude>
    <ClInclude Include="$(MSBuildThisFileDirectory)..\..\..\Source\Library\WfLibraryReflection.h">
      <Filter>Library</Filter>
    </ClInclude>
    <ClInclude Include="$(MSBuildThisFileDirectory)..\..\..\Source\Library\Rpc\WfLibraryRpc.h">
      <Filter>Library\Rpc</Filter>
    </ClInclude>
    <ClInclude Include="$(MSBuildThisFileDirectory)..\..\..\Source\Library\Rpc\WfLibraryRpcController.h">
      <Filter>Library\Rpc</Filter>
    </ClInclude>
    <ClInclude Include="$(MSBuildThisFileDirectory)..\..\..\Source\Library\Rpc\WfLibraryRpcJson.h">
      <Filter>Library\Rpc</Filter>
    </ClInclude>
    <ClInclude Include="$(MSBuildThisFileDirectory)..\..\..\Source\Library\Rpc\WfLibraryRpcLifecycle.h">
      <Filter>Library\Rpc</Filter>
    </ClInclude>
    <ClInclude Include="$(MSBuildThisFileDirectory)..\..\..\Source\Library\Rpc\WfLibraryRpcWrappers.h">
      <Filter>Library\Rpc</Filter>
    </ClInclude>
  </ItemGroup>
</Project>
