<?xml version="1.0" encoding="utf-8"?>
<Project ToolsVersion="4.0" xmlns="http://schemas.microsoft.com/developer/msbuild/2003">
  <ItemGroup>
    <Filter Include="Analyzer">
      <UniqueIdentifier>{20022b7f-d8fa-4f14-b9c0-9aafa1a0fd1d}</UniqueIdentifier>
    </Filter>
    <Filter Include="Analyzer\Pass 01">
      <UniqueIdentifier>{7f802b83-0e7e-4666-b04d-9215e8edb35e}</UniqueIdentifier>
    </Filter>
    <Filter Include="Analyzer\Pass 02">
      <UniqueIdentifier>{8f9c4b84-4ea6-45a4-8970-36544d8af136}</UniqueIdentifier>
    </Filter>
    <Filter Include="Analyzer\Pass 03-1">
      <UniqueIdentifier>{5710dfaf-29f6-4307-9b64-fc43c6fd8d5c}</UniqueIdentifier>
    </Filter>
    <Filter Include="Analyzer\Pass 03-2">
      <UniqueIdentifier>{3a37e048-bb61-48f7-a52c-2f7046a4665e}</UniqueIdentifier>
    </Filter>
    <Filter Include="Analyzer\Pass 03-3">
      <UniqueIdentifier>{df3afe7d-1f61-490a-b710-0294b49262ed}</UniqueIdentifier>
    </Filter>
    <Filter Include="Analyzer\Pass 03-4">
      <UniqueIdentifier>{b730f1b9-6db7-4604-a728-36479e15a7b0}</UniqueIdentifier>
    </Filter>
    <Filter Include="Analyzer\Pass 04-1">
      <UniqueIdentifier>{dcff8baa-c9ba-4a20-a486-957c29c205ce}</UniqueIdentifier>
    </Filter>
    <Filter Include="Analyzer\Pass 04-2">
      <UniqueIdentifier>{a06333c3-aea3-4db7-9ab2-bd32f1cb6791}</UniqueIdentifier>
    </Filter>
    <Filter Include="Analyzer\Pass 04-3">
      <UniqueIdentifier>{4a5c6e84-6662-43d9-97fc-db4ef5efe854}</UniqueIdentifier>
    </Filter>
    <Filter Include="Analyzer\Pass 05">
      <UniqueIdentifier>{8b39b5a0-2804-4de9-906f-9b15139f6716}</UniqueIdentifier>
    </Filter>
    <Filter Include="Analyzer\Pass 05\Expanding">
      <UniqueIdentifier>{b4622ae7-8686-4818-943a-bc29d686bfde}</UniqueIdentifier>
    </Filter>
    <Filter Include="Cpp">
      <UniqueIdentifier>{60cf0944-8fb7-4aca-8b55-6f1f90fc92fb}</UniqueIdentifier>
    </Filter>
    <Filter Include="Emitter">
      <UniqueIdentifier>{2856503a-9906-4ddb-a627-4ba7e76d0523}</UniqueIdentifier>
    </Filter>
    <Filter Include="Parser">
      <UniqueIdentifier>{18b37fe3-043a-47f6-8506-22c566ee31ec}</UniqueIdentifier>
    </Filter>
    <Filter Include="Parser\Generated">
      <UniqueIdentifier>{f9efc21a-d742-4d43-8be6-a84db1ff8acd}</UniqueIdentifier>
    </Filter>
    <Filter Include="Parser\Syntax">
      <UniqueIdentifier>{e9e8ed6c-f345-47eb-99ff-fce06834076f}</UniqueIdentifier>
    </Filter>
  </ItemGroup>
  <ItemGroup>
    <ClCompile Include="$(MSBuildThisFileDirectory)..\..\..\Source\Analyzer\WfAnalyzer.cpp">
      <Filter>Analyzer</Filter>
    </ClCompile>
    <ClCompile Include="$(MSBuildThisFileDirectory)..\..\..\Source\Analyzer\WfAnalyzer_Errors.cpp">
      <Filter>Analyzer</Filter>
    </ClCompile>
    <ClCompile Include="$(MSBuildThisFileDirectory)..\..\..\Source\Analyzer\WfAnalyzer_TypeInfo.cpp">
      <Filter>Analyzer</Filter>
    </ClCompile>
    <ClCompile Include="$(MSBuildThisFileDirectory)..\..\..\Source\Analyzer\WfAnalyzer_BuildGlobalNameFromTypeDescriptors.cpp">
      <Filter>Analyzer\Pass 01</Filter>
    </ClCompile>
    <ClCompile Include="$(MSBuildThisFileDirectory)..\..\..\Source\Analyzer\WfAnalyzer_ContextFreeDesugar.cpp">
      <Filter>Analyzer\Pass 02</Filter>
    </ClCompile>
    <ClCompile Include="$(MSBuildThisFileDirectory)..\..\..\Source\Analyzer\WfAnalyzer_ValidateStructure.cpp">
      <Filter>Analyzer\Pass 02</Filter>
    </ClCompile>
    <ClCompile Include="$(MSBuildThisFileDirectory)..\..\..\Source\Analyzer\WfAnalyzer_ValidateStructure_Declaration.cpp">
      <Filter>Analyzer\Pass 02</Filter>
    </ClCompile>
    <ClCompile Include="$(MSBuildThisFileDirectory)..\..\..\Source\Analyzer\WfAnalyzer_ValidateStructure_Expression.cpp">
      <Filter>Analyzer\Pass 02</Filter>
    </ClCompile>
    <ClCompile Include="$(MSBuildThisFileDirectory)..\..\..\Source\Analyzer\WfAnalyzer_ValidateStructure_Statement.cpp">
      <Filter>Analyzer\Pass 02</Filter>
    </ClCompile>
    <ClCompile Include="$(MSBuildThisFileDirectory)..\..\..\Source\Analyzer\WfAnalyzer_ValidateStructure_Type.cpp">
      <Filter>Analyzer\Pass 02</Filter>
    </ClCompile>
    <ClCompile Include="$(MSBuildThisFileDirectory)..\..\..\Source\Analyzer\WfAnalyzer_BuildGlobalNameFromModules.cpp">
      <Filter>Analyzer\Pass 03-1</Filter>
    </ClCompile>
    <ClCompile Include="$(MSBuildThisFileDirectory)..\..\..\Source\Analyzer\WfAnalyzer_BuildScope.cpp">
      <Filter>Analyzer\Pass 03-2</Filter>
    </ClCompile>
    <ClCompile Include="$(MSBuildThisFileDirectory)..\..\..\Source\Analyzer\WfAnalyzer_SearchOrderedName.cpp">
      <Filter>Analyzer\Pass 03-2</Filter>
    </ClCompile>
    <ClCompile Include="$(MSBuildThisFileDirectory)..\..\..\Source\Analyzer\WfAnalyzer_ValidateScopeName.cpp">
      <Filter>Analyzer\Pass 03-3</Filter>
    </ClCompile>
    <ClCompile Include="$(MSBuildThisFileDirectory)..\..\..\Source\Analyzer\WfAnalyzer_CheckScope_DuplicatedSymbol.cpp">
      <Filter>Analyzer\Pass 03-4</Filter>
    </ClCompile>
    <ClCompile Include="$(MSBuildThisFileDirectory)..\..\..\Source\Analyzer\WfAnalyzer_CompleteScope.cpp">
      <Filter>Analyzer\Pass 04-1</Filter>
    </ClCompile>
    <ClCompile Include="$(MSBuildThisFileDirectory)..\..\..\Source\Analyzer\CheckScopes_CycleDependency.cpp">
      <Filter>Analyzer\Pass 04-2</Filter>
    </ClCompile>
    <ClCompile Include="$(MSBuildThisFileDirectory)..\..\..\Source\Analyzer\WfAnalyzer_CheckScope_SymbolType.cpp">
      <Filter>Analyzer\Pass 04-3</Filter>
    </ClCompile>
    <ClCompile Include="$(MSBuildThisFileDirectory)..\..\..\Source\Analyzer\WfAnalyzer_Misc.cpp">
      <Filter>Analyzer\Pass 05</Filter>
    </ClCompile>
    <ClCompile Include="$(MSBuildThisFileDirectory)..\..\..\Source\Analyzer\WfAnalyzer_ValidateSemantic.cpp">
      <Filter>Analyzer\Pass 05</Filter>
    </ClCompile>
    <ClCompile Include="$(MSBuildThisFileDirectory)..\..\..\Source\Analyzer\WfAnalyzer_ValidateSemantic_Declaration.cpp">
      <Filter>Analyzer\Pass 05</Filter>
    </ClCompile>
    <ClCompile Include="$(MSBuildThisFileDirectory)..\..\..\Source\Analyzer\WfAnalyzer_ValidateSemantic_Expression.cpp">
      <Filter>Analyzer\Pass 05</Filter>
    </ClCompile>
    <ClCompile Include="$(MSBuildThisFileDirectory)..\..\..\Source\Analyzer\WfAnalyzer_ValidateSemantic_Statement.cpp">
      <Filter>Analyzer\Pass 05</Filter>
    </ClCompile>
    <ClCompile Include="$(MSBuildThisFileDirectory)..\..\..\Source\Analyzer\WfAnalyzer_ExpandMixinCastExpression.cpp">
      <Filter>Analyzer\Pass 05\Expanding</Filter>
    </ClCompile>
    <ClCompile Include="$(MSBuildThisFileDirectory)..\..\..\Source\Analyzer\WfAnalyzer_ExpandNewCoroutineExpression.cpp">
      <Filter>Analyzer\Pass 05\Expanding</Filter>
    </ClCompile>
    <ClCompile Include="$(MSBuildThisFileDirectory)..\..\..\Source\Analyzer\WfAnalyzer_ExpandBindExpression.cpp">
      <Filter>Analyzer\Pass 05\Expanding</Filter>
    </ClCompile>
    <ClCompile Include="$(MSBuildThisFileDirectory)..\..\..\Source\Analyzer\WfAnalyzer_ExpandStateMachine.cpp">
      <Filter>Analyzer\Pass 05\Expanding</Filter>
    </ClCompile>
    <ClCompile Include="$(MSBuildThisFileDirectory)..\..\..\Source\Analyzer\WfAnalyzer_ExpandStatement.cpp">
      <Filter>Analyzer\Pass 05\Expanding</Filter>
    </ClCompile>
    <ClCompile Include="$(MSBuildThisFileDirectory)..\..\..\Source\Cpp\WfCpp.cpp">
      <Filter>Cpp</Filter>
    </ClCompile>
    <ClCompile Include="$(MSBuildThisFileDirectory)..\..\..\Source\Cpp\WfCpp_AssignClassDeclsToFiles.cpp">
      <Filter>Cpp</Filter>
    </ClCompile>
    <ClCompile Include="$(MSBuildThisFileDirectory)..\..\..\Source\Cpp\WfCpp_Class.cpp">
      <Filter>Cpp</Filter>
    </ClCompile>
    <ClCompile Include="$(MSBuildThisFileDirectory)..\..\..\Source\Cpp\WfCpp_Collect.cpp">
      <Filter>Cpp</Filter>
    </ClCompile>
    <ClCompile Include="$(MSBuildThisFileDirectory)..\..\..\Source\Cpp\WfCpp_Expression.cpp">
      <Filter>Cpp</Filter>
    </ClCompile>
    <ClCompile Include="$(MSBuildThisFileDirectory)..\..\..\Source\Cpp\WfCpp_File.cpp">
      <Filter>Cpp</Filter>
    </ClCompile>
    <ClCompile Include="$(MSBuildThisFileDirectory)..\..\..\Source\Cpp\WfCpp_GenerateCppFiles.cpp">
      <Filter>Cpp</Filter>
    </ClCompile>
    <ClCompile Include="$(MSBuildThisFileDirectory)..\..\..\Source\Cpp\WfCpp_Statement.cpp">
      <Filter>Cpp</Filter>
    </ClCompile>
    <ClCompile Include="$(MSBuildThisFileDirectory)..\..\..\Source\Cpp\WfCpp_WriteClass.cpp">
      <Filter>Cpp</Filter>
    </ClCompile>
    <ClCompile Include="$(MSBuildThisFileDirectory)..\..\..\Source\Cpp\WfCpp_WriteEnum.cpp">
      <Filter>Cpp</Filter>
    </ClCompile>
    <ClCompile Include="$(MSBuildThisFileDirectory)..\..\..\Source\Cpp\WfCpp_WriteFunctionHeader.cpp">
      <Filter>Cpp</Filter>
    </ClCompile>
    <ClCompile Include="$(MSBuildThisFileDirectory)..\..\..\Source\Cpp\WfCpp_WriteGlobal.cpp">
      <Filter>Cpp</Filter>
    </ClCompile>
    <ClCompile Include="$(MSBuildThisFileDirectory)..\..\..\Source\Cpp\WfCpp_WriteLambda.cpp">
      <Filter>Cpp</Filter>
    </ClCompile>
    <ClCompile Include="$(MSBuildThisFileDirectory)..\..\..\Source\Cpp\WfCpp_WriteReflection.cpp">
      <Filter>Cpp</Filter>
    </ClCompile>
    <ClCompile Include="$(MSBuildThisFileDirectory)..\..\..\Source\Cpp\WfCpp_WriteStruct.cpp">
      <Filter>Cpp</Filter>
    </ClCompile>
    <ClCompile Include="$(MSBuildThisFileDirectory)..\..\..\Source\Emitter\WfEmitter.cpp">
      <Filter>Emitter</Filter>
    </ClCompile>
    <ClCompile Include="$(MSBuildThisFileDirectory)..\..\..\Source\Emitter\WfEmitter_Assembly.cpp">
      <Filter>Emitter</Filter>
    </ClCompile>
    <ClCompile Include="$(MSBuildThisFileDirectory)..\..\..\Source\Emitter\WfEmitter_Declaration.cpp">
      <Filter>Emitter</Filter>
    </ClCompile>
    <ClCompile Include="$(MSBuildThisFileDirectory)..\..\..\Source\Emitter\WfEmitter_Expression.cpp">
      <Filter>Emitter</Filter>
    </ClCompile>
    <ClCompile Include="$(MSBuildThisFileDirectory)..\..\..\Source\Emitter\WfEmitter_Metadata.cpp">
      <Filter>Emitter</Filter>
    </ClCompile>
    <ClCompile Include="$(MSBuildThisFileDirectory)..\..\..\Source\Emitter\WfEmitter_Statement.cpp">
      <Filter>Emitter</Filter>
    </ClCompile>
    <ClCompile Include="$(MSBuildThisFileDirectory)..\..\..\Source\Parser\Generated\WorkflowAst_Builder.cpp">
      <Filter>Parser\Generated</Filter>
    </ClCompile>
    <ClCompile Include="$(MSBuildThisFileDirectory)..\..\..\Source\Parser\Generated\WorkflowAst_Copy.cpp">
      <Filter>Parser\Generated</Filter>
    </ClCompile>
    <ClCompile Include="$(MSBuildThisFileDirectory)..\..\..\Source\Parser\Generated\WorkflowAst_Empty.cpp">
      <Filter>Parser\Generated</Filter>
    </ClCompile>
    <ClCompile Include="$(MSBuildThisFileDirectory)..\..\..\Source\Parser\Generated\WorkflowAst_Traverse.cpp">
      <Filter>Parser\Generated</Filter>
    </ClCompile>
    <ClCompile Include="$(MSBuildThisFileDirectory)..\..\..\Source\Parser\Generated\WorkflowParser.cpp">
      <Filter>Parser\Generated</Filter>
    </ClCompile>
    <ClCompile Include="$(MSBuildThisFileDirectory)..\..\..\Source\Parser\Generated\Workflow_Assembler.cpp">
      <Filter>Parser\Generated</Filter>
    </ClCompile>
    <ClCompile Include="$(MSBuildThisFileDirectory)..\..\..\Source\Parser\Generated\Workflow_Lexer.cpp">
      <Filter>Parser\Generated</Filter>
    </ClCompile>
    <ClCompile Include="$(MSBuildThisFileDirectory)..\..\..\Source\Parser\Generated\WorkflowAst.cpp">
      <Filter>Parser\Generated</Filter>
    </ClCompile>
    <ClCompile Include="$(MSBuildThisFileDirectory)..\..\..\Source\Parser\WfExpression.cpp">
      <Filter>Parser</Filter>
    </ClCompile>
    <ClCompile Include="$(MSBuildThisFileDirectory)..\..\..\Source\Parser\Generated\WorkflowAst_Json.cpp">
      <Filter>Parser\Generated</Filter>
    </ClCompile>
    <ClCompile Include="$(MSBuildThisFileDirectory)..\..\..\Source\Cpp\WfMergeCpp.cpp">
      <Filter>Cpp</Filter>
    </ClCompile>
  </ItemGroup>
  <ItemGroup>
    <ClInclude Include="$(MSBuildThisFileDirectory)..\..\..\Source\Analyzer\WfAnalyzer.h">
      <Filter>Analyzer</Filter>
    </ClInclude>
    <ClInclude Include="$(MSBuildThisFileDirectory)..\..\..\Source\Cpp\WfCpp.h">
      <Filter>Cpp</Filter>
    </ClInclude>
    <ClInclude Include="$(MSBuildThisFileDirectory)..\..\..\Source\Emitter\WfEmitter.h">
      <Filter>Emitter</Filter>
    </ClInclude>
    <ClInclude Include="$(MSBuildThisFileDirectory)..\..\..\Source\Parser\Generated\WorkflowAst_Builder.h">
      <Filter>Parser\Generated</Filter>
    </ClInclude>
    <ClInclude Include="$(MSBuildThisFileDirectory)..\..\..\Source\Parser\Generated\WorkflowAst_Copy.h">
      <Filter>Parser\Generated</Filter>
    </ClInclude>
    <ClInclude Include="$(MSBuildThisFileDirectory)..\..\..\Source\Parser\Generated\WorkflowAst_Empty.h">
      <Filter>Parser\Generated</Filter>
    </ClInclude>
    <ClInclude Include="$(MSBuildThisFileDirectory)..\..\..\Source\Parser\Generated\WorkflowAst_Traverse.h">
      <Filter>Parser\Generated</Filter>
    </ClInclude>
    <ClInclude Include="$(MSBuildThisFileDirectory)..\..\..\Source\Parser\Generated\WorkflowParser.h">
      <Filter>Parser\Generated</Filter>
    </ClInclude>
    <ClInclude Include="$(MSBuildThisFileDirectory)..\..\..\Source\Parser\Generated\Workflow_Assembler.h">
      <Filter>Parser\Generated</Filter>
    </ClInclude>
    <ClInclude Include="$(MSBuildThisFileDirectory)..\..\..\Source\Parser\Generated\Workflow_Lexer.h">
      <Filter>Parser\Generated</Filter>
    </ClInclude>
    <ClInclude Include="$(MSBuildThisFileDirectory)..\..\..\Source\Parser\Generated\WorkflowAst.h">
      <Filter>Parser\Generated</Filter>
    </ClInclude>
    <ClInclude Include="$(MSBuildThisFileDirectory)..\..\..\Source\Parser\WfExpression.h">
      <Filter>Parser</Filter>
    </ClInclude>
    <ClInclude Include="$(MSBuildThisFileDirectory)..\..\..\Source\Parser\Generated\WorkflowAst_Json.h">
      <Filter>Parser\Generated</Filter>
    </ClInclude>
    <ClInclude Include="$(MSBuildThisFileDirectory)..\..\..\Source\Cpp\WfMergeCpp.h">
      <Filter>Cpp</Filter>
    </ClInclude>
  </ItemGroup>
  <ItemGroup>
    <Text Include="$(MSBuildThisFileDirectory)..\..\..\Source\Parser\Syntax\Syntax.txt">
      <Filter>Parser\Syntax</Filter>
    </Text>
    <Text Include="$(MSBuildThisFileDirectory)..\..\..\Source\Parser\Syntax\Ast.txt">
      <Filter>Parser\Syntax</Filter>
    </Text>
    <Text Include="$(MSBuildThisFileDirectory)..\..\..\Source\Parser\Syntax\Lexer.txt">
      <Filter>Parser\Syntax</Filter>
    </Text>
  </ItemGroup>
  <ItemGroup>
    <Xml Include="$(MSBuildThisFileDirectory)..\..\..\Source\Parser\Syntax\Parser.xml">
      <Filter>Parser\Syntax</Filter>
    </Xml>
  </ItemGroup>
</Project>