<?xml version="1.0" encoding="utf-8"?>
<Project ToolsVersion="4.0" xmlns="http://schemas.microsoft.com/developer/msbuild/2003">
  <ItemGroup>
    <Filter Include="Source Files">
      <UniqueIdentifier>{4FC737F1-C7A5-4376-A066-2A32D752A2FF}</UniqueIdentifier>
      <Extensions>cpp;c;cc;cxx;def;odl;idl;hpj;bat;asm;asmx</Extensions>
    </Filter>
    <Filter Include="Header Files">
      <UniqueIdentifier>{93995380-89BD-4b04-88EB-625FBE52EBFB}</UniqueIdentifier>
      <Extensions>h;hh;hpp;hxx;hm;inl;inc;xsd</Extensions>
    </Filter>
    <Filter Include="Resource Files">
      <UniqueIdentifier>{67DA6AB6-F800-4c08-8B7A-83BB121AAD01}</UniqueIdentifier>
      <Extensions>rc;ico;cur;bmp;dlg;rc2;rct;bin;rgs;gif;jpg;jpeg;jpe;resx;tiff;tif;png;wav;mfcribbon-ms</Extensions>
    </Filter>
    <Filter Include="Import">
      <UniqueIdentifier>{f585c7c7-cf51-4264-aab5-b68b5db036c0}</UniqueIdentifier>
    </Filter>
    <Filter Include="Workflow">
      <UniqueIdentifier>{c6b75221-8a45-4486-9eb8-cb43e857e1f7}</UniqueIdentifier>
    </Filter>
    <Filter Include="Workflow\Analyzer">
      <UniqueIdentifier>{9c7b8635-1afd-468e-b905-88ad8cf52aca}</UniqueIdentifier>
    </Filter>
    <Filter Include="Workflow\Cpp">
      <UniqueIdentifier>{0b4c3cac-c268-4b69-a6c4-67db74c759be}</UniqueIdentifier>
    </Filter>
    <Filter Include="Workflow\Emitter">
      <UniqueIdentifier>{7b1fab71-2f6f-4e14-9844-b3645e8c5ef6}</UniqueIdentifier>
    </Filter>
    <Filter Include="Workflow\Expression">
      <UniqueIdentifier>{af89e32a-385c-478c-9946-b4824ce69c43}</UniqueIdentifier>
    </Filter>
    <Filter Include="Workflow\Runtime">
      <UniqueIdentifier>{fc9edc2e-cb61-46ea-b6be-db459c79b904}</UniqueIdentifier>
    </Filter>
    <Filter Include="Workflow\Runtime\Metadata">
      <UniqueIdentifier>{f86fb375-1bef-43ec-9991-f00a055f00a9}</UniqueIdentifier>
    </Filter>
    <Filter Include="Workflow\Runtime\Execution">
      <UniqueIdentifier>{9d5a972d-bdf2-4775-9b39-9e5fdf0420dd}</UniqueIdentifier>
    </Filter>
    <Filter Include="Workflow\Library">
      <UniqueIdentifier>{5c2b4c5c-66e4-44d8-9c27-75bee0d6279a}</UniqueIdentifier>
    </Filter>
    <Filter Include="Workflow\Analyzer\Pass 01">
      <UniqueIdentifier>{cecbab85-1a83-486e-95fc-eca0af7e4dcf}</UniqueIdentifier>
    </Filter>
    <Filter Include="Workflow\Analyzer\Pass 02">
      <UniqueIdentifier>{d0095e5e-237f-40aa-aa51-e4c073018bfc}</UniqueIdentifier>
    </Filter>
    <Filter Include="Workflow\Analyzer\Pass 03-1">
      <UniqueIdentifier>{30e26115-6fd9-4a12-987d-11ec7731ecd8}</UniqueIdentifier>
    </Filter>
    <Filter Include="Workflow\Analyzer\Pass 03-2">
      <UniqueIdentifier>{70e780ad-bba4-45c8-a08e-5cf02f173153}</UniqueIdentifier>
    </Filter>
    <Filter Include="Workflow\Analyzer\Pass 03-3">
      <UniqueIdentifier>{36ba837f-60f3-4822-859c-a7d2f2763762}</UniqueIdentifier>
    </Filter>
    <Filter Include="Workflow\Analyzer\Pass 03-4">
      <UniqueIdentifier>{bd0bd894-4296-4cb1-aa31-7835367439ed}</UniqueIdentifier>
    </Filter>
    <Filter Include="Workflow\Analyzer\Pass 04-1">
      <UniqueIdentifier>{7d472e7f-b858-4844-923a-617beeee4575}</UniqueIdentifier>
    </Filter>
    <Filter Include="Workflow\Analyzer\Pass 04-2">
      <UniqueIdentifier>{3917e3bd-a74d-4608-86b3-9a711bfa336a}</UniqueIdentifier>
    </Filter>
    <Filter Include="Workflow\Analyzer\Pass 04-3">
      <UniqueIdentifier>{6f09cffa-0d0f-4ec8-af7d-230c366eb098}</UniqueIdentifier>
    </Filter>
    <Filter Include="Workflow\Analyzer\Pass 05">
      <UniqueIdentifier>{ae16e9df-163f-41b2-89b5-8701dcc9b8c7}</UniqueIdentifier>
    </Filter>
    <Filter Include="Workflow\Analyzer\Pass 05\Expanding">
      <UniqueIdentifier>{7053394b-2525-445e-baa0-a2a6f2bc51f6}</UniqueIdentifier>
    </Filter>
  </ItemGroup>
  <ItemGroup>
    <ClCompile Include="..\..\..\Source\Analyzer\WfAnalyzer.cpp">
      <Filter>Workflow\Analyzer</Filter>
    </ClCompile>
    <ClCompile Include="..\..\..\Source\Analyzer\WfAnalyzer_Errors.cpp">
      <Filter>Workflow\Analyzer</Filter>
    </ClCompile>
    <ClCompile Include="..\..\..\Source\Expression\WfExpression.cpp">
      <Filter>Workflow\Expression</Filter>
    </ClCompile>
    <ClCompile Include="..\..\..\Source\Runtime\WfRuntimeInstruction.cpp">
      <Filter>Workflow\Runtime\Metadata</Filter>
    </ClCompile>
    <ClCompile Include="..\..\..\Source\Runtime\WfRuntimeAssembly.cpp">
      <Filter>Workflow\Runtime\Metadata</Filter>
    </ClCompile>
    <ClCompile Include="..\..\..\Source\Runtime\WfRuntime.cpp">
      <Filter>Workflow\Runtime\Execution</Filter>
    </ClCompile>
    <ClCompile Include="..\..\..\Source\Runtime\WfRuntimeDebugger.cpp">
      <Filter>Workflow\Runtime\Execution</Filter>
    </ClCompile>
    <ClCompile Include="..\..\..\Source\Runtime\WfRuntimeExecution.cpp">
      <Filter>Workflow\Runtime\Execution</Filter>
    </ClCompile>
    <ClCompile Include="..\..\..\Source\Runtime\WfRuntimeTypeDescriptor.cpp">
      <Filter>Workflow\Runtime\Metadata</Filter>
    </ClCompile>
    <ClCompile Include="..\..\..\Source\Runtime\WfRuntimeConstructions.cpp">
      <Filter>Workflow\Runtime\Execution</Filter>
    </ClCompile>
    <ClCompile Include="..\..\..\Source\Cpp\WfCpp.cpp">
      <Filter>Workflow\Cpp</Filter>
    </ClCompile>
    <ClCompile Include="..\..\..\Source\Cpp\WfCpp_Collect.cpp">
      <Filter>Workflow\Cpp</Filter>
    </ClCompile>
    <ClCompile Include="..\..\..\Source\Cpp\WfCpp_Expression.cpp">
      <Filter>Workflow\Cpp</Filter>
    </ClCompile>
    <ClCompile Include="..\..\..\Source\Cpp\WfCpp_Statement.cpp">
      <Filter>Workflow\Cpp</Filter>
    </ClCompile>
    <ClCompile Include="..\..\..\Source\Cpp\WfCpp_WriteEnum.cpp">
      <Filter>Workflow\Cpp</Filter>
    </ClCompile>
    <ClCompile Include="..\..\..\Source\Cpp\WfCpp_WriteStruct.cpp">
      <Filter>Workflow\Cpp</Filter>
    </ClCompile>
    <ClCompile Include="..\..\..\Source\Cpp\WfCpp_WriteGlobal.cpp">
      <Filter>Workflow\Cpp</Filter>
    </ClCompile>
    <ClCompile Include="..\..\..\Source\Cpp\WfCpp_Class.cpp">
      <Filter>Workflow\Cpp</Filter>
    </ClCompile>
    <ClCompile Include="..\..\..\Source\Cpp\WfCpp_WriteClass.cpp">
      <Filter>Workflow\Cpp</Filter>
    </ClCompile>
    <ClCompile Include="..\..\..\Source\Cpp\WfCpp_WriteLambda.cpp">
      <Filter>Workflow\Cpp</Filter>
    </ClCompile>
    <ClCompile Include="..\..\..\Source\Cpp\WfCpp_WriteFunctionHeader.cpp">
      <Filter>Workflow\Cpp</Filter>
    </ClCompile>
    <ClCompile Include="..\..\..\Source\Cpp\WfCpp_WriteReflection.cpp">
      <Filter>Workflow\Cpp</Filter>
    </ClCompile>
    <ClCompile Include="..\..\..\Source\Cpp\WfCpp_File.cpp">
      <Filter>Workflow\Cpp</Filter>
    </ClCompile>
    <ClCompile Include="..\..\..\Source\Cpp\WfCpp_GenerateCppFiles.cpp">
      <Filter>Workflow\Cpp</Filter>
    </ClCompile>
    <ClCompile Include="..\..\..\Source\Expression\WfExpression_Ast.cpp">
      <Filter>Workflow\Expression</Filter>
    </ClCompile>
    <ClCompile Include="..\..\..\Source\Expression\WfExpression_Parser.cpp">
      <Filter>Workflow\Expression</Filter>
    </ClCompile>
    <ClCompile Include="..\..\..\Source\Expression\WfExpression_Copy.cpp">
      <Filter>Workflow\Expression</Filter>
    </ClCompile>
    <ClCompile Include="..\..\..\Source\Expression\WfExpression_Empty.cpp">
      <Filter>Workflow\Expression</Filter>
    </ClCompile>
    <ClCompile Include="..\..\..\Source\Expression\WfExpression_Traverse.cpp">
      <Filter>Workflow\Expression</Filter>
    </ClCompile>
    <ClCompile Include="..\..\..\Source\Emitter\WfEmitter_Expression.cpp">
      <Filter>Workflow\Emitter</Filter>
    </ClCompile>
    <ClCompile Include="..\..\..\Source\Emitter\WfEmitter_Metadata.cpp">
      <Filter>Workflow\Emitter</Filter>
    </ClCompile>
    <ClCompile Include="..\..\..\Source\Emitter\WfEmitter_Statement.cpp">
      <Filter>Workflow\Emitter</Filter>
    </ClCompile>
    <ClCompile Include="..\..\..\Source\Emitter\WfEmitter.cpp">
      <Filter>Workflow\Emitter</Filter>
    </ClCompile>
    <ClCompile Include="..\..\..\Source\Emitter\WfEmitter_Assembly.cpp">
      <Filter>Workflow\Emitter</Filter>
    </ClCompile>
    <ClCompile Include="..\..\..\Source\Emitter\WfEmitter_Declaration.cpp">
      <Filter>Workflow\Emitter</Filter>
    </ClCompile>
    <ClCompile Include="..\..\..\Source\Analyzer\WfAnalyzer_ExpandNewCoroutineExpression.cpp">
      <Filter>Workflow\Analyzer\Pass 05\Expanding</Filter>
    </ClCompile>
    <ClCompile Include="..\..\..\Source\Analyzer\WfAnalyzer_ExpandBindExpression.cpp">
      <Filter>Workflow\Analyzer\Pass 05\Expanding</Filter>
    </ClCompile>
    <ClCompile Include="..\..\..\Source\Analyzer\WfAnalyzer_ExpandStatement.cpp">
      <Filter>Workflow\Analyzer\Pass 05\Expanding</Filter>
    </ClCompile>
    <ClCompile Include="..\..\..\Source\Analyzer\WfAnalyzer_ExpandMixinCastExpression.cpp">
      <Filter>Workflow\Analyzer\Pass 05\Expanding</Filter>
    </ClCompile>
    <ClCompile Include="..\..\..\Import\Vlpp.cpp">
      <Filter>Import</Filter>
    </ClCompile>
    <ClCompile Include="..\..\..\Source\Library\WfLibraryPredefined.cpp">
      <Filter>Workflow\Library</Filter>
    </ClCompile>
    <ClCompile Include="..\..\..\Source\Library\WfLibraryReflection.cpp">
      <Filter>Workflow\Library</Filter>
    </ClCompile>
    <ClCompile Include="..\..\..\Source\Library\WfLibraryCppHelper.cpp">
      <Filter>Workflow\Library</Filter>
    </ClCompile>
    <ClCompile Include="..\..\..\Source\Analyzer\WfAnalyzer_ExpandStateMachine.cpp">
      <Filter>Workflow\Analyzer\Pass 05\Expanding</Filter>
    </ClCompile>
    <ClCompile Include="..\..\..\Source\Analyzer\WfAnalyzer_BuildGlobalNameFromTypeDescriptors.cpp">
      <Filter>Workflow\Analyzer\Pass 01</Filter>
    </ClCompile>
    <ClCompile Include="..\..\..\Source\Analyzer\WfAnalyzer_ContextFreeDesugar.cpp">
      <Filter>Workflow\Analyzer\Pass 02</Filter>
    </ClCompile>
    <ClCompile Include="..\..\..\Source\Analyzer\WfAnalyzer_ValidateStructure.cpp">
      <Filter>Workflow\Analyzer\Pass 02</Filter>
    </ClCompile>
    <ClCompile Include="..\..\..\Source\Analyzer\WfAnalyzer_ValidateStructure_Declaration.cpp">
      <Filter>Workflow\Analyzer\Pass 02</Filter>
    </ClCompile>
    <ClCompile Include="..\..\..\Source\Analyzer\WfAnalyzer_ValidateStructure_Expression.cpp">
      <Filter>Workflow\Analyzer\Pass 02</Filter>
    </ClCompile>
    <ClCompile Include="..\..\..\Source\Analyzer\WfAnalyzer_ValidateStructure_Statement.cpp">
      <Filter>Workflow\Analyzer\Pass 02</Filter>
    </ClCompile>
    <ClCompile Include="..\..\..\Source\Analyzer\WfAnalyzer_ValidateStructure_Type.cpp">
      <Filter>Workflow\Analyzer\Pass 02</Filter>
    </ClCompile>
    <ClCompile Include="..\..\..\Source\Analyzer\WfAnalyzer_BuildGlobalNameFromModules.cpp">
      <Filter>Workflow\Analyzer\Pass 03-1</Filter>
    </ClCompile>
    <ClCompile Include="..\..\..\Source\Analyzer\WfAnalyzer_BuildScope.cpp">
      <Filter>Workflow\Analyzer\Pass 03-2</Filter>
    </ClCompile>
    <ClCompile Include="..\..\..\Source\Analyzer\WfAnalyzer_ValidateScopeName.cpp">
      <Filter>Workflow\Analyzer\Pass 03-3</Filter>
    </ClCompile>
    <ClCompile Include="..\..\..\Source\Analyzer\WfAnalyzer_CompleteScope.cpp">
      <Filter>Workflow\Analyzer\Pass 04-1</Filter>
    </ClCompile>
    <ClCompile Include="..\..\..\Source\Analyzer\WfAnalyzer_CheckScope_BaseType.cpp">
      <Filter>Workflow\Analyzer\Pass 04-2</Filter>
    </ClCompile>
    <ClCompile Include="..\..\..\Source\Analyzer\WfAnalyzer_CheckScope_SymbolType.cpp">
      <Filter>Workflow\Analyzer\Pass 04-3</Filter>
    </ClCompile>
    <ClCompile Include="..\..\..\Source\Analyzer\WfAnalyzer_ValidateSemantic.cpp">
      <Filter>Workflow\Analyzer\Pass 05</Filter>
    </ClCompile>
    <ClCompile Include="..\..\..\Source\Analyzer\WfAnalyzer_ValidateSemantic_Declaration.cpp">
      <Filter>Workflow\Analyzer\Pass 05</Filter>
    </ClCompile>
    <ClCompile Include="..\..\..\Source\Analyzer\WfAnalyzer_ValidateSemantic_Expression.cpp">
      <Filter>Workflow\Analyzer\Pass 05</Filter>
    </ClCompile>
    <ClCompile Include="..\..\..\Source\Analyzer\WfAnalyzer_ValidateSemantic_Statement.cpp">
      <Filter>Workflow\Analyzer\Pass 05</Filter>
    </ClCompile>
    <ClCompile Include="..\..\..\Source\Analyzer\WfAnalyzer_SearchOrderedName.cpp">
      <Filter>Workflow\Analyzer\Pass 03-2</Filter>
    </ClCompile>
    <ClCompile Include="..\..\..\Source\Analyzer\WfAnalyzer_Misc.cpp">
      <Filter>Workflow\Analyzer\Pass 05</Filter>
    </ClCompile>
    <ClCompile Include="..\..\..\Source\Analyzer\WfAnalyzer_TypeInfo.cpp">
      <Filter>Workflow\Analyzer</Filter>
    </ClCompile>
    <ClCompile Include="..\..\..\Source\Analyzer\WfAnalyzer_CheckScope_DuplicatedSymbol.cpp">
      <Filter>Workflow\Analyzer\Pass 03-4</Filter>
    </ClCompile>
  </ItemGroup>
  <ItemGroup>
    <Text Include="..\..\..\Source\Expression\WfExpression.parser.txt">
      <Filter>Workflow\Expression</Filter>
    </Text>
  </ItemGroup>
  <ItemGroup>
    <ClInclude Include="..\..\..\Import\Vlpp.h">
      <Filter>Import</Filter>
    </ClInclude>
    <ClInclude Include="..\..\..\Source\Analyzer\WfAnalyzer.h">
      <Filter>Workflow\Analyzer</Filter>
    </ClInclude>
    <ClInclude Include="..\..\..\Source\Expression\WfExpression.h">
      <Filter>Workflow\Expression</Filter>
    </ClInclude>
    <ClInclude Include="..\..\..\Source\Runtime\WfRuntimeInstruction.h">
      <Filter>Workflow\Runtime\Metadata</Filter>
    </ClInclude>
    <ClInclude Include="..\..\..\Source\Runtime\WfRuntimeAssembly.h">
      <Filter>Workflow\Runtime\Metadata</Filter>
    </ClInclude>
    <ClInclude Include="..\..\..\Source\Runtime\WfRuntime.h">
      <Filter>Workflow\Runtime\Execution</Filter>
    </ClInclude>
    <ClInclude Include="..\..\..\Source\Runtime\WfRuntimeDebugger.h">
      <Filter>Workflow\Runtime\Execution</Filter>
    </ClInclude>
    <ClInclude Include="..\..\..\Source\Runtime\WfRuntimeTypeDescriptor.h">
      <Filter>Workflow\Runtime\Metadata</Filter>
    </ClInclude>
    <ClInclude Include="..\..\..\Source\Runtime\WfRuntimeConstructions.h">
      <Filter>Workflow\Runtime\Execution</Filter>
    </ClInclude>
    <ClInclude Include="..\..\..\Source\Cpp\WfCpp.h">
      <Filter>Workflow\Cpp</Filter>
    </ClInclude>
    <ClInclude Include="..\..\..\Source\Expression\WfExpression_Ast.h">
      <Filter>Workflow\Expression</Filter>
    </ClInclude>
    <ClInclude Include="..\..\..\Source\Expression\WfExpression_Parser.h">
      <Filter>Workflow\Expression</Filter>
    </ClInclude>
    <ClInclude Include="..\..\..\Source\Expression\WfExpression_Copy.h">
      <Filter>Workflow\Expression</Filter>
    </ClInclude>
    <ClInclude Include="..\..\..\Source\Expression\WfExpression_Empty.h">
      <Filter>Workflow\Expression</Filter>
    </ClInclude>
    <ClInclude Include="..\..\..\Source\Expression\WfExpression_Traverse.h">
      <Filter>Workflow\Expression</Filter>
    </ClInclude>
    <ClInclude Include="..\..\..\Source\Emitter\WfEmitter.h">
      <Filter>Workflow\Emitter</Filter>
    </ClInclude>
    <ClInclude Include="..\..\..\Source\Library\WfLibraryCppHelper.h">
      <Filter>Workflow\Library</Filter>
    </ClInclude>
    <ClInclude Include="..\..\..\Source\Library\WfLibraryPredefined.h">
      <Filter>Workflow\Library</Filter>
    </ClInclude>
    <ClInclude Include="..\..\..\Source\Library\WfLibraryReflection.h">
      <Filter>Workflow\Library</Filter>
    </ClInclude>
  </ItemGroup>
</Project>