<?xml version="1.0" encoding="utf-8"?>
<Project ToolsVersion="4.0" xmlns="http://schemas.microsoft.com/developer/msbuild/2003">
  <ItemGroup>
    <Filter Include="WorkflowAttributes">
      <UniqueIdentifier>{915f57be-950c-46b1-b404-3fb27e9f7d71}</UniqueIdentifier>
    </Filter>
    <Filter Include="WorkflowMultiFiles">
      <UniqueIdentifier>{553d1c6a-2834-45bf-be98-4cb525451f77}</UniqueIdentifier>
    </Filter>
  </ItemGroup>
  <ItemGroup>
    <ClCompile Include="$(MSBuildThisFileDirectory)..\..\SourceCppGen\WorkflowAttributes.cpp">
      <Filter>WorkflowAttributes</Filter>
    </ClCompile>
    <ClCompile Include="$(MSBuildThisFileDirectory)..\..\SourceCppGen\WorkflowAttributes_Expression.cpp">
      <Filter>WorkflowAttributes</Filter>
    </ClCompile>
    <ClCompile Include="$(MSBuildThisFileDirectory)..\..\SourceCppGen\WorkflowMultiFiles.cpp">
      <Filter>WorkflowMultiFiles</Filter>
    </ClCompile>
    <ClCompile Include="$(MSBuildThisFileDirectory)..\..\SourceCppGen\WorkflowMultiFiles_Animal.cpp">
      <Filter>WorkflowMultiFiles</Filter>
    </ClCompile>
    <ClCompile Include="$(MSBuildThisFileDirectory)..\..\SourceCppGen\WorkflowMultiFiles_Bird.cpp">
      <Filter>WorkflowMultiFiles</Filter>
    </ClCompile>
    <ClCompile Include="$(MSBuildThisFileDirectory)..\..\SourceCppGen\WorkflowMultiFiles_Lion.cpp">
      <Filter>WorkflowMultiFiles</Filter>
    </ClCompile>
    <ClCompile Include="$(MSBuildThisFileDirectory)..\..\SourceCppGen\AnonymousLambda.cpp" />
    <ClCompile Include="$(MSBuildThisFileDirectory)..\..\SourceCppGen\BindComplex.cpp" />
    <ClCompile Include="$(MSBuildThisFileDirectory)..\..\SourceCppGen\BindCustomInterface.cpp" />
    <ClCompile Include="$(MSBuildThisFileDirectory)..\..\SourceCppGen\BindCustomInterface2.cpp" />
    <ClCompile Include="$(MSBuildThisFileDirectory)..\..\SourceCppGen\BindFormat.cpp" />
    <ClCompile Include="$(MSBuildThisFileDirectory)..\..\SourceCppGen\BindLet.cpp" />
    <ClCompile Include="$(MSBuildThisFileDirectory)..\..\SourceCppGen\BindNull.cpp" />
    <ClCompile Include="$(MSBuildThisFileDirectory)..\..\SourceCppGen\BindSimple.cpp" />
    <ClCompile Include="$(MSBuildThisFileDirectory)..\..\SourceCppGen\BindSimple2.cpp" />
    <ClCompile Include="$(MSBuildThisFileDirectory)..\..\SourceCppGen\CallStaticMethod.cpp" />
    <ClCompile Include="$(MSBuildThisFileDirectory)..\..\SourceCppGen\ClassCtor.cpp" />
    <ClCompile Include="$(MSBuildThisFileDirectory)..\..\SourceCppGen\ClassDtor.cpp" />
    <ClCompile Include="$(MSBuildThisFileDirectory)..\..\SourceCppGen\ClassField.cpp" />
    <ClCompile Include="$(MSBuildThisFileDirectory)..\..\SourceCppGen\ClassMethod.cpp" />
    <ClCompile Include="$(MSBuildThisFileDirectory)..\..\SourceCppGen\CoAsync.cpp" />
    <ClCompile Include="$(MSBuildThisFileDirectory)..\..\SourceCppGen\CoAsync2.cpp" />
    <ClCompile Include="$(MSBuildThisFileDirectory)..\..\SourceCppGen\CoEnum.cpp" />
    <ClCompile Include="$(MSBuildThisFileDirectory)..\..\SourceCppGen\CoEnum2.cpp" />
    <ClCompile Include="$(MSBuildThisFileDirectory)..\..\SourceCppGen\ControlFlow.cpp" />
    <ClCompile Include="$(MSBuildThisFileDirectory)..\..\SourceCppGen\CoRawCoroutine.cpp" />
    <ClCompile Include="$(MSBuildThisFileDirectory)..\..\SourceCppGen\CoRawCoroutine2.cpp" />
    <ClCompile Include="$(MSBuildThisFileDirectory)..\..\SourceCppGen\CoRawCoroutine3.cpp" />
    <ClCompile Include="$(MSBuildThisFileDirectory)..\..\SourceCppGen\CoRawCoroutine4.cpp" />
    <ClCompile Include="$(MSBuildThisFileDirectory)..\..\SourceCppGen\CoRawCoroutine5.cpp" />
    <ClCompile Include="$(MSBuildThisFileDirectory)..\..\SourceCppGen\CoRawCoroutine6.cpp" />
    <ClCompile Include="$(MSBuildThisFileDirectory)..\..\SourceCppGen\CoRawCoroutine7.cpp" />
    <ClCompile Include="$(MSBuildThisFileDirectory)..\..\SourceCppGen\CoSmcCalculator.cpp" />
    <ClCompile Include="$(MSBuildThisFileDirectory)..\..\SourceCppGen\CoSmcGoto.cpp" />
    <ClCompile Include="$(MSBuildThisFileDirectory)..\..\SourceCppGen\CoSmcPush.cpp" />
    <ClCompile Include="$(MSBuildThisFileDirectory)..\..\SourceCppGen\CoSmcSwitchD1.cpp" />
    <ClCompile Include="$(MSBuildThisFileDirectory)..\..\SourceCppGen\CoSmcSwitchD2.cpp" />
    <ClCompile Include="$(MSBuildThisFileDirectory)..\..\SourceCppGen\CoSmcSwitchI1.cpp" />
    <ClCompile Include="$(MSBuildThisFileDirectory)..\..\SourceCppGen\CoSmcSwitchI2.cpp" />
    <ClCompile Include="$(MSBuildThisFileDirectory)..\..\SourceCppGen\CoSmcSwitchIR1.cpp" />
    <ClCompile Include="$(MSBuildThisFileDirectory)..\..\SourceCppGen\CoSmcSwitchIR2.cpp" />
    <ClCompile Include="$(MSBuildThisFileDirectory)..\..\SourceCppGen\CoSmcSwitchP1.cpp" />
    <ClCompile Include="$(MSBuildThisFileDirectory)..\..\SourceCppGen\CoSmcSwitchP2.cpp" />
    <ClCompile Include="$(MSBuildThisFileDirectory)..\..\SourceCppGen\CoSmcSwitchPR1.cpp" />
    <ClCompile Include="$(MSBuildThisFileDirectory)..\..\SourceCppGen\CoSmcSwitchPR2.cpp" />
    <ClCompile Include="$(MSBuildThisFileDirectory)..\..\SourceCppGen\CoSmcTryCatch1.cpp" />
    <ClCompile Include="$(MSBuildThisFileDirectory)..\..\SourceCppGen\CoSmcTryCatch2.cpp" />
    <ClCompile Include="$(MSBuildThisFileDirectory)..\..\SourceCppGen\Delete.cpp" />
    <ClCompile Include="$(MSBuildThisFileDirectory)..\..\SourceCppGen\ElementInSet.cpp" />
    <ClCompile Include="$(MSBuildThisFileDirectory)..\..\SourceCppGen\EnumCtor.cpp" />
    <ClCompile Include="$(MSBuildThisFileDirectory)..\..\SourceCppGen\EnumCtor2.cpp" />
    <ClCompile Include="$(MSBuildThisFileDirectory)..\..\SourceCppGen\Event.cpp" />
    <ClCompile Include="$(MSBuildThisFileDirectory)..\..\SourceCppGen\FailedThen.cpp" />
    <ClCompile Include="$(MSBuildThisFileDirectory)..\..\SourceCppGen\ForEach.cpp" />
    <ClCompile Include="$(MSBuildThisFileDirectory)..\..\SourceCppGen\GlobalVariable.cpp" />
    <ClCompile Include="$(MSBuildThisFileDirectory)..\..\SourceCppGen\HelloWorld.cpp" />
    <ClCompile Include="$(MSBuildThisFileDirectory)..\..\SourceCppGen\IfNotNull.cpp" />
    <ClCompile Include="$(MSBuildThisFileDirectory)..\..\SourceCppGen\LetIn.cpp" />
    <ClCompile Include="$(MSBuildThisFileDirectory)..\..\SourceCppGen\ListProcessing.cpp" />
    <ClCompile Include="$(MSBuildThisFileDirectory)..\..\SourceCppGen\MapProcessing.cpp" />
    <ClCompile Include="$(MSBuildThisFileDirectory)..\..\SourceCppGen\MethodClosure.cpp" />
    <ClCompile Include="$(MSBuildThisFileDirectory)..\..\SourceCppGen\NamedLambda.cpp" />
    <ClCompile Include="$(MSBuildThisFileDirectory)..\..\SourceCppGen\NestedLambda.cpp" />
    <ClCompile Include="$(MSBuildThisFileDirectory)..\..\SourceCppGen\NewCustomInterface.cpp" />
    <ClCompile Include="$(MSBuildThisFileDirectory)..\..\SourceCppGen\NewCustomInterface2.cpp" />
    <ClCompile Include="$(MSBuildThisFileDirectory)..\..\SourceCppGen\NewCustomInterface3.cpp" />
    <ClCompile Include="$(MSBuildThisFileDirectory)..\..\SourceCppGen\NewEmptyInterface.cpp" />
    <ClCompile Include="$(MSBuildThisFileDirectory)..\..\SourceCppGen\NewInterface.cpp" />
    <ClCompile Include="$(MSBuildThisFileDirectory)..\..\SourceCppGen\NullableCast.cpp" />
    <ClCompile Include="$(MSBuildThisFileDirectory)..\..\SourceCppGen\ObservableList.cpp" />
    <ClCompile Include="$(MSBuildThisFileDirectory)..\..\SourceCppGen\OpAdd.cpp" />
    <ClCompile Include="$(MSBuildThisFileDirectory)..\..\SourceCppGen\OpAnd.cpp" />
    <ClCompile Include="$(MSBuildThisFileDirectory)..\..\SourceCppGen\OpCompare.cpp" />
    <ClCompile Include="$(MSBuildThisFileDirectory)..\..\SourceCppGen\OpCompareReference.cpp" />
    <ClCompile Include="$(MSBuildThisFileDirectory)..\..\SourceCppGen\OpDiv.cpp" />
    <ClCompile Include="$(MSBuildThisFileDirectory)..\..\SourceCppGen\OpMod.cpp" />
    <ClCompile Include="$(MSBuildThisFileDirectory)..\..\SourceCppGen\OpMul.cpp" />
    <ClCompile Include="$(MSBuildThisFileDirectory)..\..\SourceCppGen\OpNegative.cpp" />
    <ClCompile Include="$(MSBuildThisFileDirectory)..\..\SourceCppGen\OpNot.cpp" />
    <ClCompile Include="$(MSBuildThisFileDirectory)..\..\SourceCppGen\OpOr.cpp" />
    <ClCompile Include="$(MSBuildThisFileDirectory)..\..\SourceCppGen\OpPositive.cpp" />
    <ClCompile Include="$(MSBuildThisFileDirectory)..\..\SourceCppGen\OpShl.cpp" />
    <ClCompile Include="$(MSBuildThisFileDirectory)..\..\SourceCppGen\OpShr.cpp" />
    <ClCompile Include="$(MSBuildThisFileDirectory)..\..\SourceCppGen\OpSub.cpp" />
    <ClCompile Include="$(MSBuildThisFileDirectory)..\..\SourceCppGen\OpXor.cpp" />
    <ClCompile Include="$(MSBuildThisFileDirectory)..\..\SourceCppGen\OrderedLambda.cpp" />
    <ClCompile Include="$(MSBuildThisFileDirectory)..\..\SourceCppGen\Overloading.cpp" />
    <ClCompile Include="$(MSBuildThisFileDirectory)..\..\SourceCppGen\Property.cpp" />
    <ClCompile Include="$(MSBuildThisFileDirectory)..\..\SourceCppGen\RecursiveFunction.cpp" />
    <ClCompile Include="$(MSBuildThisFileDirectory)..\..\SourceCppGen\StaticMethod.cpp" />
    <ClCompile Include="$(MSBuildThisFileDirectory)..\..\SourceCppGen\StructCtor.cpp" />
    <ClCompile Include="$(MSBuildThisFileDirectory)..\..\SourceCppGen\StructCtor2.cpp" />
    <ClCompile Include="$(MSBuildThisFileDirectory)..\..\SourceCppGen\TryCatch.cpp" />
    <ClCompile Include="$(MSBuildThisFileDirectory)..\..\SourceCppGen\TryFinally.cpp" />
    <ClCompile Include="$(MSBuildThisFileDirectory)..\..\SourceCppGen\TryFinally2.cpp" />
    <ClCompile Include="$(MSBuildThisFileDirectory)..\..\SourceCppGen\WorkflowHints.cpp" />
    <ClCompile Include="$(MSBuildThisFileDirectory)..\..\SourceCppGen\Event2.cpp" />
    <ClCompile Include="$(MSBuildThisFileDirectory)..\..\SourceCppGen\StaticInit.cpp" />
    <ClCompile Include="$(MSBuildThisFileDirectory)..\..\SourceCppGen\OpCompareStruct1.cpp" />
    <ClCompile Include="$(MSBuildThisFileDirectory)..\..\SourceCppGen\OpCompareStruct2.cpp" />
    <ClCompile Include="$(MSBuildThisFileDirectory)..\..\SourceCppGen\OpCompareIndexOf.cpp" />
    <ClCompile Include="$(MSBuildThisFileDirectory)..\..\SourceCppGen\OpCompareWithString.cpp" />
  </ItemGroup>
  <ItemGroup>
    <ClInclude Include="$(MSBuildThisFileDirectory)..\..\SourceCppGen\WorkflowAttributes.h">
      <Filter>WorkflowAttributes</Filter>
    </ClInclude>
    <ClInclude Include="$(MSBuildThisFileDirectory)..\..\SourceCppGen\WorkflowAttributes1.h">
      <Filter>WorkflowAttributes</Filter>
    </ClInclude>
    <ClInclude Include="$(MSBuildThisFileDirectory)..\..\SourceCppGen\WorkflowAttributesIncludes.h">
      <Filter>WorkflowAttributes</Filter>
    </ClInclude>
    <ClInclude Include="$(MSBuildThisFileDirectory)..\..\SourceCppGen\WorkflowAttributes_Expression.h">
      <Filter>WorkflowAttributes</Filter>
    </ClInclude>
    <ClInclude Include="$(MSBuildThisFileDirectory)..\..\SourceCppGen\WorkflowMultiFiles.h">
      <Filter>WorkflowMultiFiles</Filter>
    </ClInclude>
    <ClInclude Include="$(MSBuildThisFileDirectory)..\..\SourceCppGen\WorkflowMultiFiles1.h">
      <Filter>WorkflowMultiFiles</Filter>
    </ClInclude>
    <ClInclude Include="$(MSBuildThisFileDirectory)..\..\SourceCppGen\WorkflowMultiFiles2.h">
      <Filter>WorkflowMultiFiles</Filter>
    </ClInclude>
    <ClInclude Include="$(MSBuildThisFileDirectory)..\..\SourceCppGen\WorkflowMultiFilesIncludes.h">
      <Filter>WorkflowMultiFiles</Filter>
    </ClInclude>
    <ClInclude Include="$(MSBuildThisFileDirectory)..\..\SourceCppGen\WorkflowMultiFiles_Animal.h">
      <Filter>WorkflowMultiFiles</Filter>
    </ClInclude>
    <ClInclude Include="$(MSBuildThisFileDirectory)..\..\SourceCppGen\WorkflowMultiFiles_Bird.h">
      <Filter>WorkflowMultiFiles</Filter>
    </ClInclude>
    <ClInclude Include="$(MSBuildThisFileDirectory)..\..\SourceCppGen\WorkflowMultiFiles_Lion.h">
      <Filter>WorkflowMultiFiles</Filter>
    </ClInclude>
    <ClInclude Include="$(MSBuildThisFileDirectory)..\..\SourceCppGen\AnonymousLambda.h" />
    <ClInclude Include="$(MSBuildThisFileDirectory)..\..\SourceCppGen\BindComplex.h" />
    <ClInclude Include="$(MSBuildThisFileDirectory)..\..\SourceCppGen\BindCustomInterface.h" />
    <ClInclude Include="$(MSBuildThisFileDirectory)..\..\SourceCppGen\BindCustomInterface2.h" />
    <ClInclude Include="$(MSBuildThisFileDirectory)..\..\SourceCppGen\BindFormat.h" />
    <ClInclude Include="$(MSBuildThisFileDirectory)..\..\SourceCppGen\BindLet.h" />
    <ClInclude Include="$(MSBuildThisFileDirectory)..\..\SourceCppGen\BindNull.h" />
    <ClInclude Include="$(MSBuildThisFileDirectory)..\..\SourceCppGen\BindSimple.h" />
    <ClInclude Include="$(MSBuildThisFileDirectory)..\..\SourceCppGen\BindSimple2.h" />
    <ClInclude Include="$(MSBuildThisFileDirectory)..\..\SourceCppGen\CallStaticMethod.h" />
    <ClInclude Include="$(MSBuildThisFileDirectory)..\..\SourceCppGen\ClassCtor.h" />
    <ClInclude Include="$(MSBuildThisFileDirectory)..\..\SourceCppGen\ClassDtor.h" />
    <ClInclude Include="$(MSBuildThisFileDirectory)..\..\SourceCppGen\ClassField.h" />
    <ClInclude Include="$(MSBuildThisFileDirectory)..\..\SourceCppGen\ClassMethod.h" />
    <ClInclude Include="$(MSBuildThisFileDirectory)..\..\SourceCppGen\CoAsync.h" />
    <ClInclude Include="$(MSBuildThisFileDirectory)..\..\SourceCppGen\CoAsync2.h" />
    <ClInclude Include="$(MSBuildThisFileDirectory)..\..\SourceCppGen\CoEnum.h" />
    <ClInclude Include="$(MSBuildThisFileDirectory)..\..\SourceCppGen\CoEnum2.h" />
    <ClInclude Include="$(MSBuildThisFileDirectory)..\..\SourceCppGen\ControlFlow.h" />
    <ClInclude Include="$(MSBuildThisFileDirectory)..\..\SourceCppGen\CoRawCoroutine.h" />
    <ClInclude Include="$(MSBuildThisFileDirectory)..\..\SourceCppGen\CoRawCoroutine2.h" />
    <ClInclude Include="$(MSBuildThisFileDirectory)..\..\SourceCppGen\CoRawCoroutine3.h" />
    <ClInclude Include="$(MSBuildThisFileDirectory)..\..\SourceCppGen\CoRawCoroutine4.h" />
    <ClInclude Include="$(MSBuildThisFileDirectory)..\..\SourceCppGen\CoRawCoroutine5.h" />
    <ClInclude Include="$(MSBuildThisFileDirectory)..\..\SourceCppGen\CoRawCoroutine6.h" />
    <ClInclude Include="$(MSBuildThisFileDirectory)..\..\SourceCppGen\CoRawCoroutine7.h" />
    <ClInclude Include="$(MSBuildThisFileDirectory)..\..\SourceCppGen\CoSmcCalculator.h" />
    <ClInclude Include="$(MSBuildThisFileDirectory)..\..\SourceCppGen\CoSmcGoto.h" />
    <ClInclude Include="$(MSBuildThisFileDirectory)..\..\SourceCppGen\CoSmcPush.h" />
    <ClInclude Include="$(MSBuildThisFileDirectory)..\..\SourceCppGen\CoSmcSwitchD1.h" />
    <ClInclude Include="$(MSBuildThisFileDirectory)..\..\SourceCppGen\CoSmcSwitchD2.h" />
    <ClInclude Include="$(MSBuildThisFileDirectory)..\..\SourceCppGen\CoSmcSwitchI1.h" />
    <ClInclude Include="$(MSBuildThisFileDirectory)..\..\SourceCppGen\CoSmcSwitchI2.h" />
    <ClInclude Include="$(MSBuildThisFileDirectory)..\..\SourceCppGen\CoSmcSwitchIR1.h" />
    <ClInclude Include="$(MSBuildThisFileDirectory)..\..\SourceCppGen\CoSmcSwitchIR2.h" />
    <ClInclude Include="$(MSBuildThisFileDirectory)..\..\SourceCppGen\CoSmcSwitchP1.h" />
    <ClInclude Include="$(MSBuildThisFileDirectory)..\..\SourceCppGen\CoSmcSwitchP2.h" />
    <ClInclude Include="$(MSBuildThisFileDirectory)..\..\SourceCppGen\CoSmcSwitchPR1.h" />
    <ClInclude Include="$(MSBuildThisFileDirectory)..\..\SourceCppGen\CoSmcSwitchPR2.h" />
    <ClInclude Include="$(MSBuildThisFileDirectory)..\..\SourceCppGen\CoSmcTryCatch1.h" />
    <ClInclude Include="$(MSBuildThisFileDirectory)..\..\SourceCppGen\CoSmcTryCatch2.h" />
    <ClInclude Include="$(MSBuildThisFileDirectory)..\..\SourceCppGen\Delete.h" />
    <ClInclude Include="$(MSBuildThisFileDirectory)..\..\SourceCppGen\ElementInSet.h" />
    <ClInclude Include="$(MSBuildThisFileDirectory)..\..\SourceCppGen\EnumCtor.h" />
    <ClInclude Include="$(MSBuildThisFileDirectory)..\..\SourceCppGen\EnumCtor2.h" />
    <ClInclude Include="$(MSBuildThisFileDirectory)..\..\SourceCppGen\Event.h" />
    <ClInclude Include="$(MSBuildThisFileDirectory)..\..\SourceCppGen\FailedThen.h" />
    <ClInclude Include="$(MSBuildThisFileDirectory)..\..\SourceCppGen\ForEach.h" />
    <ClInclude Include="$(MSBuildThisFileDirectory)..\..\SourceCppGen\GlobalVariable.h" />
    <ClInclude Include="$(MSBuildThisFileDirectory)..\..\SourceCppGen\HelloWorld.h" />
    <ClInclude Include="$(MSBuildThisFileDirectory)..\..\SourceCppGen\IfNotNull.h" />
    <ClInclude Include="$(MSBuildThisFileDirectory)..\..\SourceCppGen\LetIn.h" />
    <ClInclude Include="$(MSBuildThisFileDirectory)..\..\SourceCppGen\ListProcessing.h" />
    <ClInclude Include="$(MSBuildThisFileDirectory)..\..\SourceCppGen\MapProcessing.h" />
    <ClInclude Include="$(MSBuildThisFileDirectory)..\..\SourceCppGen\MethodClosure.h" />
    <ClInclude Include="$(MSBuildThisFileDirectory)..\..\SourceCppGen\NamedLambda.h" />
    <ClInclude Include="$(MSBuildThisFileDirectory)..\..\SourceCppGen\NestedLambda.h" />
    <ClInclude Include="$(MSBuildThisFileDirectory)..\..\SourceCppGen\NewCustomInterface.h" />
    <ClInclude Include="$(MSBuildThisFileDirectory)..\..\SourceCppGen\NewCustomInterface2.h" />
    <ClInclude Include="$(MSBuildThisFileDirectory)..\..\SourceCppGen\NewCustomInterface3.h" />
    <ClInclude Include="$(MSBuildThisFileDirectory)..\..\SourceCppGen\NewEmptyInterface.h" />
    <ClInclude Include="$(MSBuildThisFileDirectory)..\..\SourceCppGen\NewInterface.h" />
    <ClInclude Include="$(MSBuildThisFileDirectory)..\..\SourceCppGen\NullableCast.h" />
    <ClInclude Include="$(MSBuildThisFileDirectory)..\..\SourceCppGen\ObservableList.h" />
    <ClInclude Include="$(MSBuildThisFileDirectory)..\..\SourceCppGen\OpAdd.h" />
    <ClInclude Include="$(MSBuildThisFileDirectory)..\..\SourceCppGen\OpAnd.h" />
    <ClInclude Include="$(MSBuildThisFileDirectory)..\..\SourceCppGen\OpCompare.h" />
    <ClInclude Include="$(MSBuildThisFileDirectory)..\..\SourceCppGen\OpCompareReference.h" />
    <ClInclude Include="$(MSBuildThisFileDirectory)..\..\SourceCppGen\OpDiv.h" />
    <ClInclude Include="$(MSBuildThisFileDirectory)..\..\SourceCppGen\OpMod.h" />
    <ClInclude Include="$(MSBuildThisFileDirectory)..\..\SourceCppGen\OpMul.h" />
    <ClInclude Include="$(MSBuildThisFileDirectory)..\..\SourceCppGen\OpNegative.h" />
    <ClInclude Include="$(MSBuildThisFileDirectory)..\..\SourceCppGen\OpNot.h" />
    <ClInclude Include="$(MSBuildThisFileDirectory)..\..\SourceCppGen\OpOr.h" />
    <ClInclude Include="$(MSBuildThisFileDirectory)..\..\SourceCppGen\OpPositive.h" />
    <ClInclude Include="$(MSBuildThisFileDirectory)..\..\SourceCppGen\OpShl.h" />
    <ClInclude Include="$(MSBuildThisFileDirectory)..\..\SourceCppGen\OpShr.h" />
    <ClInclude Include="$(MSBuildThisFileDirectory)..\..\SourceCppGen\OpSub.h" />
    <ClInclude Include="$(MSBuildThisFileDirectory)..\..\SourceCppGen\OpXor.h" />
    <ClInclude Include="$(MSBuildThisFileDirectory)..\..\SourceCppGen\OrderedLambda.h" />
    <ClInclude Include="$(MSBuildThisFileDirectory)..\..\SourceCppGen\Overloading.h" />
    <ClInclude Include="$(MSBuildThisFileDirectory)..\..\SourceCppGen\Property.h" />
    <ClInclude Include="$(MSBuildThisFileDirectory)..\..\SourceCppGen\RecursiveFunction.h" />
    <ClInclude Include="$(MSBuildThisFileDirectory)..\..\SourceCppGen\StaticMethod.h" />
    <ClInclude Include="$(MSBuildThisFileDirectory)..\..\SourceCppGen\StructCtor.h" />
    <ClInclude Include="$(MSBuildThisFileDirectory)..\..\SourceCppGen\StructCtor2.h" />
    <ClInclude Include="$(MSBuildThisFileDirectory)..\..\SourceCppGen\TryCatch.h" />
    <ClInclude Include="$(MSBuildThisFileDirectory)..\..\SourceCppGen\TryFinally.h" />
    <ClInclude Include="$(MSBuildThisFileDirectory)..\..\SourceCppGen\TryFinally2.h" />
    <ClInclude Include="$(MSBuildThisFileDirectory)..\..\SourceCppGen\WorkflowHints.h" />
    <ClInclude Include="$(MSBuildThisFileDirectory)..\..\SourceCppGen\Event2.h" />
    <ClInclude Include="$(MSBuildThisFileDirectory)..\..\SourceCppGen\StaticInit.h" />
    <ClInclude Include="$(MSBuildThisFileDirectory)..\..\SourceCppGen\OpCompareStruct1.h" />
    <ClInclude Include="$(MSBuildThisFileDirectory)..\..\SourceCppGen\OpCompareStruct2.h" />
    <ClInclude Include="$(MSBuildThisFileDirectory)..\..\SourceCppGen\OpCompareIndexOf.h" />
    <ClInclude Include="$(MSBuildThisFileDirectory)..\..\SourceCppGen\OpCompareWithString.h" />
  </ItemGroup>
</Project>