<?xml version="1.0" encoding="utf-8"?>
<Project ToolsVersion="4.0" xmlns="http://schemas.microsoft.com/developer/msbuild/2003">
  <ItemGroup>
    <Filter Include="Source Files">
      <UniqueIdentifier>{4FC737F1-C7A5-4376-A066-2A32D752A2FF}</UniqueIdentifier>
      <Extensions>cpp;c;cc;cxx;def;odl;idl;hpj;bat;asm;asmx</Extensions>
    </Filter>
    <Filter Include="Header Files">
      <UniqueIdentifier>{93995380-89BD-4b04-88EB-625FBE52EBFB}</UniqueIdentifier>
      <Extensions>h;hh;hpp;hxx;hm;inl;inc;xsd</Extensions>
    </Filter>
    <Filter Include="Resource Files">
      <UniqueIdentifier>{67DA6AB6-F800-4c08-8B7A-83BB121AAD01}</UniqueIdentifier>
      <Extensions>rc;ico;cur;bmp;dlg;rc2;rct;bin;rgs;gif;jpg;jpeg;jpe;resx;tiff;tif;png;wav;mfcribbon-ms</Extensions>
    </Filter>
    <Filter Include="Import">
      <UniqueIdentifier>{9cc3c36b-aa85-4926-a17d-30464847e486}</UniqueIdentifier>
    </Filter>
  </ItemGroup>
  <ItemGroup>
    <ClCompile Include="Main.cpp">
      <Filter>Source Files</Filter>
    </ClCompile>
    <ClCompile Include="..\..\SourceCppGen\BindSimple.cpp">
      <Filter>Resource Files</Filter>
    </ClCompile>
    <ClCompile Include="..\..\SourceCppGen\CallStaticMethod.cpp">
      <Filter>Resource Files</Filter>
    </ClCompile>
    <ClCompile Include="..\..\SourceCppGen\ClassCtor.cpp">
      <Filter>Resource Files</Filter>
    </ClCompile>
    <ClCompile Include="..\..\SourceCppGen\ClassDtor.cpp">
      <Filter>Resource Files</Filter>
    </ClCompile>
    <ClCompile Include="..\..\SourceCppGen\ClassField.cpp">
      <Filter>Resource Files</Filter>
    </ClCompile>
    <ClCompile Include="..\..\SourceCppGen\ClassMethod.cpp">
      <Filter>Resource Files</Filter>
    </ClCompile>
    <ClCompile Include="..\..\SourceCppGen\ControlFlow.cpp">
      <Filter>Resource Files</Filter>
    </ClCompile>
    <ClCompile Include="..\..\SourceCppGen\Delete.cpp">
      <Filter>Resource Files</Filter>
    </ClCompile>
    <ClCompile Include="..\..\SourceCppGen\ElementInSet.cpp">
      <Filter>Resource Files</Filter>
    </ClCompile>
    <ClCompile Include="..\..\SourceCppGen\EnumCtor.cpp">
      <Filter>Resource Files</Filter>
    </ClCompile>
    <ClCompile Include="..\..\SourceCppGen\EnumCtor2.cpp">
      <Filter>Resource Files</Filter>
    </ClCompile>
    <ClCompile Include="..\..\SourceCppGen\Event.cpp">
      <Filter>Resource Files</Filter>
    </ClCompile>
    <ClCompile Include="..\..\SourceCppGen\FailedThen.cpp">
      <Filter>Resource Files</Filter>
    </ClCompile>
    <ClCompile Include="..\..\SourceCppGen\ForEach.cpp">
      <Filter>Resource Files</Filter>
    </ClCompile>
    <ClCompile Include="..\..\SourceCppGen\GlobalVariable.cpp">
      <Filter>Resource Files</Filter>
    </ClCompile>
    <ClCompile Include="..\..\SourceCppGen\HelloWorld.cpp">
      <Filter>Resource Files</Filter>
    </ClCompile>
    <ClCompile Include="..\..\SourceCppGen\IfNotNull.cpp">
      <Filter>Resource Files</Filter>
    </ClCompile>
    <ClCompile Include="..\..\SourceCppGen\LetIn.cpp">
      <Filter>Resource Files</Filter>
    </ClCompile>
    <ClCompile Include="..\..\SourceCppGen\ListProcessing.cpp">
      <Filter>Resource Files</Filter>
    </ClCompile>
    <ClCompile Include="..\..\SourceCppGen\MapProcessing.cpp">
      <Filter>Resource Files</Filter>
    </ClCompile>
    <ClCompile Include="..\..\SourceCppGen\MethodClosure.cpp">
      <Filter>Resource Files</Filter>
    </ClCompile>
    <ClCompile Include="..\..\SourceCppGen\NamedLambda.cpp">
      <Filter>Resource Files</Filter>
    </ClCompile>
    <ClCompile Include="..\..\SourceCppGen\NestedLambda.cpp">
      <Filter>Resource Files</Filter>
    </ClCompile>
    <ClCompile Include="..\..\SourceCppGen\NewCustomInterface.cpp">
      <Filter>Resource Files</Filter>
    </ClCompile>
    <ClCompile Include="..\..\SourceCppGen\NewCustomInterface2.cpp">
      <Filter>Resource Files</Filter>
    </ClCompile>
    <ClCompile Include="..\..\SourceCppGen\NewCustomInterface3.cpp">
      <Filter>Resource Files</Filter>
    </ClCompile>
    <ClCompile Include="..\..\SourceCppGen\NewInterface.cpp">
      <Filter>Resource Files</Filter>
    </ClCompile>
    <ClCompile Include="..\..\SourceCppGen\OpAdd.cpp">
      <Filter>Resource Files</Filter>
    </ClCompile>
    <ClCompile Include="..\..\SourceCppGen\OpAnd.cpp">
      <Filter>Resource Files</Filter>
    </ClCompile>
    <ClCompile Include="..\..\SourceCppGen\OpCompare.cpp">
      <Filter>Resource Files</Filter>
    </ClCompile>
    <ClCompile Include="..\..\SourceCppGen\OpCompareReference.cpp">
      <Filter>Resource Files</Filter>
    </ClCompile>
    <ClCompile Include="..\..\SourceCppGen\OpDiv.cpp">
      <Filter>Resource Files</Filter>
    </ClCompile>
    <ClCompile Include="..\..\SourceCppGen\OpMod.cpp">
      <Filter>Resource Files</Filter>
    </ClCompile>
    <ClCompile Include="..\..\SourceCppGen\OpMul.cpp">
      <Filter>Resource Files</Filter>
    </ClCompile>
    <ClCompile Include="..\..\SourceCppGen\OpNegative.cpp">
      <Filter>Resource Files</Filter>
    </ClCompile>
    <ClCompile Include="..\..\SourceCppGen\OpNot.cpp">
      <Filter>Resource Files</Filter>
    </ClCompile>
    <ClCompile Include="..\..\SourceCppGen\OpOr.cpp">
      <Filter>Resource Files</Filter>
    </ClCompile>
    <ClCompile Include="..\..\SourceCppGen\OpPositive.cpp">
      <Filter>Resource Files</Filter>
    </ClCompile>
    <ClCompile Include="..\..\SourceCppGen\OpShl.cpp">
      <Filter>Resource Files</Filter>
    </ClCompile>
    <ClCompile Include="..\..\SourceCppGen\OpShr.cpp">
      <Filter>Resource Files</Filter>
    </ClCompile>
    <ClCompile Include="..\..\SourceCppGen\OpSub.cpp">
      <Filter>Resource Files</Filter>
    </ClCompile>
    <ClCompile Include="..\..\SourceCppGen\OpXor.cpp">
      <Filter>Resource Files</Filter>
    </ClCompile>
    <ClCompile Include="..\..\SourceCppGen\OrderedLambda.cpp">
      <Filter>Resource Files</Filter>
    </ClCompile>
    <ClCompile Include="..\..\SourceCppGen\Property.cpp">
      <Filter>Resource Files</Filter>
    </ClCompile>
    <ClCompile Include="..\..\SourceCppGen\RecursiveFunction.cpp">
      <Filter>Resource Files</Filter>
    </ClCompile>
    <ClCompile Include="..\..\SourceCppGen\StaticMethod.cpp">
      <Filter>Resource Files</Filter>
    </ClCompile>
    <ClCompile Include="..\..\SourceCppGen\StructCtor.cpp">
      <Filter>Resource Files</Filter>
    </ClCompile>
    <ClCompile Include="..\..\SourceCppGen\StructCtor2.cpp">
      <Filter>Resource Files</Filter>
    </ClCompile>
    <ClCompile Include="..\..\SourceCppGen\TryCatch.cpp">
      <Filter>Resource Files</Filter>
    </ClCompile>
    <ClCompile Include="..\..\SourceCppGen\TryFinally.cpp">
      <Filter>Resource Files</Filter>
    </ClCompile>
    <ClCompile Include="..\..\SourceCppGen\AnonymousLambda.cpp">
      <Filter>Resource Files</Filter>
    </ClCompile>
    <ClCompile Include="..\..\SourceCppGen\BindComplex.cpp">
      <Filter>Resource Files</Filter>
    </ClCompile>
    <ClCompile Include="..\..\SourceCppGen\BindCustomInterface.cpp">
      <Filter>Resource Files</Filter>
    </ClCompile>
    <ClCompile Include="..\..\SourceCppGen\BindFormat.cpp">
      <Filter>Resource Files</Filter>
    </ClCompile>
    <ClCompile Include="..\..\..\Import\Vlpp.cpp">
      <Filter>Import</Filter>
    </ClCompile>
    <ClCompile Include="..\..\Source\CppTypes.cpp">
      <Filter>Source Files</Filter>
    </ClCompile>
    <ClCompile Include="..\..\SourceCppGen\BindCustomInterface2.cpp">
      <Filter>Resource Files</Filter>
    </ClCompile>
    <ClCompile Include="..\..\SourceCppGen\TestCases.cpp">
      <Filter>Source Files</Filter>
    </ClCompile>
    <ClCompile Include="..\..\SourceCppGen\WorkflowHints.cpp">
      <Filter>Resource Files</Filter>
    </ClCompile>
    <ClCompile Include="..\..\SourceCppGen\WorkflowAttributes.cpp">
      <Filter>Resource Files</Filter>
    </ClCompile>
    <ClCompile Include="..\..\SourceCppGen\WorkflowAttributes_NumberExpression.cpp">
      <Filter>Resource Files</Filter>
    </ClCompile>
    <ClCompile Include="..\..\SourceCppGen\WorkflowAttributes_BinaryExpression.cpp">
      <Filter>Resource Files</Filter>
    </ClCompile>
    <ClCompile Include="..\..\SourceCppGen\WorkflowAttributes_Expression.cpp">
      <Filter>Resource Files</Filter>
    </ClCompile>
    <ClCompile Include="..\..\SourceCppGen\CoRawCoroutine.cpp">
      <Filter>Resource Files</Filter>
    </ClCompile>
    <ClCompile Include="..\..\SourceCppGen\CoRawCoroutine2.cpp">
      <Filter>Resource Files</Filter>
    </ClCompile>
    <ClCompile Include="..\..\SourceCppGen\CoRawCoroutine3.cpp">
      <Filter>Resource Files</Filter>
    </ClCompile>
    <ClCompile Include="..\..\SourceCppGen\CoRawCoroutine4.cpp">
      <Filter>Resource Files</Filter>
    </ClCompile>
    <ClCompile Include="..\..\SourceCppGen\CoEnum.cpp">
      <Filter>Resource Files</Filter>
    </ClCompile>
    <ClCompile Include="..\..\SourceCppGen\CoEnum2.cpp">
      <Filter>Resource Files</Filter>
    </ClCompile>
    <ClCompile Include="..\..\SourceCppGen\CoAsync.cpp">
      <Filter>Resource Files</Filter>
    </ClCompile>
    <ClCompile Include="..\..\SourceCppGen\BindLet.cpp">
      <Filter>Resource Files</Filter>
    </ClCompile>
  </ItemGroup>
  <ItemGroup>
    <ClInclude Include="..\..\SourceCppGen\BindSimple.h">
      <Filter>Resource Files</Filter>
    </ClInclude>
    <ClInclude Include="..\..\SourceCppGen\CallStaticMethod.h">
      <Filter>Resource Files</Filter>
    </ClInclude>
    <ClInclude Include="..\..\SourceCppGen\ClassCtor.h">
      <Filter>Resource Files</Filter>
    </ClInclude>
    <ClInclude Include="..\..\SourceCppGen\ClassDtor.h">
      <Filter>Resource Files</Filter>
    </ClInclude>
    <ClInclude Include="..\..\SourceCppGen\ClassField.h">
      <Filter>Resource Files</Filter>
    </ClInclude>
    <ClInclude Include="..\..\SourceCppGen\ClassMethod.h">
      <Filter>Resource Files</Filter>
    </ClInclude>
    <ClInclude Include="..\..\SourceCppGen\ControlFlow.h">
      <Filter>Resource Files</Filter>
    </ClInclude>
    <ClInclude Include="..\..\SourceCppGen\Delete.h">
      <Filter>Resource Files</Filter>
    </ClInclude>
    <ClInclude Include="..\..\SourceCppGen\ElementInSet.h">
      <Filter>Resource Files</Filter>
    </ClInclude>
    <ClInclude Include="..\..\SourceCppGen\EnumCtor.h">
      <Filter>Resource Files</Filter>
    </ClInclude>
    <ClInclude Include="..\..\SourceCppGen\EnumCtor2.h">
      <Filter>Resource Files</Filter>
    </ClInclude>
    <ClInclude Include="..\..\SourceCppGen\Event.h">
      <Filter>Resource Files</Filter>
    </ClInclude>
    <ClInclude Include="..\..\SourceCppGen\FailedThen.h">
      <Filter>Resource Files</Filter>
    </ClInclude>
    <ClInclude Include="..\..\SourceCppGen\ForEach.h">
      <Filter>Resource Files</Filter>
    </ClInclude>
    <ClInclude Include="..\..\SourceCppGen\GlobalVariable.h">
      <Filter>Resource Files</Filter>
    </ClInclude>
    <ClInclude Include="..\..\SourceCppGen\HelloWorld.h">
      <Filter>Resource Files</Filter>
    </ClInclude>
    <ClInclude Include="..\..\SourceCppGen\IfNotNull.h">
      <Filter>Resource Files</Filter>
    </ClInclude>
    <ClInclude Include="..\..\SourceCppGen\LetIn.h">
      <Filter>Resource Files</Filter>
    </ClInclude>
    <ClInclude Include="..\..\SourceCppGen\ListProcessing.h">
      <Filter>Resource Files</Filter>
    </ClInclude>
    <ClInclude Include="..\..\SourceCppGen\MapProcessing.h">
      <Filter>Resource Files</Filter>
    </ClInclude>
    <ClInclude Include="..\..\SourceCppGen\MethodClosure.h">
      <Filter>Resource Files</Filter>
    </ClInclude>
    <ClInclude Include="..\..\SourceCppGen\NamedLambda.h">
      <Filter>Resource Files</Filter>
    </ClInclude>
    <ClInclude Include="..\..\SourceCppGen\NestedLambda.h">
      <Filter>Resource Files</Filter>
    </ClInclude>
    <ClInclude Include="..\..\SourceCppGen\NewCustomInterface.h">
      <Filter>Resource Files</Filter>
    </ClInclude>
    <ClInclude Include="..\..\SourceCppGen\NewCustomInterface2.h">
      <Filter>Resource Files</Filter>
    </ClInclude>
    <ClInclude Include="..\..\SourceCppGen\NewCustomInterface3.h">
      <Filter>Resource Files</Filter>
    </ClInclude>
    <ClInclude Include="..\..\SourceCppGen\NewInterface.h">
      <Filter>Resource Files</Filter>
    </ClInclude>
    <ClInclude Include="..\..\SourceCppGen\OpAdd.h">
      <Filter>Resource Files</Filter>
    </ClInclude>
    <ClInclude Include="..\..\SourceCppGen\OpAnd.h">
      <Filter>Resource Files</Filter>
    </ClInclude>
    <ClInclude Include="..\..\SourceCppGen\OpCompare.h">
      <Filter>Resource Files</Filter>
    </ClInclude>
    <ClInclude Include="..\..\SourceCppGen\OpCompareReference.h">
      <Filter>Resource Files</Filter>
    </ClInclude>
    <ClInclude Include="..\..\SourceCppGen\OpDiv.h">
      <Filter>Resource Files</Filter>
    </ClInclude>
    <ClInclude Include="..\..\SourceCppGen\OpMod.h">
      <Filter>Resource Files</Filter>
    </ClInclude>
    <ClInclude Include="..\..\SourceCppGen\OpMul.h">
      <Filter>Resource Files</Filter>
    </ClInclude>
    <ClInclude Include="..\..\SourceCppGen\OpNegative.h">
      <Filter>Resource Files</Filter>
    </ClInclude>
    <ClInclude Include="..\..\SourceCppGen\OpNot.h">
      <Filter>Resource Files</Filter>
    </ClInclude>
    <ClInclude Include="..\..\SourceCppGen\OpOr.h">
      <Filter>Resource Files</Filter>
    </ClInclude>
    <ClInclude Include="..\..\SourceCppGen\OpPositive.h">
      <Filter>Resource Files</Filter>
    </ClInclude>
    <ClInclude Include="..\..\SourceCppGen\OpShl.h">
      <Filter>Resource Files</Filter>
    </ClInclude>
    <ClInclude Include="..\..\SourceCppGen\OpShr.h">
      <Filter>Resource Files</Filter>
    </ClInclude>
    <ClInclude Include="..\..\SourceCppGen\OpSub.h">
      <Filter>Resource Files</Filter>
    </ClInclude>
    <ClInclude Include="..\..\SourceCppGen\OpXor.h">
      <Filter>Resource Files</Filter>
    </ClInclude>
    <ClInclude Include="..\..\SourceCppGen\OrderedLambda.h">
      <Filter>Resource Files</Filter>
    </ClInclude>
    <ClInclude Include="..\..\SourceCppGen\Property.h">
      <Filter>Resource Files</Filter>
    </ClInclude>
    <ClInclude Include="..\..\SourceCppGen\RecursiveFunction.h">
      <Filter>Resource Files</Filter>
    </ClInclude>
    <ClInclude Include="..\..\SourceCppGen\StaticMethod.h">
      <Filter>Resource Files</Filter>
    </ClInclude>
    <ClInclude Include="..\..\SourceCppGen\StructCtor.h">
      <Filter>Resource Files</Filter>
    </ClInclude>
    <ClInclude Include="..\..\SourceCppGen\StructCtor2.h">
      <Filter>Resource Files</Filter>
    </ClInclude>
    <ClInclude Include="..\..\SourceCppGen\TryCatch.h">
      <Filter>Resource Files</Filter>
    </ClInclude>
    <ClInclude Include="..\..\SourceCppGen\TryFinally.h">
      <Filter>Resource Files</Filter>
    </ClInclude>
    <ClInclude Include="..\..\SourceCppGen\AnonymousLambda.h">
      <Filter>Resource Files</Filter>
    </ClInclude>
    <ClInclude Include="..\..\SourceCppGen\BindComplex.h">
      <Filter>Resource Files</Filter>
    </ClInclude>
    <ClInclude Include="..\..\SourceCppGen\BindCustomInterface.h">
      <Filter>Resource Files</Filter>
    </ClInclude>
    <ClInclude Include="..\..\SourceCppGen\BindFormat.h">
      <Filter>Resource Files</Filter>
    </ClInclude>
    <ClInclude Include="..\..\..\Import\Vlpp.h">
      <Filter>Import</Filter>
    </ClInclude>
    <ClInclude Include="..\..\Source\CppTypes.h">
      <Filter>Source Files</Filter>
    </ClInclude>
    <ClInclude Include="..\..\SourceCppGen\BindCustomInterface2.h">
      <Filter>Resource Files</Filter>
    </ClInclude>
    <ClInclude Include="..\..\SourceCppGen\WorkflowHints.h">
      <Filter>Resource Files</Filter>
    </ClInclude>
    <ClInclude Include="..\..\SourceCppGen\WorkflowAttributes.h">
      <Filter>Resource Files</Filter>
    </ClInclude>
    <ClInclude Include="..\..\SourceCppGen\WorkflowAttributesIncludes.h">
      <Filter>Resource Files</Filter>
    </ClInclude>
    <ClInclude Include="..\..\SourceCppGen\WorkflowAttributes_NumberExpression.h">
      <Filter>Resource Files</Filter>
    </ClInclude>
    <ClInclude Include="..\..\SourceCppGen\WorkflowAttributes_BinaryExpression.h">
      <Filter>Resource Files</Filter>
    </ClInclude>
    <ClInclude Include="..\..\SourceCppGen\WorkflowAttributes_Expression.h">
      <Filter>Resource Files</Filter>
    </ClInclude>
    <ClInclude Include="..\..\SourceCppGen\CoRawCoroutine.h">
      <Filter>Resource Files</Filter>
    </ClInclude>
    <ClInclude Include="..\..\SourceCppGen\CoRawCoroutine2.h">
      <Filter>Resource Files</Filter>
    </ClInclude>
    <ClInclude Include="..\..\SourceCppGen\CoRawCoroutine3.h">
      <Filter>Resource Files</Filter>
    </ClInclude>
    <ClInclude Include="..\..\SourceCppGen\CoRawCoroutine4.h">
      <Filter>Resource Files</Filter>
    </ClInclude>
    <ClInclude Include="..\..\SourceCppGen\CoEnum.h">
      <Filter>Resource Files</Filter>
    </ClInclude>
    <ClInclude Include="..\..\SourceCppGen\CoEnum2.h">
      <Filter>Resource Files</Filter>
    </ClInclude>
    <ClInclude Include="..\..\SourceCppGen\CoAsync.h">
      <Filter>Resource Files</Filter>
    </ClInclude>
    <ClInclude Include="..\..\SourceCppGen\BindLet.h">
      <Filter>Resource Files</Filter>
    </ClInclude>
  </ItemGroup>
</Project>