<?xml version="1.0" encoding="utf-8"?>
<Project ToolsVersion="4.0" xmlns="http://schemas.microsoft.com/developer/msbuild/2003">
  <ItemGroup>
    <Filter Include="WorkflowAttributes">
      <UniqueIdentifier>{c582ea4a-4f50-4d6b-99ea-a0b1c43061ec}</UniqueIdentifier>
    </Filter>
    <Filter Include="WorkflowMultiFiles">
      <UniqueIdentifier>{612adf66-e3c0-432f-be25-037b460ca3b8}</UniqueIdentifier>
    </Filter>
  </ItemGroup>
  <ItemGroup>
    <ClCompile Include="$(MSBuildThisFileDirectory)..\..\SourceCppGen\WorkflowAttributesReflection.cpp">
      <Filter>WorkflowAttributes</Filter>
    </ClCompile>
    <ClCompile Include="$(MSBuildThisFileDirectory)..\..\SourceCppGen\WorkflowMultiFilesReflection.cpp">
      <Filter>WorkflowMultiFiles</Filter>
    </ClCompile>
  </ItemGroup>
  <ItemGroup>
    <ClInclude Include="$(MSBuildThisFileDirectory)..\..\SourceCppGen\WorkflowAttributesReflection.h">
      <Filter>WorkflowAttributes</Filter>
    </ClInclude>
    <ClInclude Include="$(MSBuildThisFileDirectory)..\..\SourceCppGen\WorkflowMultiFilesReflection.h">
      <Filter>WorkflowMultiFiles</Filter>
    </ClInclude>
  </ItemGroup>
  <ItemGroup>
    <ClCompile Include="$(MSBuildThisFileDirectory)..\..\SourceCppGen\BindCustomInterface2Reflection.cpp" />
    <ClCompile Include="$(MSBuildThisFileDirectory)..\..\SourceCppGen\BindCustomInterfaceReflection.cpp" />
    <ClCompile Include="$(MSBuildThisFileDirectory)..\..\SourceCppGen\BindLetReflection.cpp" />
    <ClCompile Include="$(MSBuildThisFileDirectory)..\..\SourceCppGen\BindNullReflection.cpp" />
    <ClCompile Include="$(MSBuildThisFileDirectory)..\..\SourceCppGen\BindSimple2Reflection.cpp" />
    <ClCompile Include="$(MSBuildThisFileDirectory)..\..\SourceCppGen\BindSimpleReflection.cpp" />
    <ClCompile Include="$(MSBuildThisFileDirectory)..\..\SourceCppGen\CallStaticMethodReflection.cpp" />
    <ClCompile Include="$(MSBuildThisFileDirectory)..\..\SourceCppGen\ClassCtorReflection.cpp" />
    <ClCompile Include="$(MSBuildThisFileDirectory)..\..\SourceCppGen\ClassDtorReflection.cpp" />
    <ClCompile Include="$(MSBuildThisFileDirectory)..\..\SourceCppGen\ClassMethodReflection.cpp" />
    <ClCompile Include="$(MSBuildThisFileDirectory)..\..\SourceCppGen\CoAsync2Reflection.cpp" />
    <ClCompile Include="$(MSBuildThisFileDirectory)..\..\SourceCppGen\CoAsyncReflection.cpp" />
    <ClCompile Include="$(MSBuildThisFileDirectory)..\..\SourceCppGen\CoSmcCalculatorReflection.cpp" />
    <ClCompile Include="$(MSBuildThisFileDirectory)..\..\SourceCppGen\CoSmcGotoReflection.cpp" />
    <ClCompile Include="$(MSBuildThisFileDirectory)..\..\SourceCppGen\CoSmcPushReflection.cpp" />
    <ClCompile Include="$(MSBuildThisFileDirectory)..\..\SourceCppGen\CoSmcSwitchD1Reflection.cpp" />
    <ClCompile Include="$(MSBuildThisFileDirectory)..\..\SourceCppGen\CoSmcSwitchD2Reflection.cpp" />
    <ClCompile Include="$(MSBuildThisFileDirectory)..\..\SourceCppGen\CoSmcSwitchI1Reflection.cpp" />
    <ClCompile Include="$(MSBuildThisFileDirectory)..\..\SourceCppGen\CoSmcSwitchI2Reflection.cpp" />
    <ClCompile Include="$(MSBuildThisFileDirectory)..\..\SourceCppGen\CoSmcSwitchIR1Reflection.cpp" />
    <ClCompile Include="$(MSBuildThisFileDirectory)..\..\SourceCppGen\CoSmcSwitchIR2Reflection.cpp" />
    <ClCompile Include="$(MSBuildThisFileDirectory)..\..\SourceCppGen\CoSmcSwitchP1Reflection.cpp" />
    <ClCompile Include="$(MSBuildThisFileDirectory)..\..\SourceCppGen\CoSmcSwitchP2Reflection.cpp" />
    <ClCompile Include="$(MSBuildThisFileDirectory)..\..\SourceCppGen\CoSmcSwitchPR1Reflection.cpp" />
    <ClCompile Include="$(MSBuildThisFileDirectory)..\..\SourceCppGen\CoSmcSwitchPR2Reflection.cpp" />
    <ClCompile Include="$(MSBuildThisFileDirectory)..\..\SourceCppGen\CoSmcTryCatch1Reflection.cpp" />
    <ClCompile Include="$(MSBuildThisFileDirectory)..\..\SourceCppGen\CoSmcTryCatch2Reflection.cpp" />
    <ClCompile Include="$(MSBuildThisFileDirectory)..\..\SourceCppGen\EnumCtor2Reflection.cpp" />
    <ClCompile Include="$(MSBuildThisFileDirectory)..\..\SourceCppGen\NestedLambdaReflection.cpp" />
    <ClCompile Include="$(MSBuildThisFileDirectory)..\..\SourceCppGen\NewCustomInterface2Reflection.cpp" />
    <ClCompile Include="$(MSBuildThisFileDirectory)..\..\SourceCppGen\NewCustomInterface3Reflection.cpp" />
    <ClCompile Include="$(MSBuildThisFileDirectory)..\..\SourceCppGen\NewCustomInterfaceReflection.cpp" />
    <ClCompile Include="$(MSBuildThisFileDirectory)..\..\SourceCppGen\NewEmptyInterfaceReflection.cpp" />
    <ClCompile Include="$(MSBuildThisFileDirectory)..\..\SourceCppGen\NullableCastReflection.cpp" />
    <ClCompile Include="$(MSBuildThisFileDirectory)..\..\SourceCppGen\OpCompareReflection.cpp" />
    <ClCompile Include="$(MSBuildThisFileDirectory)..\..\SourceCppGen\StructCtor2Reflection.cpp" />
    <ClCompile Include="$(MSBuildThisFileDirectory)..\..\SourceCppGen\StructCtorReflection.cpp" />
    <ClCompile Include="$(MSBuildThisFileDirectory)..\..\SourceCppGen\WorkflowHintsReflection.cpp" />
  </ItemGroup>
  <ItemGroup>
    <ClInclude Include="$(MSBuildThisFileDirectory)..\..\SourceCppGen\BindCustomInterface2Reflection.h" />
    <ClInclude Include="$(MSBuildThisFileDirectory)..\..\SourceCppGen\BindCustomInterfaceReflection.h" />
    <ClInclude Include="$(MSBuildThisFileDirectory)..\..\SourceCppGen\BindLetReflection.h" />
    <ClInclude Include="$(MSBuildThisFileDirectory)..\..\SourceCppGen\BindNullReflection.h" />
    <ClInclude Include="$(MSBuildThisFileDirectory)..\..\SourceCppGen\BindSimple2Reflection.h" />
    <ClInclude Include="$(MSBuildThisFileDirectory)..\..\SourceCppGen\BindSimpleReflection.h" />
    <ClInclude Include="$(MSBuildThisFileDirectory)..\..\SourceCppGen\CallStaticMethodReflection.h" />
    <ClInclude Include="$(MSBuildThisFileDirectory)..\..\SourceCppGen\ClassCtorReflection.h" />
    <ClInclude Include="$(MSBuildThisFileDirectory)..\..\SourceCppGen\ClassDtorReflection.h" />
    <ClInclude Include="$(MSBuildThisFileDirectory)..\..\SourceCppGen\ClassMethodReflection.h" />
    <ClInclude Include="$(MSBuildThisFileDirectory)..\..\SourceCppGen\CoAsync2Reflection.h" />
    <ClInclude Include="$(MSBuildThisFileDirectory)..\..\SourceCppGen\CoAsyncReflection.h" />
    <ClInclude Include="$(MSBuildThisFileDirectory)..\..\SourceCppGen\CoSmcCalculatorReflection.h" />
    <ClInclude Include="$(MSBuildThisFileDirectory)..\..\SourceCppGen\CoSmcGotoReflection.h" />
    <ClInclude Include="$(MSBuildThisFileDirectory)..\..\SourceCppGen\CoSmcPushReflection.h" />
    <ClInclude Include="$(MSBuildThisFileDirectory)..\..\SourceCppGen\CoSmcSwitchD1Reflection.h" />
    <ClInclude Include="$(MSBuildThisFileDirectory)..\..\SourceCppGen\CoSmcSwitchD2Reflection.h" />
    <ClInclude Include="$(MSBuildThisFileDirectory)..\..\SourceCppGen\CoSmcSwitchI1Reflection.h" />
    <ClInclude Include="$(MSBuildThisFileDirectory)..\..\SourceCppGen\CoSmcSwitchI2Reflection.h" />
    <ClInclude Include="$(MSBuildThisFileDirectory)..\..\SourceCppGen\CoSmcSwitchIR1Reflection.h" />
    <ClInclude Include="$(MSBuildThisFileDirectory)..\..\SourceCppGen\CoSmcSwitchIR2Reflection.h" />
    <ClInclude Include="$(MSBuildThisFileDirectory)..\..\SourceCppGen\CoSmcSwitchP1Reflection.h" />
    <ClInclude Include="$(MSBuildThisFileDirectory)..\..\SourceCppGen\CoSmcSwitchP2Reflection.h" />
    <ClInclude Include="$(MSBuildThisFileDirectory)..\..\SourceCppGen\CoSmcSwitchPR1Reflection.h" />
    <ClInclude Include="$(MSBuildThisFileDirectory)..\..\SourceCppGen\CoSmcSwitchPR2Reflection.h" />
    <ClInclude Include="$(MSBuildThisFileDirectory)..\..\SourceCppGen\CoSmcTryCatch1Reflection.h" />
    <ClInclude Include="$(MSBuildThisFileDirectory)..\..\SourceCppGen\CoSmcTryCatch2Reflection.h" />
    <ClInclude Include="$(MSBuildThisFileDirectory)..\..\SourceCppGen\EnumCtor2Reflection.h" />
    <ClInclude Include="$(MSBuildThisFileDirectory)..\..\SourceCppGen\NestedLambdaReflection.h" />
    <ClInclude Include="$(MSBuildThisFileDirectory)..\..\SourceCppGen\NewCustomInterface2Reflection.h" />
    <ClInclude Include="$(MSBuildThisFileDirectory)..\..\SourceCppGen\NewCustomInterface3Reflection.h" />
    <ClInclude Include="$(MSBuildThisFileDirectory)..\..\SourceCppGen\NewCustomInterfaceReflection.h" />
    <ClInclude Include="$(MSBuildThisFileDirectory)..\..\SourceCppGen\NewEmptyInterfaceReflection.h" />
    <ClInclude Include="$(MSBuildThisFileDirectory)..\..\SourceCppGen\NullableCastReflection.h" />
    <ClInclude Include="$(MSBuildThisFileDirectory)..\..\SourceCppGen\OpCompareReflection.h" />
    <ClInclude Include="$(MSBuildThisFileDirectory)..\..\SourceCppGen\StructCtor2Reflection.h" />
    <ClInclude Include="$(MSBuildThisFileDirectory)..\..\SourceCppGen\StructCtorReflection.h" />
    <ClInclude Include="$(MSBuildThisFileDirectory)..\..\SourceCppGen\WorkflowHintsReflection.h" />
  </ItemGroup>
</Project>