<?xml version="1.0" encoding="utf-8"?>
<Project ToolsVersion="4.0" xmlns="http://schemas.microsoft.com/developer/msbuild/2003">
  <ItemGroup>
    <Filter Include="Runtime">
      <UniqueIdentifier>{528f40f5-5173-49b4-ae8c-032740e2ec57}</UniqueIdentifier>
    </Filter>
    <Filter Include="Runtime\Metadata">
      <UniqueIdentifier>{e78d1513-9b55-4fa0-b48d-5757036d6729}</UniqueIdentifier>
    </Filter>
    <Filter Include="Runtime\Execution">
      <UniqueIdentifier>{6119e11d-80d7-4f1a-8bd4-9b611e84442e}</UniqueIdentifier>
    </Filter>
  </ItemGroup>
  <ItemGroup>
    <ClCompile Include="$(MSBuildThisFileDirectory)..\..\..\Source\Runtime\WfRuntimeInstruction.cpp">
      <Filter>Runtime\Metadata</Filter>
    </ClCompile>
    <ClCompile Include="$(MSBuildThisFileDirectory)..\..\..\Source\Runtime\WfRuntimeAssembly.cpp">
      <Filter>Runtime\Metadata</Filter>
    </ClCompile>
    <ClCompile Include="$(MSBuildThisFileDirectory)..\..\..\Source\Runtime\WfRuntimeTypeDescriptor.cpp">
      <Filter>Runtime\Metadata</Filter>
    </ClCompile>
    <ClCompile Include="$(MSBuildThisFileDirectory)..\..\..\Source\Runtime\WfRuntime.cpp">
      <Filter>Runtime\Execution</Filter>
    </ClCompile>
    <ClCompile Include="$(MSBuildThisFileDirectory)..\..\..\Source\Runtime\WfRuntimeConstructions.cpp">
      <Filter>Runtime\Execution</Filter>
    </ClCompile>
    <ClCompile Include="$(MSBuildThisFileDirectory)..\..\..\Source\Runtime\WfRuntimeDebugger.cpp">
      <Filter>Runtime\Execution</Filter>
    </ClCompile>
    <ClCompile Include="$(MSBuildThisFileDirectory)..\..\..\Source\Runtime\WfRuntimeExecution.cpp">
      <Filter>Runtime\Execution</Filter>
    </ClCompile>
  </ItemGroup>
  <ItemGroup>
    <ClInclude Include="$(MSBuildThisFileDirectory)..\..\..\Source\Runtime\WfRuntimeAssembly.h">
      <Filter>Runtime\Metadata</Filter>
    </ClInclude>
    <ClInclude Include="$(MSBuildThisFileDirectory)..\..\..\Source\Runtime\WfRuntimeInstruction.h">
      <Filter>Runtime\Metadata</Filter>
    </ClInclude>
    <ClInclude Include="$(MSBuildThisFileDirectory)..\..\..\Source\Runtime\WfRuntimeTypeDescriptor.h">
      <Filter>Runtime\Metadata</Filter>
    </ClInclude>
    <ClInclude Include="$(MSBuildThisFileDirectory)..\..\..\Source\Runtime\WfRuntime.h">
      <Filter>Runtime\Execution</Filter>
    </ClInclude>
    <ClInclude Include="$(MSBuildThisFileDirectory)..\..\..\Source\Runtime\WfRuntimeConstructions.h">
      <Filter>Runtime\Execution</Filter>
    </ClInclude>
    <ClInclude Include="$(MSBuildThisFileDirectory)..\..\..\Source\Runtime\WfRuntimeDebugger.h">
      <Filter>Runtime\Execution</Filter>
    </ClInclude>
  </ItemGroup>
</Project>