<?xml version="1.0" encoding="utf-8"?>
<Project ToolsVersion="4.0" xmlns="http://schemas.microsoft.com/developer/msbuild/2003">
  <ItemGroup>
    <Filter Include="Source Files">
      <UniqueIdentifier>{4FC737F1-C7A5-4376-A066-2A32D752A2FF}</UniqueIdentifier>
      <Extensions>cpp;c;cc;cxx;def;odl;idl;hpj;bat;asm;asmx</Extensions>
    </Filter>
    <Filter Include="Header Files">
      <UniqueIdentifier>{93995380-89BD-4b04-88EB-625FBE52EBFB}</UniqueIdentifier>
      <Extensions>h;hh;hpp;hxx;hm;inl;inc;xsd</Extensions>
    </Filter>
    <Filter Include="Resource Files">
      <UniqueIdentifier>{67DA6AB6-F800-4c08-8B7A-83BB121AAD01}</UniqueIdentifier>
      <Extensions>rc;ico;cur;bmp;dlg;rc2;rct;bin;rgs;gif;jpg;jpeg;jpe;resx;tiff;tif;png;wav;mfcribbon-ms</Extensions>
    </Filter>
    <Filter Include="Resource Files\AnalyzerError">
      <UniqueIdentifier>{b32a3aef-aa24-47e8-b04c-33b0eb2385a7}</UniqueIdentifier>
    </Filter>
    <Filter Include="Resource Files\AnalyzerScope">
      <UniqueIdentifier>{de422c58-9205-4440-87a7-4cb8755431c1}</UniqueIdentifier>
    </Filter>
    <Filter Include="Resource Files\Codegen">
      <UniqueIdentifier>{213993b2-5f73-4235-9a84-0c65a6857851}</UniqueIdentifier>
    </Filter>
    <Filter Include="Resource Files\Debugger">
      <UniqueIdentifier>{90f710d2-6510-4512-8a7a-9df4092c114e}</UniqueIdentifier>
    </Filter>
    <Filter Include="Resource Files\Declaration">
      <UniqueIdentifier>{d7e14f33-9d5d-4221-b6d1-65fa59a0cebd}</UniqueIdentifier>
    </Filter>
    <Filter Include="Resource Files\Expression">
      <UniqueIdentifier>{eb05a45a-107a-42fd-9860-e40790ccac5b}</UniqueIdentifier>
    </Filter>
    <Filter Include="Resource Files\Module">
      <UniqueIdentifier>{149ec30a-c72e-4511-9c1e-7fe7f6288152}</UniqueIdentifier>
    </Filter>
    <Filter Include="Resource Files\Statement">
      <UniqueIdentifier>{ee978873-1978-4714-a44a-be4d4b86a6ea}</UniqueIdentifier>
    </Filter>
  </ItemGroup>
  <ItemGroup>
    <ClCompile Include="Main.cpp">
      <Filter>Source Files</Filter>
    </ClCompile>
    <ClCompile Include="..\..\Source\TestAnalyzer.cpp">
      <Filter>Source Files</Filter>
    </ClCompile>
    <ClCompile Include="..\..\Source\TestCodegen.cpp">
      <Filter>Source Files</Filter>
    </ClCompile>
    <ClCompile Include="..\..\Source\TestDebugger.cpp">
      <Filter>Source Files</Filter>
    </ClCompile>
    <ClCompile Include="..\..\Source\TestSamples.cpp">
      <Filter>Source Files</Filter>
    </ClCompile>
    <ClCompile Include="..\..\Source\Helper.cpp">
      <Filter>Source Files</Filter>
    </ClCompile>
    <ClCompile Include="..\..\Source\CppTypes.cpp">
      <Filter>Source Files</Filter>
    </ClCompile>
    <ClCompile Include="..\..\Source\TestLibrary.cpp">
      <Filter>Source Files</Filter>
    </ClCompile>
  </ItemGroup>
  <ItemGroup>
    <Text Include="Spec.txt" />
    <Text Include="..\..\Resources\AnalyzerError\A0_WrongFormatStringSyntax.txt">
      <Filter>Resource Files\AnalyzerError</Filter>
    </Text>
    <Text Include="..\..\Resources\AnalyzerError\A1_WrongSimpleObserveExpression.txt">
      <Filter>Resource Files\AnalyzerError</Filter>
    </Text>
    <Text Include="..\..\Resources\AnalyzerError\A2_EmptyExtendedObserveEvent.txt">
      <Filter>Resource Files\AnalyzerError</Filter>
    </Text>
    <Text Include="..\..\Resources\AnalyzerError\A2_WrongSimpleObserveEvent.txt">
      <Filter>Resource Files\AnalyzerError</Filter>
    </Text>
    <Text Include="..\..\Resources\AnalyzerError\A3_ObserveNotInBind.txt">
      <Filter>Resource Files\AnalyzerError</Filter>
    </Text>
    <Text Include="..\..\Resources\AnalyzerError\A4_BindInBind.txt">
      <Filter>Resource Files\AnalyzerError</Filter>
    </Text>
    <Text Include="..\..\Resources\AnalyzerError\A5_ConstructorMixMapAndList.txt">
      <Filter>Resource Files\AnalyzerError</Filter>
    </Text>
    <Text Include="..\..\Resources\AnalyzerError\A7_EventIsNotExpression.txt">
      <Filter>Resource Files\AnalyzerError</Filter>
    </Text>
    <Text Include="..\..\Resources\AnalyzerError\A7_ScopeNameIsNotExpression.txt">
      <Filter>Resource Files\AnalyzerError</Filter>
    </Text>
    <Text Include="..\..\Resources\AnalyzerError\A7_ScopeNameIsNotExpression2.txt">
      <Filter>Resource Files\AnalyzerError</Filter>
    </Text>
    <Text Include="..\..\Resources\AnalyzerError\A8_ExpressionIsNotScopeName.txt">
      <Filter>Resource Files\AnalyzerError</Filter>
    </Text>
    <Text Include="..\..\Resources\AnalyzerError\A9_ConstructorCannotResolveType.txt">
      <Filter>Resource Files\AnalyzerError</Filter>
    </Text>
    <Text Include="..\..\Resources\AnalyzerError\A9_ExpressionCannotResolveType.txt">
      <Filter>Resource Files\AnalyzerError</Filter>
    </Text>
    <Text Include="..\..\Resources\AnalyzerError\A9_LetExpressionCannotResolveType.txt">
      <Filter>Resource Files\AnalyzerError</Filter>
    </Text>
    <Text Include="..\..\Resources\AnalyzerError\A9_NullCannotResolveType.txt">
      <Filter>Resource Files\AnalyzerError</Filter>
    </Text>
    <Text Include="..\..\Resources\AnalyzerError\A9_OrderedLambdaCannotResolveType.txt">
      <Filter>Resource Files\AnalyzerError</Filter>
    </Text>
    <Text Include="..\..\Resources\AnalyzerError\A10_AnonymousLambdaToStruct.txt">
      <Filter>Resource Files\AnalyzerError</Filter>
    </Text>
    <Text Include="..\..\Resources\AnalyzerError\A10_AnonymousLambdaToWrongFunctionType.txt">
      <Filter>Resource Files\AnalyzerError</Filter>
    </Text>
    <Text Include="..\..\Resources\AnalyzerError\A10_AssignToList.txt">
      <Filter>Resource Files\AnalyzerError</Filter>
    </Text>
    <Text Include="..\..\Resources\AnalyzerError\A10_AssignToVariable.txt">
      <Filter>Resource Files\AnalyzerError</Filter>
    </Text>
    <Text Include="..\..\Resources\AnalyzerError\A10_BaseToDerived.txt">
      <Filter>Resource Files\AnalyzerError</Filter>
    </Text>
    <Text Include="..\..\Resources\AnalyzerError\A10_ConstructorToStruct.txt">
      <Filter>Resource Files\AnalyzerError</Filter>
    </Text>
    <Text Include="..\..\Resources\AnalyzerError\A10_FunctionLambdaToStruct.txt">
      <Filter>Resource Files\AnalyzerError</Filter>
    </Text>
    <Text Include="..\..\Resources\AnalyzerError\A10_FunctionLambdaToWrongFunctionType.txt">
      <Filter>Resource Files\AnalyzerError</Filter>
    </Text>
    <Text Include="..\..\Resources\AnalyzerError\A10_FunctionMemberToNullable.txt">
      <Filter>Resource Files\AnalyzerError</Filter>
    </Text>
    <Text Include="..\..\Resources\AnalyzerError\A10_NullableToNullable.txt">
      <Filter>Resource Files\AnalyzerError</Filter>
    </Text>
    <Text Include="..\..\Resources\AnalyzerError\A10_NullableToRawPtr.txt">
      <Filter>Resource Files\AnalyzerError</Filter>
    </Text>
    <Text Include="..\..\Resources\AnalyzerError\A10_NullableToSharedPtr.txt">
      <Filter>Resource Files\AnalyzerError</Filter>
    </Text>
    <Text Include="..\..\Resources\AnalyzerError\A10_NullableToStruct.txt">
      <Filter>Resource Files\AnalyzerError</Filter>
    </Text>
    <Text Include="..\..\Resources\AnalyzerError\A10_OfBaseToDerived.txt">
      <Filter>Resource Files\AnalyzerError</Filter>
    </Text>
    <Text Include="..\..\Resources\AnalyzerError\A10_OfNullableToNullable.txt">
      <Filter>Resource Files\AnalyzerError</Filter>
    </Text>
    <Text Include="..\..\Resources\AnalyzerError\A10_OfNullableToRawPtr.txt">
      <Filter>Resource Files\AnalyzerError</Filter>
    </Text>
    <Text Include="..\..\Resources\AnalyzerError\A10_OfNullableToSharedPtr.txt">
      <Filter>Resource Files\AnalyzerError</Filter>
    </Text>
    <Text Include="..\..\Resources\AnalyzerError\A10_OfNullableToStruct.txt">
      <Filter>Resource Files\AnalyzerError</Filter>
    </Text>
    <Text Include="..\..\Resources\AnalyzerError\A10_OfOrderedLambdaToStruct.txt">
      <Filter>Resource Files\AnalyzerError</Filter>
    </Text>
    <Text Include="..\..\Resources\AnalyzerError\A10_OfOrderedLambdaToWrongBody.txt">
      <Filter>Resource Files\AnalyzerError</Filter>
    </Text>
    <Text Include="..\..\Resources\AnalyzerError\A10_OfOrderedLambdaToWrongFunctionType.txt">
      <Filter>Resource Files\AnalyzerError</Filter>
    </Text>
    <Text Include="..\..\Resources\AnalyzerError\A10_OfRawPtrToNullable.txt">
      <Filter>Resource Files\AnalyzerError</Filter>
    </Text>
    <Text Include="..\..\Resources\AnalyzerError\A10_OfRawPtrToSharedPtr.txt">
      <Filter>Resource Files\AnalyzerError</Filter>
    </Text>
    <Text Include="..\..\Resources\AnalyzerError\A10_OfRawPtrToStruct.txt">
      <Filter>Resource Files\AnalyzerError</Filter>
    </Text>
    <Text Include="..\..\Resources\AnalyzerError\A10_OfSharedPtrToNullable.txt">
      <Filter>Resource Files\AnalyzerError</Filter>
    </Text>
    <Text Include="..\..\Resources\AnalyzerError\A10_OfSharedPtrToStruct.txt">
      <Filter>Resource Files\AnalyzerError</Filter>
    </Text>
    <Text Include="..\..\Resources\AnalyzerError\A10_OfSharedToRaw.txt">
      <Filter>Resource Files\AnalyzerError</Filter>
    </Text>
    <Text Include="..\..\Resources\AnalyzerError\A10_OfStructToToNullable.txt">
      <Filter>Resource Files\AnalyzerError</Filter>
    </Text>
    <Text Include="..\..\Resources\AnalyzerError\A10_OfStructToToRawPtr.txt">
      <Filter>Resource Files\AnalyzerError</Filter>
    </Text>
    <Text Include="..\..\Resources\AnalyzerError\A10_OfStructToToSharedPtr.txt">
      <Filter>Resource Files\AnalyzerError</Filter>
    </Text>
    <Text Include="..\..\Resources\AnalyzerError\A10_OfStructToToStruct.txt">
      <Filter>Resource Files\AnalyzerError</Filter>
    </Text>
    <Text Include="..\..\Resources\AnalyzerError\A10_OrderedLambdaToStruct.txt">
      <Filter>Resource Files\AnalyzerError</Filter>
    </Text>
    <Text Include="..\..\Resources\AnalyzerError\A10_OrderedLambdaToWrongBody.txt">
      <Filter>Resource Files\AnalyzerError</Filter>
    </Text>
    <Text Include="..\..\Resources\AnalyzerError\A10_OrderedLambdaToWrongFunctionType.txt">
      <Filter>Resource Files\AnalyzerError</Filter>
    </Text>
    <Text Include="..\..\Resources\AnalyzerError\A10_PropertyMemberToNullable.txt">
      <Filter>Resource Files\AnalyzerError</Filter>
    </Text>
    <Text Include="..\..\Resources\AnalyzerError\A10_RawPtrToNullable.txt">
      <Filter>Resource Files\AnalyzerError</Filter>
    </Text>
    <Text Include="..\..\Resources\AnalyzerError\A10_RawPtrToSharedPtr.txt">
      <Filter>Resource Files\AnalyzerError</Filter>
    </Text>
    <Text Include="..\..\Resources\AnalyzerError\A10_RawPtrToStruct.txt">
      <Filter>Resource Files\AnalyzerError</Filter>
    </Text>
    <Text Include="..\..\Resources\AnalyzerError\A10_SharedPtrToNullable.txt">
      <Filter>Resource Files\AnalyzerError</Filter>
    </Text>
    <Text Include="..\..\Resources\AnalyzerError\A10_SharedPtrToRaw.txt">
      <Filter>Resource Files\AnalyzerError</Filter>
    </Text>
    <Text Include="..\..\Resources\AnalyzerError\A10_SharedPtrToStruct.txt">
      <Filter>Resource Files\AnalyzerError</Filter>
    </Text>
    <Text Include="..\..\Resources\AnalyzerError\A10_StaticMethodReturnTypeNotCompatible.txt">
      <Filter>Resource Files\AnalyzerError</Filter>
    </Text>
    <Text Include="..\..\Resources\AnalyzerError\A10_StaticMethodReturnTypeNotCompatible2.txt">
      <Filter>Resource Files\AnalyzerError</Filter>
    </Text>
    <Text Include="..\..\Resources\AnalyzerError\A10_StructToToNullable.txt">
      <Filter>Resource Files\AnalyzerError</Filter>
    </Text>
    <Text Include="..\..\Resources\AnalyzerError\A10_StructToToRawPtr.txt">
      <Filter>Resource Files\AnalyzerError</Filter>
    </Text>
    <Text Include="..\..\Resources\AnalyzerError\A10_StructToToSharedPtr.txt">
      <Filter>Resource Files\AnalyzerError</Filter>
    </Text>
    <Text Include="..\..\Resources\AnalyzerError\A10_StructToToStruct.txt">
      <Filter>Resource Files\AnalyzerError</Filter>
    </Text>
    <Text Include="..\..\Resources\AnalyzerError\A10_WrongAttachExpression.txt">
      <Filter>Resource Files\AnalyzerError</Filter>
    </Text>
    <Text Include="..\..\Resources\AnalyzerError\A10_WrongAttachExpressionToStruct.txt">
      <Filter>Resource Files\AnalyzerError</Filter>
    </Text>
    <Text Include="..\..\Resources\AnalyzerError\A10_WrongDetachExpression.txt">
      <Filter>Resource Files\AnalyzerError</Filter>
    </Text>
    <Text Include="..\..\Resources\AnalyzerError\A10_WrongDetachExpressionToStruct.txt">
      <Filter>Resource Files\AnalyzerError</Filter>
    </Text>
    <Text Include="..\..\Resources\AnalyzerError\A10_WrongIfVariable.txt">
      <Filter>Resource Files\AnalyzerError</Filter>
    </Text>
    <Text Include="..\..\Resources\AnalyzerError\A10_WrongTypeOfExpressionToStruct.txt">
      <Filter>Resource Files\AnalyzerError</Filter>
    </Text>
    <Text Include="..\..\Resources\AnalyzerError\A10_WrongTypeOfTypeToStruct.txt">
      <Filter>Resource Files\AnalyzerError</Filter>
    </Text>
    <Text Include="..\..\Resources\AnalyzerError\A10_WrongTypeTestingToStruct.txt">
      <Filter>Resource Files\AnalyzerError</Filter>
    </Text>
    <Text Include="..\..\Resources\AnalyzerError\A11_AsNullableToRawPtr.txt">
      <Filter>Resource Files\AnalyzerError</Filter>
    </Text>
    <Text Include="..\..\Resources\AnalyzerError\A11_AsNullableToSharedPtr.txt">
      <Filter>Resource Files\AnalyzerError</Filter>
    </Text>
    <Text Include="..\..\Resources\AnalyzerError\A11_AsRawPtrToNullable.txt">
      <Filter>Resource Files\AnalyzerError</Filter>
    </Text>
    <Text Include="..\..\Resources\AnalyzerError\A11_AsRawPtrToStruct.txt">
      <Filter>Resource Files\AnalyzerError</Filter>
    </Text>
    <Text Include="..\..\Resources\AnalyzerError\A11_AsSharedPtrToNullable.txt">
      <Filter>Resource Files\AnalyzerError</Filter>
    </Text>
    <Text Include="..\..\Resources\AnalyzerError\A11_AsSharedPtrToStruct.txt">
      <Filter>Resource Files\AnalyzerError</Filter>
    </Text>
    <Text Include="..\..\Resources\AnalyzerError\A11_AsStructToToRawPtr.txt">
      <Filter>Resource Files\AnalyzerError</Filter>
    </Text>
    <Text Include="..\..\Resources\AnalyzerError\A11_AsStructToToSharedPtr.txt">
      <Filter>Resource Files\AnalyzerError</Filter>
    </Text>
    <Text Include="..\..\Resources\AnalyzerError\A11_NullableToRawPtr.txt">
      <Filter>Resource Files\AnalyzerError</Filter>
    </Text>
    <Text Include="..\..\Resources\AnalyzerError\A11_NullableToSharedPtr.txt">
      <Filter>Resource Files\AnalyzerError</Filter>
    </Text>
    <Text Include="..\..\Resources\AnalyzerError\A11_RawPtrToNullable.txt">
      <Filter>Resource Files\AnalyzerError</Filter>
    </Text>
    <Text Include="..\..\Resources\AnalyzerError\A11_RawPtrToStruct.txt">
      <Filter>Resource Files\AnalyzerError</Filter>
    </Text>
    <Text Include="..\..\Resources\AnalyzerError\A11_SharedPtrToNullable.txt">
      <Filter>Resource Files\AnalyzerError</Filter>
    </Text>
    <Text Include="..\..\Resources\AnalyzerError\A11_SharedPtrToStruct.txt">
      <Filter>Resource Files\AnalyzerError</Filter>
    </Text>
    <Text Include="..\..\Resources\AnalyzerError\A11_StructToToRawPtr.txt">
      <Filter>Resource Files\AnalyzerError</Filter>
    </Text>
    <Text Include="..\..\Resources\AnalyzerError\A11_StructToToSharedPtr.txt">
      <Filter>Resource Files\AnalyzerError</Filter>
    </Text>
    <Text Include="..\..\Resources\AnalyzerError\A12_StructToStruct.txt">
      <Filter>Resource Files\AnalyzerError</Filter>
    </Text>
    <Text Include="..\..\Resources\AnalyzerError\A13_IntegerLiteralOutOfRange.txt">
      <Filter>Resource Files\AnalyzerError</Filter>
    </Text>
    <Text Include="..\..\Resources\AnalyzerError\A14_IfExpressionCannotMergeType.txt">
      <Filter>Resource Files\AnalyzerError</Filter>
    </Text>
    <Text Include="..\..\Resources\AnalyzerError\A14_IncompatibleList.txt">
      <Filter>Resource Files\AnalyzerError</Filter>
    </Text>
    <Text Include="..\..\Resources\AnalyzerError\A14_IncompatibleMap.txt">
      <Filter>Resource Files\AnalyzerError</Filter>
    </Text>
    <Text Include="..\..\Resources\AnalyzerError\A14_IncompatibleSwitch.txt">
      <Filter>Resource Files\AnalyzerError</Filter>
    </Text>
    <Text Include="..\..\Resources\AnalyzerError\A14_RangeCannotMergeType.txt">
      <Filter>Resource Files\AnalyzerError</Filter>
    </Text>
    <Text Include="..\..\Resources\AnalyzerError\A14_SetTestingInWrongCollection.txt">
      <Filter>Resource Files\AnalyzerError</Filter>
    </Text>
    <Text Include="..\..\Resources\AnalyzerError\A15_RangeOfBoolean.txt">
      <Filter>Resource Files\AnalyzerError</Filter>
    </Text>
    <Text Include="..\..\Resources\AnalyzerError\A17_IndexNotEnumerableObject.txt">
      <Filter>Resource Files\AnalyzerError</Filter>
    </Text>
    <Text Include="..\..\Resources\AnalyzerError\A18_ForInNotEnumerableObject.txt">
      <Filter>Resource Files\AnalyzerError</Filter>
    </Text>
    <Text Include="..\..\Resources\AnalyzerError\A18_SetTestingInNotEnumerableObject.txt">
      <Filter>Resource Files\AnalyzerError</Filter>
    </Text>
    <Text Include="..\..\Resources\AnalyzerError\A19_CallStruct.txt">
      <Filter>Resource Files\AnalyzerError</Filter>
    </Text>
    <Text Include="..\..\Resources\AnalyzerError\A20_CallWrongArgumentCount.txt">
      <Filter>Resource Files\AnalyzerError</Filter>
    </Text>
    <Text Include="..\..\Resources\AnalyzerError\A21_CallWrongArgument.txt">
      <Filter>Resource Files\AnalyzerError</Filter>
    </Text>
    <Text Include="..\..\Resources\AnalyzerError\A22_CannotPickOverloadedConstructor.txt">
      <Filter>Resource Files\AnalyzerError</Filter>
    </Text>
    <Text Include="..\..\Resources\AnalyzerError\A22_CannotPickOverloadedFunctions.txt">
      <Filter>Resource Files\AnalyzerError</Filter>
    </Text>
    <Text Include="..\..\Resources\AnalyzerError\A23_ImplementStruct.txt">
      <Filter>Resource Files\AnalyzerError</Filter>
    </Text>
    <Text Include="..\..\Resources\AnalyzerError\A23_NewStruct.txt">
      <Filter>Resource Files\AnalyzerError</Filter>
    </Text>
    <Text Include="..\..\Resources\AnalyzerError\A24_CallRawConstructorToShared.txt">
      <Filter>Resource Files\AnalyzerError</Filter>
    </Text>
    <Text Include="..\..\Resources\AnalyzerError\A25_AssignToArgument.txt">
      <Filter>Resource Files\AnalyzerError</Filter>
    </Text>
    <Text Include="..\..\Resources\AnalyzerError\A25_AssignToCapturedVariable.txt">
      <Filter>Resource Files\AnalyzerError</Filter>
    </Text>
    <Text Include="..\..\Resources\AnalyzerError\A25_AssignToCapturedVariable2.txt">
      <Filter>Resource Files\AnalyzerError</Filter>
    </Text>
    <Text Include="..\..\Resources\AnalyzerError\A25_AssignToConstant.txt">
      <Filter>Resource Files\AnalyzerError</Filter>
    </Text>
    <Text Include="..\..\Resources\AnalyzerError\A25_AssignToFunctionCall.txt">
      <Filter>Resource Files\AnalyzerError</Filter>
    </Text>
    <Text Include="..\..\Resources\AnalyzerError\A25_AssignToLambdaArgument.txt">
      <Filter>Resource Files\AnalyzerError</Filter>
    </Text>
    <Text Include="..\..\Resources\AnalyzerError\A25_AssignToOrderedLambdaArgument.txt">
      <Filter>Resource Files\AnalyzerError</Filter>
    </Text>
    <Text Include="..\..\Resources\AnalyzerError\A25_AssignToReadonlyList.txt">
      <Filter>Resource Files\AnalyzerError</Filter>
    </Text>
    <Text Include="..\..\Resources\AnalyzerError\A25_AssignToReadonlyProperty.txt">
      <Filter>Resource Files\AnalyzerError</Filter>
    </Text>
    <Text Include="..\..\Resources\AnalyzerError\A25_AssignToStructField.txt">
      <Filter>Resource Files\AnalyzerError</Filter>
    </Text>
    <Text Include="..\..\Resources\AnalyzerError\B0_VoidArgument.txt">
      <Filter>Resource Files\AnalyzerError</Filter>
    </Text>
    <Text Include="..\..\Resources\AnalyzerError\B0_VoidEventArgument.txt">
      <Filter>Resource Files\AnalyzerError</Filter>
    </Text>
    <Text Include="..\..\Resources\AnalyzerError\B0_VoidMapElement.txt">
      <Filter>Resource Files\AnalyzerError</Filter>
    </Text>
    <Text Include="..\..\Resources\AnalyzerError\B0_VoidProperty.txt">
      <Filter>Resource Files\AnalyzerError</Filter>
    </Text>
    <Text Include="..\..\Resources\AnalyzerError\B0_VoidVariable.txt">
      <Filter>Resource Files\AnalyzerError</Filter>
    </Text>
    <Text Include="..\..\Resources\AnalyzerError\B1_InterfaceArgument.txt">
      <Filter>Resource Files\AnalyzerError</Filter>
    </Text>
    <Text Include="..\..\Resources\AnalyzerError\B1_InterfaceMapElement.txt">
      <Filter>Resource Files\AnalyzerError</Filter>
    </Text>
    <Text Include="..\..\Resources\AnalyzerError\B1_InterfaceVariable.txt">
      <Filter>Resource Files\AnalyzerError</Filter>
    </Text>
    <Text Include="..\..\Resources\AnalyzerError\B2_RawPointerToEnumerable.txt">
      <Filter>Resource Files\AnalyzerError</Filter>
    </Text>
    <Text Include="..\..\Resources\AnalyzerError\B2_RawPointerToMap.txt">
      <Filter>Resource Files\AnalyzerError</Filter>
    </Text>
    <Text Include="..\..\Resources\AnalyzerError\B2_RawPointerToString.txt">
      <Filter>Resource Files\AnalyzerError</Filter>
    </Text>
    <Text Include="..\..\Resources\AnalyzerError\B2_RawPointerToStruct.txt">
      <Filter>Resource Files\AnalyzerError</Filter>
    </Text>
    <Text Include="..\..\Resources\AnalyzerError\B2_RawPointerToVoid.txt">
      <Filter>Resource Files\AnalyzerError</Filter>
    </Text>
    <Text Include="..\..\Resources\AnalyzerError\B3_SharedPointerToEnumerable.txt">
      <Filter>Resource Files\AnalyzerError</Filter>
    </Text>
    <Text Include="..\..\Resources\AnalyzerError\B3_SharedPointerToMap.txt">
      <Filter>Resource Files\AnalyzerError</Filter>
    </Text>
    <Text Include="..\..\Resources\AnalyzerError\B3_SharedPointerToString.txt">
      <Filter>Resource Files\AnalyzerError</Filter>
    </Text>
    <Text Include="..\..\Resources\AnalyzerError\B3_SharedPointerToStruct.txt">
      <Filter>Resource Files\AnalyzerError</Filter>
    </Text>
    <Text Include="..\..\Resources\AnalyzerError\B3_SharedPointerToVoid.txt">
      <Filter>Resource Files\AnalyzerError</Filter>
    </Text>
    <Text Include="..\..\Resources\AnalyzerError\B4_NullableToClass.txt">
      <Filter>Resource Files\AnalyzerError</Filter>
    </Text>
    <Text Include="..\..\Resources\AnalyzerError\B4_NullableToEnumerable.txt">
      <Filter>Resource Files\AnalyzerError</Filter>
    </Text>
    <Text Include="..\..\Resources\AnalyzerError\B4_NullableToMap.txt">
      <Filter>Resource Files\AnalyzerError</Filter>
    </Text>
    <Text Include="..\..\Resources\AnalyzerError\B4_NullableToVoid.txt">
      <Filter>Resource Files\AnalyzerError</Filter>
    </Text>
    <Text Include="..\..\Resources\AnalyzerError\B5_ChildOfEnumerable.txt">
      <Filter>Resource Files\AnalyzerError</Filter>
    </Text>
    <Text Include="..\..\Resources\AnalyzerError\B5_ChildOfMap.txt">
      <Filter>Resource Files\AnalyzerError</Filter>
    </Text>
    <Text Include="..\..\Resources\AnalyzerError\B6_FunctionIsNotType.txt">
      <Filter>Resource Files\AnalyzerError</Filter>
    </Text>
    <Text Include="..\..\Resources\AnalyzerError\B6_VariableIsNotType.txt">
      <Filter>Resource Files\AnalyzerError</Filter>
    </Text>
    <Text Include="..\..\Resources\AnalyzerError\B7_ClassNotForValue.txt">
      <Filter>Resource Files\AnalyzerError</Filter>
    </Text>
    <Text Include="..\..\Resources\AnalyzerError\C0_BreakNotInLoop.txt">
      <Filter>Resource Files\AnalyzerError</Filter>
    </Text>
    <Text Include="..\..\Resources\AnalyzerError\C1_ContinueNotInLoop.txt">
      <Filter>Resource Files\AnalyzerError</Filter>
    </Text>
    <Text Include="..\..\Resources\AnalyzerError\C2_RethrowNotInCatch.txt">
      <Filter>Resource Files\AnalyzerError</Filter>
    </Text>
    <Text Include="..\..\Resources\AnalyzerError\C3_TryMissCatchAndFinally.txt">
      <Filter>Resource Files\AnalyzerError</Filter>
    </Text>
    <Text Include="..\..\Resources\AnalyzerError\C4_ReturnMissExpression.txt">
      <Filter>Resource Files\AnalyzerError</Filter>
    </Text>
    <Text Include="..\..\Resources\AnalyzerError\C5_DeleteNonRawPointer.txt">
      <Filter>Resource Files\AnalyzerError</Filter>
    </Text>
    <Text Include="..\..\Resources\AnalyzerError\D0_AnonymousFunction.txt">
      <Filter>Resource Files\AnalyzerError</Filter>
    </Text>
    <Text Include="..\..\Resources\AnalyzerError\D0_AnonymousInterfaceFunction.txt">
      <Filter>Resource Files\AnalyzerError</Filter>
    </Text>
    <Text Include="..\..\Resources\AnalyzerError\D0_ClassMethodNoBlock.txt">
      <Filter>Resource Files\AnalyzerError</Filter>
    </Text>
    <Text Include="..\..\Resources\AnalyzerError\D0_FunctionNoBlock.txt">
      <Filter>Resource Files\AnalyzerError</Filter>
    </Text>
    <Text Include="..\..\Resources\AnalyzerError\D0_InterfaceMethodHasBlock.txt">
      <Filter>Resource Files\AnalyzerError</Filter>
    </Text>
    <Text Include="..\..\Resources\AnalyzerError\D0_InterfaceStaticMethodNoBlock.txt">
      <Filter>Resource Files\AnalyzerError</Filter>
    </Text>
    <Text Include="..\..\Resources\AnalyzerError\D1_DuplicatedClass.txt">
      <Filter>Resource Files\AnalyzerError</Filter>
    </Text>
    <Text Include="..\..\Resources\AnalyzerError\D1_DuplicatedFunction.txt">
      <Filter>Resource Files\AnalyzerError</Filter>
    </Text>
    <Text Include="..\..\Resources\AnalyzerError\D1_DuplicatedNamespace.txt">
      <Filter>Resource Files\AnalyzerError</Filter>
    </Text>
    <Text Include="..\..\Resources\AnalyzerError\D1_DuplicatedVariable.txt">
      <Filter>Resource Files\AnalyzerError</Filter>
    </Text>
    <Text Include="..\..\Resources\AnalyzerError\D1_OverloadedFunction.txt">
      <Filter>Resource Files\AnalyzerError</Filter>
    </Text>
    <Text Include="..\..\Resources\AnalyzerError\D1_OverloadedNamespace.txt">
      <Filter>Resource Files\AnalyzerError</Filter>
    </Text>
    <Text Include="..\..\Resources\AnalyzerError\D1_OverloadedVariable.txt">
      <Filter>Resource Files\AnalyzerError</Filter>
    </Text>
    <Text Include="..\..\Resources\AnalyzerError\D2_DuplicatedClass.txt">
      <Filter>Resource Files\AnalyzerError</Filter>
    </Text>
    <Text Include="..\..\Resources\AnalyzerError\D2_DuplicatedFunctionArgument.txt">
      <Filter>Resource Files\AnalyzerError</Filter>
    </Text>
    <Text Include="..\..\Resources\AnalyzerError\D2_DuplicatedLambdaFunctionArgument.txt">
      <Filter>Resource Files\AnalyzerError</Filter>
    </Text>
    <Text Include="..\..\Resources\AnalyzerError\D2_DuplicatedLetVariable.txt">
      <Filter>Resource Files\AnalyzerError</Filter>
    </Text>
    <Text Include="..\..\Resources\AnalyzerError\D2_DuplicatedVariable.txt">
      <Filter>Resource Files\AnalyzerError</Filter>
    </Text>
    <Text Include="..\..\Resources\AnalyzerError\D3_ImplementMissFunction.txt">
      <Filter>Resource Files\AnalyzerError</Filter>
    </Text>
    <Text Include="..\..\Resources\AnalyzerError\D4_ImplementUnexistsFunction.txt">
      <Filter>Resource Files\AnalyzerError</Filter>
    </Text>
    <Text Include="..\..\Resources\AnalyzerError\D6_ImplementDuplicateFunction.txt">
      <Filter>Resource Files\AnalyzerError</Filter>
    </Text>
    <Text Include="..\..\Resources\AnalyzerError\D7_EventOutsideOfClasses.txt">
      <Filter>Resource Files\AnalyzerError</Filter>
    </Text>
    <Text Include="..\..\Resources\AnalyzerError\D7_PropertyOutsideOfClasses.txt">
      <Filter>Resource Files\AnalyzerError</Filter>
    </Text>
    <Text Include="..\..\Resources\AnalyzerError\E0_NoWildCard.txt">
      <Filter>Resource Files\AnalyzerError</Filter>
    </Text>
    <Text Include="..\..\Resources\AnalyzerError\E0_TooManyWildCard.txt">
      <Filter>Resource Files\AnalyzerError</Filter>
    </Text>
    <Text Include="..\..\Resources\AnalyzerError\E0_WildCardInWrongPlace.txt">
      <Filter>Resource Files\AnalyzerError</Filter>
    </Text>
    <Text Include="..\..\Resources\AnalyzerError\F0_ExpressionTopQualifiedSymbolNotExists.txt">
      <Filter>Resource Files\AnalyzerError</Filter>
    </Text>
    <Text Include="..\..\Resources\AnalyzerError\F0_TypeTopQualifiedSymbolNotExists.txt">
      <Filter>Resource Files\AnalyzerError</Filter>
    </Text>
    <Text Include="..\..\Resources\AnalyzerError\F1_ExpressionChildSymbolNotExists.txt">
      <Filter>Resource Files\AnalyzerError</Filter>
    </Text>
    <Text Include="..\..\Resources\AnalyzerError\F1_ObservedEventNotExists.txt">
      <Filter>Resource Files\AnalyzerError</Filter>
    </Text>
    <Text Include="..\..\Resources\AnalyzerError\F1_ObservedEventNotExists2.txt">
      <Filter>Resource Files\AnalyzerError</Filter>
    </Text>
    <Text Include="..\..\Resources\AnalyzerError\F1_ObservedPropertyNotExists.txt">
      <Filter>Resource Files\AnalyzerError</Filter>
    </Text>
    <Text Include="..\..\Resources\AnalyzerError\F1_ObservedPropertyNotExists2.txt">
      <Filter>Resource Files\AnalyzerError</Filter>
    </Text>
    <Text Include="..\..\Resources\AnalyzerError\F1_StaticMethodNotExists.txt">
      <Filter>Resource Files\AnalyzerError</Filter>
    </Text>
    <Text Include="..\..\Resources\AnalyzerError\F1_TypeChildSymbolNotExists.txt">
      <Filter>Resource Files\AnalyzerError</Filter>
    </Text>
    <Text Include="..\..\Resources\AnalyzerError\F1_TypeMemberNotExists.txt">
      <Filter>Resource Files\AnalyzerError</Filter>
    </Text>
    <Text Include="..\..\Resources\AnalyzerError\F2_ExpressionReferenceNotExists.txt">
      <Filter>Resource Files\AnalyzerError</Filter>
    </Text>
    <Text Include="..\..\Resources\AnalyzerError\F2_ExpressionReferenceNotExists2.txt">
      <Filter>Resource Files\AnalyzerError</Filter>
    </Text>
    <Text Include="..\..\Resources\AnalyzerError\F2_TypeReferenceNotExists.txt">
      <Filter>Resource Files\AnalyzerError</Filter>
    </Text>
    <Text Include="..\..\Resources\AnalyzerError\F3_ExpressionReferenceToFunctionsByUsing.txt">
      <Filter>Resource Files\AnalyzerError</Filter>
    </Text>
    <Text Include="..\..\Resources\AnalyzerError\F3_ExpressionReferenceToFunctionsInLocalAndUsing.txt">
      <Filter>Resource Files\AnalyzerError</Filter>
    </Text>
    <Text Include="..\..\Resources\AnalyzerError\F3_ExpressionReferenceToFunctionsInNestedNamespaces.txt">
      <Filter>Resource Files\AnalyzerError</Filter>
    </Text>
    <Text Include="..\..\Resources\AnalyzerError\F3_ExpressionReferenceToVariablesInNestedBlocks.txt">
      <Filter>Resource Files\AnalyzerError</Filter>
    </Text>
    <Text Include="..\..\Resources\AnalyzerError\F3_TypeReferenceToFunctionsByUsing.txt">
      <Filter>Resource Files\AnalyzerError</Filter>
    </Text>
    <Text Include="..\..\Resources\AnalyzerError\F3_TypeReferenceToFunctionsInLocalAndUsing.txt">
      <Filter>Resource Files\AnalyzerError</Filter>
    </Text>
    <Text Include="..\..\Resources\AnalyzerError\F3_TypeReferenceToFunctionsInNestedNamespaces.txt">
      <Filter>Resource Files\AnalyzerError</Filter>
    </Text>
    <Text Include="..\..\Resources\AnalyzerError\F3_TypeReferenceToVariablesInNestedBlocks.txt">
      <Filter>Resource Files\AnalyzerError</Filter>
    </Text>
    <Text Include="..\..\Resources\AnalyzerError\G2_NamespaceInClass.txt">
      <Filter>Resource Files\AnalyzerError</Filter>
    </Text>
    <Text Include="..\..\Resources\AnalyzerError\G3_UnexistingPropertyEvent.txt">
      <Filter>Resource Files\AnalyzerError</Filter>
    </Text>
    <Text Include="..\..\Resources\AnalyzerError\G3_UnexistingPropertyGetter.txt">
      <Filter>Resource Files\AnalyzerError</Filter>
    </Text>
    <Text Include="..\..\Resources\AnalyzerError\G3_UnexistingPropertySetter.txt">
      <Filter>Resource Files\AnalyzerError</Filter>
    </Text>
    <Text Include="..\..\Resources\AnalyzerError\G4_TooManyPropertyEvent.txt">
      <Filter>Resource Files\AnalyzerError</Filter>
    </Text>
    <Text Include="..\..\Resources\AnalyzerError\G4_TooManyPropertyGetter.txt">
      <Filter>Resource Files\AnalyzerError</Filter>
    </Text>
    <Text Include="..\..\Resources\AnalyzerError\G4_TooManyPropertySetter.txt">
      <Filter>Resource Files\AnalyzerError</Filter>
    </Text>
    <Text Include="..\..\Resources\AnalyzerError\G5_PropertyGetterWrongArgumentType.txt">
      <Filter>Resource Files\AnalyzerError</Filter>
    </Text>
    <Text Include="..\..\Resources\AnalyzerError\G5_PropertyGetterWrongReturnType.txt">
      <Filter>Resource Files\AnalyzerError</Filter>
    </Text>
    <Text Include="..\..\Resources\AnalyzerError\G5_PropertySetterWrongArgumentType.txt">
      <Filter>Resource Files\AnalyzerError</Filter>
    </Text>
    <Text Include="..\..\Resources\AnalyzerError\G5_PropertySetterWrongReturnType.txt">
      <Filter>Resource Files\AnalyzerError</Filter>
    </Text>
    <Text Include="..\..\Resources\AnalyzerError\G6_WrongBaseType.txt">
      <Filter>Resource Files\AnalyzerError</Filter>
    </Text>
    <Text Include="..\..\Resources\AnalyzerScope\ModuleA.txt">
      <Filter>Resource Files\AnalyzerScope</Filter>
    </Text>
    <Text Include="..\..\Resources\AnalyzerScope\ModuleB.txt">
      <Filter>Resource Files\AnalyzerScope</Filter>
    </Text>
    <Text Include="..\..\Resources\AnalyzerScope\ModuleC.txt">
      <Filter>Resource Files\AnalyzerScope</Filter>
    </Text>
    <Text Include="..\..\Resources\Codegen\AnonymousLambda.txt">
      <Filter>Resource Files\Codegen</Filter>
    </Text>
    <Text Include="..\..\Resources\Codegen\BindComplex.txt">
      <Filter>Resource Files\Codegen</Filter>
    </Text>
    <Text Include="..\..\Resources\Codegen\BindCustomInterface.txt">
      <Filter>Resource Files\Codegen</Filter>
    </Text>
    <Text Include="..\..\Resources\Codegen\BindFormat.txt">
      <Filter>Resource Files\Codegen</Filter>
    </Text>
    <Text Include="..\..\Resources\Codegen\BindSimple.txt">
      <Filter>Resource Files\Codegen</Filter>
    </Text>
    <Text Include="..\..\Resources\Codegen\CallStaticMethod.txt">
      <Filter>Resource Files\Codegen</Filter>
    </Text>
    <Text Include="..\..\Resources\Codegen\ClassField.txt">
      <Filter>Resource Files\Codegen</Filter>
    </Text>
    <Text Include="..\..\Resources\Codegen\ControlFlow.txt">
      <Filter>Resource Files\Codegen</Filter>
    </Text>
    <Text Include="..\..\Resources\Codegen\Delete.txt">
      <Filter>Resource Files\Codegen</Filter>
    </Text>
    <Text Include="..\..\Resources\Codegen\ElementInSet.txt">
      <Filter>Resource Files\Codegen</Filter>
    </Text>
    <Text Include="..\..\Resources\Codegen\Event.txt">
      <Filter>Resource Files\Codegen</Filter>
    </Text>
    <Text Include="..\..\Resources\Codegen\FailedThen.txt">
      <Filter>Resource Files\Codegen</Filter>
    </Text>
    <Text Include="..\..\Resources\Codegen\ForEach.txt">
      <Filter>Resource Files\Codegen</Filter>
    </Text>
    <Text Include="..\..\Resources\Codegen\GlobalVariable.txt">
      <Filter>Resource Files\Codegen</Filter>
    </Text>
    <Text Include="..\..\Resources\Codegen\HelloWorld.txt">
      <Filter>Resource Files\Codegen</Filter>
    </Text>
    <Text Include="..\..\Resources\Codegen\IfNotNull.txt">
      <Filter>Resource Files\Codegen</Filter>
    </Text>
    <Text Include="..\..\Resources\Codegen\LetIn.txt">
      <Filter>Resource Files\Codegen</Filter>
    </Text>
    <Text Include="..\..\Resources\Codegen\ListProcessing.txt">
      <Filter>Resource Files\Codegen</Filter>
    </Text>
    <Text Include="..\..\Resources\Codegen\MapProcessing.txt">
      <Filter>Resource Files\Codegen</Filter>
    </Text>
    <Text Include="..\..\Resources\Codegen\MethodClosure.txt">
      <Filter>Resource Files\Codegen</Filter>
    </Text>
    <Text Include="..\..\Resources\Codegen\NamedLambda.txt">
      <Filter>Resource Files\Codegen</Filter>
    </Text>
    <Text Include="..\..\Resources\Codegen\NewInterface.txt">
      <Filter>Resource Files\Codegen</Filter>
    </Text>
    <Text Include="..\..\Resources\Codegen\OpAdd.txt">
      <Filter>Resource Files\Codegen</Filter>
    </Text>
    <Text Include="..\..\Resources\Codegen\OpAnd.txt">
      <Filter>Resource Files\Codegen</Filter>
    </Text>
    <Text Include="..\..\Resources\Codegen\OpCompare.txt">
      <Filter>Resource Files\Codegen</Filter>
    </Text>
    <Text Include="..\..\Resources\Codegen\OpCompareReference.txt">
      <Filter>Resource Files\Codegen</Filter>
    </Text>
    <Text Include="..\..\Resources\Codegen\OpDiv.txt">
      <Filter>Resource Files\Codegen</Filter>
    </Text>
    <Text Include="..\..\Resources\Codegen\OpMod.txt">
      <Filter>Resource Files\Codegen</Filter>
    </Text>
    <Text Include="..\..\Resources\Codegen\OpMul.txt">
      <Filter>Resource Files\Codegen</Filter>
    </Text>
    <Text Include="..\..\Resources\Codegen\OpNegative.txt">
      <Filter>Resource Files\Codegen</Filter>
    </Text>
    <Text Include="..\..\Resources\Codegen\OpNot.txt">
      <Filter>Resource Files\Codegen</Filter>
    </Text>
    <Text Include="..\..\Resources\Codegen\OpOr.txt">
      <Filter>Resource Files\Codegen</Filter>
    </Text>
    <Text Include="..\..\Resources\Codegen\OpPositive.txt">
      <Filter>Resource Files\Codegen</Filter>
    </Text>
    <Text Include="..\..\Resources\Codegen\OpShl.txt">
      <Filter>Resource Files\Codegen</Filter>
    </Text>
    <Text Include="..\..\Resources\Codegen\OpShr.txt">
      <Filter>Resource Files\Codegen</Filter>
    </Text>
    <Text Include="..\..\Resources\Codegen\OpSub.txt">
      <Filter>Resource Files\Codegen</Filter>
    </Text>
    <Text Include="..\..\Resources\Codegen\OpXor.txt">
      <Filter>Resource Files\Codegen</Filter>
    </Text>
    <Text Include="..\..\Resources\Codegen\OrderedLambda.txt">
      <Filter>Resource Files\Codegen</Filter>
    </Text>
    <Text Include="..\..\Resources\Codegen\Property.txt">
      <Filter>Resource Files\Codegen</Filter>
    </Text>
    <Text Include="..\..\Resources\Codegen\RecursiveFunction.txt">
      <Filter>Resource Files\Codegen</Filter>
    </Text>
    <Text Include="..\..\Resources\Codegen\StaticMethod.txt">
      <Filter>Resource Files\Codegen</Filter>
    </Text>
    <Text Include="..\..\Resources\Codegen\TryCatch.txt">
      <Filter>Resource Files\Codegen</Filter>
    </Text>
    <Text Include="..\..\Resources\Codegen\TryFinally.txt">
      <Filter>Resource Files\Codegen</Filter>
    </Text>
    <Text Include="..\..\Resources\Codegen\TypeOf.txt">
      <Filter>Resource Files\Codegen</Filter>
    </Text>
    <Text Include="..\..\Resources\Codegen\TypeTesting.txt">
      <Filter>Resource Files\Codegen</Filter>
    </Text>
    <Text Include="..\..\Resources\Debugger\Assignment.txt">
      <Filter>Resource Files\Debugger</Filter>
    </Text>
    <Text Include="..\..\Resources\Debugger\Event.txt">
      <Filter>Resource Files\Debugger</Filter>
    </Text>
    <Text Include="..\..\Resources\Debugger\Function.txt">
      <Filter>Resource Files\Debugger</Filter>
    </Text>
    <Text Include="..\..\Resources\Debugger\HelloWorld.txt">
      <Filter>Resource Files\Debugger</Filter>
    </Text>
    <Text Include="..\..\Resources\Debugger\Operation.txt">
      <Filter>Resource Files\Debugger</Filter>
    </Text>
    <Text Include="..\..\Resources\Debugger\RaiseException.txt">
      <Filter>Resource Files\Debugger</Filter>
    </Text>
    <Text Include="..\..\Resources\Declaration\Function.txt">
      <Filter>Resource Files\Declaration</Filter>
    </Text>
    <Text Include="..\..\Resources\Declaration\HelloWorld.txt">
      <Filter>Resource Files\Declaration</Filter>
    </Text>
    <Text Include="..\..\Resources\Declaration\Namespace.txt">
      <Filter>Resource Files\Declaration</Filter>
    </Text>
    <Text Include="..\..\Resources\Declaration\NestedNamespace.txt">
      <Filter>Resource Files\Declaration</Filter>
    </Text>
    <Text Include="..\..\Resources\Declaration\Variable.txt">
      <Filter>Resource Files\Declaration</Filter>
    </Text>
    <Text Include="..\..\Resources\Declaration\Class.txt">
      <Filter>Resource Files\Declaration</Filter>
    </Text>
    <Text Include="..\..\Resources\Expression\Bind.txt">
      <Filter>Resource Files\Expression</Filter>
    </Text>
    <Text Include="..\..\Resources\Expression\Bracket.txt">
      <Filter>Resource Files\Expression</Filter>
    </Text>
    <Text Include="..\..\Resources\Expression\Call.txt">
      <Filter>Resource Files\Expression</Filter>
    </Text>
    <Text Include="..\..\Resources\Expression\CastStrong.txt">
      <Filter>Resource Files\Expression</Filter>
    </Text>
    <Text Include="..\..\Resources\Expression\CastWeak.txt">
      <Filter>Resource Files\Expression</Filter>
    </Text>
    <Text Include="..\..\Resources\Expression\Child.txt">
      <Filter>Resource Files\Expression</Filter>
    </Text>
    <Text Include="..\..\Resources\Expression\Detach.txt">
      <Filter>Resource Files\Expression</Filter>
    </Text>
    <Text Include="..\..\Resources\Expression\EmptyCollection.txt">
      <Filter>Resource Files\Expression</Filter>
    </Text>
    <Text Include="..\..\Resources\Expression\ExtendedObserve1.txt">
      <Filter>Resource Files\Expression</Filter>
    </Text>
    <Text Include="..\..\Resources\Expression\ExtendedObserve2.txt">
      <Filter>Resource Files\Expression</Filter>
    </Text>
    <Text Include="..\..\Resources\Expression\False.txt">
      <Filter>Resource Files\Expression</Filter>
    </Text>
    <Text Include="..\..\Resources\Expression\Float.txt">
      <Filter>Resource Files\Expression</Filter>
    </Text>
    <Text Include="..\..\Resources\Expression\FormatString.txt">
      <Filter>Resource Files\Expression</Filter>
    </Text>
    <Text Include="..\..\Resources\Expression\Function.txt">
      <Filter>Resource Files\Expression</Filter>
    </Text>
    <Text Include="..\..\Resources\Expression\HelloWorld.txt">
      <Filter>Resource Files\Expression</Filter>
    </Text>
    <Text Include="..\..\Resources\Expression\Index.txt">
      <Filter>Resource Files\Expression</Filter>
    </Text>
    <Text Include="..\..\Resources\Expression\Infer.txt">
      <Filter>Resource Files\Expression</Filter>
    </Text>
    <Text Include="..\..\Resources\Expression\Integer.txt">
      <Filter>Resource Files\Expression</Filter>
    </Text>
    <Text Include="..\..\Resources\Expression\IsNotNull.txt">
      <Filter>Resource Files\Expression</Filter>
    </Text>
    <Text Include="..\..\Resources\Expression\IsNotType.txt">
      <Filter>Resource Files\Expression</Filter>
    </Text>
    <Text Include="..\..\Resources\Expression\IsNull.txt">
      <Filter>Resource Files\Expression</Filter>
    </Text>
    <Text Include="..\..\Resources\Expression\IsType.txt">
      <Filter>Resource Files\Expression</Filter>
    </Text>
    <Text Include="..\..\Resources\Expression\Let.txt">
      <Filter>Resource Files\Expression</Filter>
    </Text>
    <Text Include="..\..\Resources\Expression\List.txt">
      <Filter>Resource Files\Expression</Filter>
    </Text>
    <Text Include="..\..\Resources\Expression\Map.txt">
      <Filter>Resource Files\Expression</Filter>
    </Text>
    <Text Include="..\..\Resources\Expression\Member.txt">
      <Filter>Resource Files\Expression</Filter>
    </Text>
    <Text Include="..\..\Resources\Expression\Negative.txt">
      <Filter>Resource Files\Expression</Filter>
    </Text>
    <Text Include="..\..\Resources\Expression\New1.txt">
      <Filter>Resource Files\Expression</Filter>
    </Text>
    <Text Include="..\..\Resources\Expression\New2.txt">
      <Filter>Resource Files\Expression</Filter>
    </Text>
    <Text Include="..\..\Resources\Expression\Not.txt">
      <Filter>Resource Files\Expression</Filter>
    </Text>
    <Text Include="..\..\Resources\Expression\Null.txt">
      <Filter>Resource Files\Expression</Filter>
    </Text>
    <Text Include="..\..\Resources\Expression\OrderedLambda.txt">
      <Filter>Resource Files\Expression</Filter>
    </Text>
    <Text Include="..\..\Resources\Expression\OrderedName.txt">
      <Filter>Resource Files\Expression</Filter>
    </Text>
    <Text Include="..\..\Resources\Expression\Positive.txt">
      <Filter>Resource Files\Expression</Filter>
    </Text>
    <Text Include="..\..\Resources\Expression\Range1.txt">
      <Filter>Resource Files\Expression</Filter>
    </Text>
    <Text Include="..\..\Resources\Expression\Range2.txt">
      <Filter>Resource Files\Expression</Filter>
    </Text>
    <Text Include="..\..\Resources\Expression\Range3.txt">
      <Filter>Resource Files\Expression</Filter>
    </Text>
    <Text Include="..\..\Resources\Expression\Range4.txt">
      <Filter>Resource Files\Expression</Filter>
    </Text>
    <Text Include="..\..\Resources\Expression\Reference.txt">
      <Filter>Resource Files\Expression</Filter>
    </Text>
    <Text Include="..\..\Resources\Expression\SetIn.txt">
      <Filter>Resource Files\Expression</Filter>
    </Text>
    <Text Include="..\..\Resources\Expression\SetNotIn.txt">
      <Filter>Resource Files\Expression</Filter>
    </Text>
    <Text Include="..\..\Resources\Expression\SimpleObserve1.txt">
      <Filter>Resource Files\Expression</Filter>
    </Text>
    <Text Include="..\..\Resources\Expression\SimpleObserve2.txt">
      <Filter>Resource Files\Expression</Filter>
    </Text>
    <Text Include="..\..\Resources\Expression\String.txt">
      <Filter>Resource Files\Expression</Filter>
    </Text>
    <Text Include="..\..\Resources\Expression\True.txt">
      <Filter>Resource Files\Expression</Filter>
    </Text>
    <Text Include="..\..\Resources\Expression\TypeOfExpression.txt">
      <Filter>Resource Files\Expression</Filter>
    </Text>
    <Text Include="..\..\Resources\Expression\TypeOfType.txt">
      <Filter>Resource Files\Expression</Filter>
    </Text>
    <Text Include="..\..\Resources\Expression\Attach.txt">
      <Filter>Resource Files\Expression</Filter>
    </Text>
    <Text Include="..\..\Resources\Expression\BinaryAscending.txt">
      <Filter>Resource Files\Expression</Filter>
    </Text>
    <Text Include="..\..\Resources\Expression\BinaryDescending.txt">
      <Filter>Resource Files\Expression</Filter>
    </Text>
    <Text Include="..\..\Resources\Module\HelloWorld.txt">
      <Filter>Resource Files\Module</Filter>
    </Text>
    <Text Include="..\..\Resources\Module\Useful.txt">
      <Filter>Resource Files\Module</Filter>
    </Text>
    <Text Include="..\..\Resources\Statement\Break.txt">
      <Filter>Resource Files\Statement</Filter>
    </Text>
    <Text Include="..\..\Resources\Statement\Continue.txt">
      <Filter>Resource Files\Statement</Filter>
    </Text>
    <Text Include="..\..\Resources\Statement\Delete.txt">
      <Filter>Resource Files\Statement</Filter>
    </Text>
    <Text Include="..\..\Resources\Statement\Expression.txt">
      <Filter>Resource Files\Statement</Filter>
    </Text>
    <Text Include="..\..\Resources\Statement\ForEach.txt">
      <Filter>Resource Files\Statement</Filter>
    </Text>
    <Text Include="..\..\Resources\Statement\ForEachReversed.txt">
      <Filter>Resource Files\Statement</Filter>
    </Text>
    <Text Include="..\..\Resources\Statement\HelloWorld.txt">
      <Filter>Resource Files\Statement</Filter>
    </Text>
    <Text Include="..\..\Resources\Statement\If.txt">
      <Filter>Resource Files\Statement</Filter>
    </Text>
    <Text Include="..\..\Resources\Statement\IfCast.txt">
      <Filter>Resource Files\Statement</Filter>
    </Text>
    <Text Include="..\..\Resources\Statement\Raise.txt">
      <Filter>Resource Files\Statement</Filter>
    </Text>
    <Text Include="..\..\Resources\Statement\Return.txt">
      <Filter>Resource Files\Statement</Filter>
    </Text>
    <Text Include="..\..\Resources\Statement\Switch.txt">
      <Filter>Resource Files\Statement</Filter>
    </Text>
    <Text Include="..\..\Resources\Statement\Try.txt">
      <Filter>Resource Files\Statement</Filter>
    </Text>
    <Text Include="..\..\Resources\Statement\Variable.txt">
      <Filter>Resource Files\Statement</Filter>
    </Text>
    <Text Include="..\..\Resources\Statement\While.txt">
      <Filter>Resource Files\Statement</Filter>
    </Text>
    <Text Include="..\..\Resources\IndexAnalyzerError.txt">
      <Filter>Resource Files</Filter>
    </Text>
    <Text Include="..\..\Resources\IndexAnalyzerScope.txt">
      <Filter>Resource Files</Filter>
    </Text>
    <Text Include="..\..\Resources\IndexCodegen.txt">
      <Filter>Resource Files</Filter>
    </Text>
    <Text Include="..\..\Resources\IndexDebugger.txt">
      <Filter>Resource Files</Filter>
    </Text>
    <Text Include="..\..\Resources\IndexDeclaration.txt">
      <Filter>Resource Files</Filter>
    </Text>
    <Text Include="..\..\Resources\IndexExpression.txt">
      <Filter>Resource Files</Filter>
    </Text>
    <Text Include="..\..\Resources\IndexModule.txt">
      <Filter>Resource Files</Filter>
    </Text>
    <Text Include="..\..\Resources\IndexStatement.txt">
      <Filter>Resource Files</Filter>
    </Text>
    <Text Include="..\..\Resources\Declaration\Interface.txt">
      <Filter>Resource Files\Declaration</Filter>
    </Text>
    <Text Include="..\..\Resources\AnalyzerError\A24_CallRawConstructorToSharedInterface.txt">
      <Filter>Resource Files\AnalyzerError</Filter>
    </Text>
    <Text Include="..\..\Resources\AnalyzerError\A24_CallSharedConstructorToRawInterface.txt">
      <Filter>Resource Files\AnalyzerError</Filter>
    </Text>
    <Text Include="..\..\Resources\AnalyzerError\G6_WrongBaseTypeOfInterface1.txt">
      <Filter>Resource Files\AnalyzerError</Filter>
    </Text>
    <Text Include="..\..\Resources\AnalyzerError\G6_WrongBaseTypeOfInterface2.txt">
      <Filter>Resource Files\AnalyzerError</Filter>
    </Text>
    <Text Include="..\..\Resources\AnalyzerError\G6_WrongInterfaceBaseType.txt">
      <Filter>Resource Files\AnalyzerError</Filter>
    </Text>
    <Text Include="..\..\Resources\Codegen\NewCustomInterface.txt">
      <Filter>Resource Files\Codegen</Filter>
    </Text>
    <Text Include="..\..\Resources\AnalyzerError\A26_CallEventOutsideOfInterface.txt">
      <Filter>Resource Files\AnalyzerError</Filter>
    </Text>
    <Text Include="..\..\Resources\AnalyzerError\A26_CallMethodOutsideOfInterface.txt">
      <Filter>Resource Files\AnalyzerError</Filter>
    </Text>
    <Text Include="..\..\Resources\AnalyzerError\A26_CallPropertyOutsideOfInterface.txt">
      <Filter>Resource Files\AnalyzerError</Filter>
    </Text>
    <Text Include="..\..\Resources\AnalyzerError\A27_CallEventInsideInterface.txt">
      <Filter>Resource Files\AnalyzerError</Filter>
    </Text>
    <Text Include="..\..\Resources\AnalyzerError\A27_CallMethodInsideInterface.txt">
      <Filter>Resource Files\AnalyzerError</Filter>
    </Text>
    <Text Include="..\..\Resources\AnalyzerError\A27_CallPropertyInsideInterface.txt">
      <Filter>Resource Files\AnalyzerError</Filter>
    </Text>
    <Text Include="..\..\Resources\AnalyzerError\A27_CallBaseMethodInsideInterface.txt">
      <Filter>Resource Files\AnalyzerError</Filter>
    </Text>
    <Text Include="..\..\Resources\AnalyzerError\A27_CallOuterMethodInsideInterface.txt">
      <Filter>Resource Files\AnalyzerError</Filter>
    </Text>
    <Text Include="..\..\Resources\AnalyzerError\A27_CallOuterBaseMethodInsideInterface.txt">
      <Filter>Resource Files\AnalyzerError</Filter>
    </Text>
    <Text Include="..\..\Resources\AnalyzerError\A25_AssignToCapturedVariable4.txt">
      <Filter>Resource Files\AnalyzerError</Filter>
    </Text>
    <Text Include="..\..\Resources\AnalyzerError\A25_AssignToCapturedVariable3.txt">
      <Filter>Resource Files\AnalyzerError</Filter>
    </Text>
    <Text Include="..\..\Resources\AnalyzerError\D8_PropertyInNewInterface.txt">
      <Filter>Resource Files\AnalyzerError</Filter>
    </Text>
    <Text Include="..\..\Resources\AnalyzerError\D8_ClassInNewInterface.txt">
      <Filter>Resource Files\AnalyzerError</Filter>
    </Text>
    <Text Include="..\..\Resources\AnalyzerError\D8_EventInNewInterface.txt">
      <Filter>Resource Files\AnalyzerError</Filter>
    </Text>
    <Text Include="..\..\Resources\AnalyzerError\D8_NamespaceInNewInterface.txt">
      <Filter>Resource Files\AnalyzerError</Filter>
    </Text>
    <Text Include="..\..\Resources\AnalyzerError\A28_FieldsInitializeUsingEachOther2.txt">
      <Filter>Resource Files\AnalyzerError</Filter>
    </Text>
    <Text Include="..\..\Resources\AnalyzerError\A28_FieldsInitializeUsingEachOther1.txt">
      <Filter>Resource Files\AnalyzerError</Filter>
    </Text>
    <Text Include="..\..\Resources\AnalyzerError\A29_ThisInAnonymousLambda.txt">
      <Filter>Resource Files\AnalyzerError</Filter>
    </Text>
    <Text Include="..\..\Resources\AnalyzerError\A29_ThisInAnonymousLambda2.txt">
      <Filter>Resource Files\AnalyzerError</Filter>
    </Text>
    <Text Include="..\..\Resources\AnalyzerError\A29_ThisInClassStaticFunction.txt">
      <Filter>Resource Files\AnalyzerError</Filter>
    </Text>
    <Text Include="..\..\Resources\AnalyzerError\A29_ThisInGlobalFunction.txt">
      <Filter>Resource Files\AnalyzerError</Filter>
    </Text>
    <Text Include="..\..\Resources\AnalyzerError\A29_ThisInGlobalVariable.txt">
      <Filter>Resource Files\AnalyzerError</Filter>
    </Text>
    <Text Include="..\..\Resources\AnalyzerError\A29_ThisInInterfaceStaticFunction.txt">
      <Filter>Resource Files\AnalyzerError</Filter>
    </Text>
    <Text Include="..\..\Resources\AnalyzerError\A29_ThisInNewExpressionField.txt">
      <Filter>Resource Files\AnalyzerError</Filter>
    </Text>
    <Text Include="..\..\Resources\AnalyzerError\A29_ThisInOrderedLambda.txt">
      <Filter>Resource Files\AnalyzerError</Filter>
    </Text>
    <Text Include="..\..\Resources\AnalyzerError\A29_ThisInOrderedLambda2.txt">
      <Filter>Resource Files\AnalyzerError</Filter>
    </Text>
    <Text Include="..\..\Resources\AnalyzerError\G8_OverrideInInterface.txt">
      <Filter>Resource Files\AnalyzerError</Filter>
    </Text>
    <Text Include="..\..\Resources\Codegen\NewCustomInterface2.txt">
      <Filter>Resource Files\Codegen</Filter>
    </Text>
    <Text Include="..\..\Resources\Codegen\BindCustomInterface2.txt">
      <Filter>Resource Files\Codegen</Filter>
    </Text>
    <Text Include="..\..\Resources\AnalyzerError\A25_AssignToThis.txt">
      <Filter>Resource Files\AnalyzerError</Filter>
    </Text>
    <Text Include="..\..\Resources\AnalyzerError\A25_AssignToFunction.txt">
      <Filter>Resource Files\AnalyzerError</Filter>
    </Text>
    <Text Include="..\..\Resources\AnalyzerError\F2_ExpressionReferenceNotExists3.txt">
      <Filter>Resource Files\AnalyzerError</Filter>
    </Text>
    <Text Include="..\..\Resources\AnalyzerError\F2_ExpressionReferenceNotExists4.txt">
      <Filter>Resource Files\AnalyzerError</Filter>
    </Text>
    <Text Include="..\..\Resources\Codegen\NestedLambda.txt">
      <Filter>Resource Files\Codegen</Filter>
    </Text>
    <Text Include="..\..\Resources\AnalyzerError\G6_WrongBaseTypeOfClass2.txt">
      <Filter>Resource Files\AnalyzerError</Filter>
    </Text>
    <Text Include="..\..\Resources\AnalyzerError\G6_WrongBaseTypeOfClass1.txt">
      <Filter>Resource Files\AnalyzerError</Filter>
    </Text>
    <Text Include="..\..\Resources\AnalyzerError\G9_MissingFieldType.txt">
      <Filter>Resource Files\AnalyzerError</Filter>
    </Text>
    <Text Include="..\..\Resources\AnalyzerError\A28_FieldsInitializeUsingEachOther4.txt">
      <Filter>Resource Files\AnalyzerError</Filter>
    </Text>
    <Text Include="..\..\Resources\AnalyzerError\A28_FieldsInitializeUsingEachOther3.txt">
      <Filter>Resource Files\AnalyzerError</Filter>
    </Text>
    <Text Include="..\..\Resources\AnalyzerError\A29_ThisInClassField.txt">
      <Filter>Resource Files\AnalyzerError</Filter>
    </Text>
    <Text Include="..\..\Resources\AnalyzerError\G10_DuplicatedBaseClass1.txt">
      <Filter>Resource Files\AnalyzerError</Filter>
    </Text>
    <Text Include="..\..\Resources\AnalyzerError\G10_DuplicatedBaseClass2.txt">
      <Filter>Resource Files\AnalyzerError</Filter>
    </Text>
    <Text Include="..\..\Resources\AnalyzerError\G10_DuplicatedBaseClass3.txt">
      <Filter>Resource Files\AnalyzerError</Filter>
    </Text>
    <Text Include="..\..\Resources\AnalyzerError\D7_ConstructorOutsideOfClasses.txt">
      <Filter>Resource Files\AnalyzerError</Filter>
    </Text>
    <Text Include="..\..\Resources\AnalyzerError\G10_DuplicatedBaseClass4.txt">
      <Filter>Resource Files\AnalyzerError</Filter>
    </Text>
    <Text Include="..\..\Resources\AnalyzerError\A29_ThisInConstructor.txt">
      <Filter>Resource Files\AnalyzerError</Filter>
    </Text>
    <Text Include="..\..\Resources\AnalyzerError\G11_WrongBaseConstructorTypes.txt">
      <Filter>Resource Files\AnalyzerError</Filter>
    </Text>
    <Text Include="..\..\Resources\AnalyzerError\A22_CannotPickOverloadedConstructor2.txt">
      <Filter>Resource Files\AnalyzerError</Filter>
    </Text>
    <Text Include="..\..\Resources\AnalyzerError\A27_CallPropertyInsideBaseConstructorCall.txt">
      <Filter>Resource Files\AnalyzerError</Filter>
    </Text>
    <Text Include="..\..\Resources\AnalyzerError\A21_CallWrongArgument2.txt">
      <Filter>Resource Files\AnalyzerError</Filter>
    </Text>
    <Text Include="..\..\Resources\AnalyzerError\A20_CallWrongArgumentCount2.txt">
      <Filter>Resource Files\AnalyzerError</Filter>
    </Text>
    <Text Include="..\..\Resources\AnalyzerError\G6_WrongBaseConstructorType.txt">
      <Filter>Resource Files\AnalyzerError</Filter>
    </Text>
    <Text Include="..\..\Resources\AnalyzerError\G6_WrongObjectBaseType.txt">
      <Filter>Resource Files\AnalyzerError</Filter>
    </Text>
    <Text Include="..\..\Resources\AnalyzerError\G6_WrongInterfaceBaseType2.txt">
      <Filter>Resource Files\AnalyzerError</Filter>
    </Text>
    <Text Include="..\..\Resources\AnalyzerError\G6_WrongObjectBaseType2.txt">
      <Filter>Resource Files\AnalyzerError</Filter>
    </Text>
    <Text Include="..\..\Resources\AnalyzerError\A20_CallWrongArgumentCount3.txt">
      <Filter>Resource Files\AnalyzerError</Filter>
    </Text>
    <Text Include="..\..\Resources\AnalyzerError\C6_ReturnValueInConstructor.txt">
      <Filter>Resource Files\AnalyzerError</Filter>
    </Text>
    <Text Include="..\..\Resources\AnalyzerError\C6_ReturnValueInVoidFunction.txt">
      <Filter>Resource Files\AnalyzerError</Filter>
    </Text>
    <Text Include="..\..\Resources\AnalyzerError\G12_DuplicatedBaseConstructorTypes.txt">
      <Filter>Resource Files\AnalyzerError</Filter>
    </Text>
    <Text Include="..\..\Resources\AnalyzerError\G10_DuplicatedBaseInterface1.txt">
      <Filter>Resource Files\AnalyzerError</Filter>
    </Text>
    <Text Include="..\..\Resources\AnalyzerError\G10_DuplicatedBaseInterface2.txt">
      <Filter>Resource Files\AnalyzerError</Filter>
    </Text>
    <Text Include="..\..\Resources\Codegen\ClassMethod.txt">
      <Filter>Resource Files\Codegen</Filter>
    </Text>
    <Text Include="..\..\Resources\Codegen\ClassCtor.txt">
      <Filter>Resource Files\Codegen</Filter>
    </Text>
    <Text Include="..\..\Resources\Codegen\NewCustomInterface3.txt">
      <Filter>Resource Files\Codegen</Filter>
    </Text>
    <Text Include="..\..\Resources\AnalyzerError\D7_DestructorOutsideOfClasses.txt">
      <Filter>Resource Files\AnalyzerError</Filter>
    </Text>
    <Text Include="..\..\Resources\AnalyzerError\G13_DuplicatedDestructor.txt">
      <Filter>Resource Files\AnalyzerError</Filter>
    </Text>
    <Text Include="..\..\Resources\Codegen\ClassDtor.txt">
      <Filter>Resource Files\Codegen</Filter>
    </Text>
    <Text Include="..\..\Resources\AnalyzerError\A5_ConstructorMixStructAndList.txt">
      <Filter>Resource Files\AnalyzerError</Filter>
    </Text>
    <Text Include="..\..\Resources\AnalyzerError\A5_ConstructorMixStructAndList2.txt">
      <Filter>Resource Files\AnalyzerError</Filter>
    </Text>
    <Text Include="..\..\Resources\AnalyzerError\A5_DuplicatedConstructorField.txt">
      <Filter>Resource Files\AnalyzerError</Filter>
    </Text>
    <Text Include="..\..\Resources\Codegen\StructCtor.txt">
      <Filter>Resource Files\Codegen</Filter>
    </Text>
    <Text Include="..\..\Resources\Codegen\EnumCtor.txt">
      <Filter>Resource Files\Codegen</Filter>
    </Text>
    <Text Include="..\..\Resources\AnalyzerError\D9_FlagValue.txt">
      <Filter>Resource Files\AnalyzerError</Filter>
    </Text>
    <Text Include="..\..\Resources\AnalyzerError\D10_FlagValueNotExists.txt">
      <Filter>Resource Files\AnalyzerError</Filter>
    </Text>
    <Text Include="..\..\Resources\AnalyzerError\D11_DuplicatedEnumValue.txt">
      <Filter>Resource Files\AnalyzerError</Filter>
    </Text>
    <Text Include="..\..\Resources\AnalyzerError\D9_EnumValue.txt">
      <Filter>Resource Files\AnalyzerError</Filter>
    </Text>
    <Text Include="..\..\Resources\AnalyzerError\D14_DuplicatedStructMember.txt">
      <Filter>Resource Files\AnalyzerError</Filter>
    </Text>
    <Text Include="..\..\Resources\Codegen\StructCtor2.txt">
      <Filter>Resource Files\Codegen</Filter>
    </Text>
    <Text Include="..\..\Resources\Codegen\EnumCtor2.txt">
      <Filter>Resource Files\Codegen</Filter>
    </Text>
    <Text Include="..\..\Resources\AnalyzerError\D12_StructContainsIDescriptable.txt">
      <Filter>Resource Files\AnalyzerError</Filter>
    </Text>
    <Text Include="..\..\Resources\AnalyzerError\D12_StructContainsInterface.txt">
      <Filter>Resource Files\AnalyzerError</Filter>
    </Text>
    <Text Include="..\..\Resources\AnalyzerError\D12_StructContainsObject.txt">
      <Filter>Resource Files\AnalyzerError</Filter>
    </Text>
    <Text Include="..\..\Resources\AnalyzerError\D12_StructContainsClass.txt">
      <Filter>Resource Files\AnalyzerError</Filter>
    </Text>
    <Text Include="..\..\Resources\AnalyzerError\D13_StructRecursivelyIncludeItself.txt">
      <Filter>Resource Files\AnalyzerError</Filter>
    </Text>
    <Text Include="..\..\Resources\Codegen\WorkflowHints.txt">
      <Filter>Resource Files\Codegen</Filter>
    </Text>
    <Text Include="..\..\Resources\Declaration\Struct.txt">
      <Filter>Resource Files\Declaration</Filter>
    </Text>
    <Text Include="..\..\Resources\Declaration\Enum.txt">
      <Filter>Resource Files\Declaration</Filter>
    </Text>
    <Text Include="..\..\Resources\AnalyzerError\D15_AttributeNotExists.txt">
      <Filter>Resource Files\AnalyzerError</Filter>
    </Text>
    <Text Include="..\..\Resources\AnalyzerError\A31_ExpressionNotConstant4.txt">
      <Filter>Resource Files\AnalyzerError</Filter>
    </Text>
    <Text Include="..\..\Resources\AnalyzerError\A31_ExpressionNotConstant5.txt">
      <Filter>Resource Files\AnalyzerError</Filter>
    </Text>
    <Text Include="..\..\Resources\AnalyzerError\A31_ExpressionNotConstant.txt">
      <Filter>Resource Files\AnalyzerError</Filter>
    </Text>
    <Text Include="..\..\Resources\AnalyzerError\A31_ExpressionNotConstant2.txt">
      <Filter>Resource Files\AnalyzerError</Filter>
    </Text>
    <Text Include="..\..\Resources\AnalyzerError\A31_ExpressionNotConstant3.txt">
      <Filter>Resource Files\AnalyzerError</Filter>
    </Text>
    <Text Include="..\..\Resources\Codegen\WorkflowAttributes.txt">
      <Filter>Resource Files\Codegen</Filter>
    </Text>
    <Text Include="..\..\Resources\AnalyzerError\G1_NormalAutoPropertyInNewInterface.txt">
      <Filter>Resource Files\AnalyzerError</Filter>
    </Text>
    <Text Include="..\..\Resources\AnalyzerError\G1_StaticAutoPropertyInClass.txt">
      <Filter>Resource Files\AnalyzerError</Filter>
    </Text>
    <Text Include="..\..\Resources\AnalyzerError\G1_StaticAutoPropertyInInterface.txt">
      <Filter>Resource Files\AnalyzerError</Filter>
    </Text>
    <Text Include="..\..\Resources\AnalyzerError\G1_StaticAutoPropertyInNewInterface.txt">
      <Filter>Resource Files\AnalyzerError</Filter>
    </Text>
    <Text Include="..\..\Resources\AnalyzerError\G8_OverrideAutoPropertyInClass.txt">
      <Filter>Resource Files\AnalyzerError</Filter>
    </Text>
    <Text Include="..\..\Resources\AnalyzerError\G8_OverrideAutoPropertyInInterface.txt">
      <Filter>Resource Files\AnalyzerError</Filter>
    </Text>
    <Text Include="..\..\Resources\AnalyzerError\G13_InitializeAutoPropertyInInterface.txt">
      <Filter>Resource Files\AnalyzerError</Filter>
    </Text>
    <Text Include="..\..\Resources\AnalyzerError\B0_VoidAutoProperty.txt">
      <Filter>Resource Files\AnalyzerError</Filter>
    </Text>
    <Text Include="..\..\Resources\AnalyzerError\G13_UnInitializedAutoPropertyInClass.txt">
      <Filter>Resource Files\AnalyzerError</Filter>
    </Text>
    <Text Include="..\..\Resources\AnalyzerError\G13_UnInitializedAutoPropertyInNewExpression.txt">
      <Filter>Resource Files\AnalyzerError</Filter>
    </Text>
    <Text Include="..\..\Resources\Expression\Coroutine.txt">
      <Filter>Resource Files\Expression</Filter>
    </Text>
    <Text Include="..\..\Resources\AnalyzerError\C6_ReturnValueInDestructor.txt">
      <Filter>Resource Files\AnalyzerError</Filter>
    </Text>
    <Text Include="..\..\Resources\AnalyzerError\C6_ReturnValueInCoroutine.txt">
      <Filter>Resource Files\AnalyzerError</Filter>
    </Text>
    <Text Include="..\..\Resources\AnalyzerError\C7_CoPauseInFunction.txt">
      <Filter>Resource Files\AnalyzerError</Filter>
    </Text>
    <Text Include="..\..\Resources\AnalyzerError\C7_CoPauseInPause.txt">
      <Filter>Resource Files\AnalyzerError</Filter>
    </Text>
    <Text Include="..\..\Resources\AnalyzerError\C7_CoPauseInLambdaInCoroutine.txt">
      <Filter>Resource Files\AnalyzerError</Filter>
    </Text>
    <Text Include="..\..\Resources\Codegen\CoRawCoroutine.txt">
      <Filter>Resource Files\Codegen</Filter>
    </Text>
    <Text Include="..\..\Resources\Codegen\CoRawCoroutine2.txt">
      <Filter>Resource Files\Codegen</Filter>
    </Text>
    <Text Include="..\..\Resources\Codegen\CoRawCoroutine3.txt">
      <Filter>Resource Files\Codegen</Filter>
    </Text>
    <Text Include="..\..\Resources\Codegen\CoRawCoroutine4.txt">
      <Filter>Resource Files\Codegen</Filter>
    </Text>
    <Text Include="..\..\Resources\AnalyzerError\A25_AssignToCoroutineResult.txt">
      <Filter>Resource Files\AnalyzerError</Filter>
    </Text>
    <Text Include="..\..\Resources\Declaration\Coroutine.txt">
      <Filter>Resource Files\Declaration</Filter>
    </Text>
    <Text Include="..\..\Resources\AnalyzerError\C7_CoPauseInCoProvider.txt">
      <Filter>Resource Files\AnalyzerError</Filter>
    </Text>
    <Text Include="..\..\Resources\AnalyzerError\C8_CoOperatorInFunction.txt">
      <Filter>Resource Files\AnalyzerError</Filter>
    </Text>
    <Text Include="..\..\Resources\AnalyzerError\C8_CoOperatorInLambdaInCoProvider.txt">
      <Filter>Resource Files\AnalyzerError</Filter>
    </Text>
    <Text Include="..\..\Resources\AnalyzerError\C8_CoProviderInCoroutine.txt">
      <Filter>Resource Files\AnalyzerError</Filter>
    </Text>
    <Text Include="..\..\Resources\AnalyzerError\C9_CoProviderNotExists.txt">
      <Filter>Resource Files\AnalyzerError</Filter>
    </Text>
    <Text Include="..\..\Resources\AnalyzerError\C9_CoProviderNotExists2.txt">
      <Filter>Resource Files\AnalyzerError</Filter>
    </Text>
    <Text Include="..\..\Resources\AnalyzerError\C9_CoProviderNotExists3.txt">
      <Filter>Resource Files\AnalyzerError</Filter>
    </Text>
    <Text Include="..\..\Resources\AnalyzerError\C9_CoProviderNotExists4.txt">
      <Filter>Resource Files\AnalyzerError</Filter>
    </Text>
    <Text Include="..\..\Resources\AnalyzerError\C10_CoOperatorNotExists.txt">
      <Filter>Resource Files\AnalyzerError</Filter>
    </Text>
    <Text Include="..\..\Resources\AnalyzerError\C10_CoOperatorNotExists2.txt">
      <Filter>Resource Files\AnalyzerError</Filter>
    </Text>
    <Text Include="..\..\Resources\AnalyzerError\C10_CoOperatorNotExists3.txt">
      <Filter>Resource Files\AnalyzerError</Filter>
    </Text>
    <Text Include="..\..\Resources\AnalyzerError\C11_CoOperatorCannotResolveResultType.txt">
      <Filter>Resource Files\AnalyzerError</Filter>
    </Text>
    <Text Include="..\..\Resources\AnalyzerError\C11_CoOperatorCannotResolveResultType2.txt">
      <Filter>Resource Files\AnalyzerError</Filter>
    </Text>
    <Text Include="..\..\Resources\AnalyzerError\C11_CoOperatorCannotResolveResultType3.txt">
      <Filter>Resource Files\AnalyzerError</Filter>
    </Text>
    <Text Include="..\..\Resources\AnalyzerError\C12_CoProviderCreatorNotExists.txt">
      <Filter>Resource Files\AnalyzerError</Filter>
    </Text>
    <Text Include="..\..\Resources\AnalyzerError\C12_CoProviderCreatorNotExists2.txt">
      <Filter>Resource Files\AnalyzerError</Filter>
    </Text>
    <Text Include="..\..\Resources\AnalyzerError\C12_CoProviderCreatorNotExists3.txt">
      <Filter>Resource Files\AnalyzerError</Filter>
    </Text>
    <Text Include="..\..\Resources\Codegen\CoEnum.txt">
      <Filter>Resource Files\Codegen</Filter>
    </Text>
    <Text Include="..\..\Resources\Codegen\CoEnum2.txt">
      <Filter>Resource Files\Codegen</Filter>
    </Text>
    <Text Include="..\..\Resources\Codegen\CoAsync.txt">
      <Filter>Resource Files\Codegen</Filter>
    </Text>
    <Text Include="..\..\Resources\AnalyzerError\A32_MixinCastBetweenUnrelatedInterfaces.txt">
      <Filter>Resource Files\AnalyzerError</Filter>
    </Text>
    <Text Include="..\..\Resources\AnalyzerError\A33_StrongExpectedTypeCastToImplicitType.txt">
      <Filter>Resource Files\AnalyzerError</Filter>
    </Text>
    <Text Include="..\..\Resources\AnalyzerError\A33_WeakExpectedTypeCastToImplicitType.txt">
      <Filter>Resource Files\AnalyzerError</Filter>
    </Text>
    <Text Include="..\..\Resources\AnalyzerError\B6_PropertyIsNotType.txt">
      <Filter>Resource Files\AnalyzerError</Filter>
    </Text>
    <Text Include="..\..\Resources\AnalyzerError\F2_TypeReferenceNotExists2.txt">
      <Filter>Resource Files\AnalyzerError</Filter>
    </Text>
    <Text Include="..\..\Resources\Codegen\BindLet.txt">
      <Filter>Resource Files\Codegen</Filter>
    </Text>
    <Text Include="..\..\Resources\Codegen\ObservableList.txt">
      <Filter>Resource Files\Codegen</Filter>
    </Text>
    <Text Include="..\..\Resources\Codegen\Overloading.txt">
      <Filter>Resource Files\Codegen</Filter>
    </Text>
    <Text Include="..\..\Resources\AnalyzerError\C8_CoOperatorInFunction2.txt">
      <Filter>Resource Files\AnalyzerError</Filter>
    </Text>
    <Text Include="..\..\Resources\AnalyzerError\C8_CoOperatorInLambdaInCoProvider2.txt">
      <Filter>Resource Files\AnalyzerError</Filter>
    </Text>
    <Text Include="..\..\Resources\AnalyzerError\C8_CoProviderInCoroutine2.txt">
      <Filter>Resource Files\AnalyzerError</Filter>
    </Text>
    <Text Include="..\..\Resources\Codegen\CoAsync2.txt">
      <Filter>Resource Files\Codegen</Filter>
    </Text>
    <Text Include="..\..\Resources\AnalyzerError\C10_CoOperatorNotExists4.txt">
      <Filter>Resource Files\AnalyzerError</Filter>
    </Text>
    <Text Include="..\..\Resources\AnalyzerError\A21_CoroutineReturnTypeNotCompatible.txt">
      <Filter>Resource Files\AnalyzerError</Filter>
    </Text>
    <Text Include="..\..\Resources\Statement\Goto.txt">
      <Filter>Resource Files\Statement</Filter>
    </Text>
    <Text Include="..\..\Resources\AnalyzerError\C13_GotoLabelNotExists.txt">
      <Filter>Resource Files\AnalyzerError</Filter>
    </Text>
    <Text Include="..\..\Resources\AnalyzerError\C13_GotoLabelNotExists2.txt">
      <Filter>Resource Files\AnalyzerError</Filter>
    </Text>
    <Text Include="..\..\Resources\AnalyzerError\C14_TooManyGotoTargets.txt">
      <Filter>Resource Files\AnalyzerError</Filter>
    </Text>
    <Text Include="..\..\Resources\Codegen\TryFinally2.txt">
      <Filter>Resource Files\Codegen</Filter>
    </Text>
    <Text Include="..\..\Resources\Codegen\CoRawCoroutine5.txt">
      <Filter>Resource Files\Codegen</Filter>
    </Text>
    <Text Include="..\..\Resources\Codegen\CoRawCoroutine6.txt">
      <Filter>Resource Files\Codegen</Filter>
    </Text>
    <Text Include="..\..\Resources\Codegen\CoRawCoroutine7.txt">
      <Filter>Resource Files\Codegen</Filter>
    </Text>
    <Text Include="..\..\Resources\Declaration\StateMachine.txt">
      <Filter>Resource Files\Declaration</Filter>
    </Text>
    <Text Include="..\..\Resources\AnalyzerError\D2_DuplicatedStateInput.txt">
      <Filter>Resource Files\AnalyzerError</Filter>
    </Text>
    <Text Include="..\..\Resources\AnalyzerError\D2_DuplicatedState.txt">
      <Filter>Resource Files\AnalyzerError</Filter>
    </Text>
    <Text Include="..\..\Resources\AnalyzerError\C15_StateSwitchNotInStateDecl.txt">
      <Filter>Resource Files\AnalyzerError</Filter>
    </Text>
    <Text Include="..\..\Resources\AnalyzerError\C16_GotoStateNotInStateDecl.txt">
      <Filter>Resource Files\AnalyzerError</Filter>
    </Text>
    <Text Include="..\..\Resources\AnalyzerError\C16_PushStateNotInStateDecl.txt">
      <Filter>Resource Files\AnalyzerError</Filter>
    </Text>
    <Text Include="..\..\Resources\AnalyzerError\D16_SmcNotInheritFromStateMachine.txt">
      <Filter>Resource Files\AnalyzerError</Filter>
    </Text>
    <Text Include="..\..\Resources\AnalyzerError\D17_SmcMissingDefaultState.txt">
      <Filter>Resource Files\AnalyzerError</Filter>
    </Text>
  </ItemGroup>
  <ItemGroup>
    <ClInclude Include="..\..\Source\Helper.h">
      <Filter>Source Files</Filter>
    </ClInclude>
    <ClInclude Include="..\..\Source\CppTypes.h">
      <Filter>Source Files</Filter>
    </ClInclude>
  </ItemGroup>
</Project>