<?xml version="1.0" encoding="utf-8"?>
<Project ToolsVersion="4.0" xmlns="http://schemas.microsoft.com/developer/msbuild/2003">
  <ItemGroup>
    <Filter Include="Source Files">
      <UniqueIdentifier>{4FC737F1-C7A5-4376-A066-2A32D752A2FF}</UniqueIdentifier>
      <Extensions>cpp;c;cc;cxx;def;odl;idl;hpj;bat;asm;asmx</Extensions>
    </Filter>
    <Filter Include="Header Files">
      <UniqueIdentifier>{93995380-89BD-4b04-88EB-625FBE52EBFB}</UniqueIdentifier>
      <Extensions>h;hh;hpp;hxx;hm;inl;inc;xsd</Extensions>
    </Filter>
    <Filter Include="Resource Files">
      <UniqueIdentifier>{67DA6AB6-F800-4c08-8B7A-83BB121AAD01}</UniqueIdentifier>
      <Extensions>rc;ico;cur;bmp;dlg;rc2;rct;bin;rgs;gif;jpg;jpeg;jpe;resx;tiff;tif;png;wav;mfcribbon-ms</Extensions>
    </Filter>
    <Filter Include="Import">
      <UniqueIdentifier>{f585c7c7-cf51-4264-aab5-b68b5db036c0}</UniqueIdentifier>
    </Filter>
    <Filter Include="Workflow">
      <UniqueIdentifier>{c6b75221-8a45-4486-9eb8-cb43e857e1f7}</UniqueIdentifier>
    </Filter>
    <Filter Include="Workflow\Analyzer">
      <UniqueIdentifier>{9c7b8635-1afd-468e-b905-88ad8cf52aca}</UniqueIdentifier>
    </Filter>
    <Filter Include="Workflow\Expression">
      <UniqueIdentifier>{af89e32a-385c-478c-9946-b4824ce69c43}</UniqueIdentifier>
    </Filter>
    <Filter Include="Workflow\Runtime">
      <UniqueIdentifier>{fc9edc2e-cb61-46ea-b6be-db459c79b904}</UniqueIdentifier>
    </Filter>
    <Filter Include="Workflow\Runtime\Metadata">
      <UniqueIdentifier>{f86fb375-1bef-43ec-9991-f00a055f00a9}</UniqueIdentifier>
    </Filter>
    <Filter Include="Workflow\Runtime\Execution">
      <UniqueIdentifier>{9d5a972d-bdf2-4775-9b39-9e5fdf0420dd}</UniqueIdentifier>
    </Filter>
  </ItemGroup>
  <ItemGroup>
    <ClCompile Include="Main.cpp">
      <Filter>Source Files</Filter>
    </ClCompile>
    <ClCompile Include="..\..\Source\TestAnalyzer.cpp">
      <Filter>Source Files</Filter>
    </ClCompile>
    <ClCompile Include="..\..\Source\TestCodegen.cpp">
      <Filter>Source Files</Filter>
    </ClCompile>
    <ClCompile Include="..\..\Source\TestDebugger.cpp">
      <Filter>Source Files</Filter>
    </ClCompile>
    <ClCompile Include="..\..\Source\TestSamples.cpp">
      <Filter>Source Files</Filter>
    </ClCompile>
    <ClCompile Include="..\..\..\Import\Vlpp.cpp">
      <Filter>Import</Filter>
    </ClCompile>
    <ClCompile Include="..\..\..\Source\Analyzer\WfAnalyzer.cpp">
      <Filter>Workflow\Analyzer</Filter>
    </ClCompile>
    <ClCompile Include="..\..\..\Source\Analyzer\WfAnalyzer_BuildScope.cpp">
      <Filter>Workflow\Analyzer</Filter>
    </ClCompile>
    <ClCompile Include="..\..\..\Source\Analyzer\WfAnalyzer_Errors.cpp">
      <Filter>Workflow\Analyzer</Filter>
    </ClCompile>
    <ClCompile Include="..\..\..\Source\Analyzer\WfAnalyzer_GenerateAssembly.cpp">
      <Filter>Workflow\Analyzer</Filter>
    </ClCompile>
    <ClCompile Include="..\..\..\Source\Analyzer\WfAnalyzer_GenerateBind.cpp">
      <Filter>Workflow\Analyzer</Filter>
    </ClCompile>
    <ClCompile Include="..\..\..\Source\Analyzer\WfAnalyzer_GenerateDeclaration.cpp">
      <Filter>Workflow\Analyzer</Filter>
    </ClCompile>
    <ClCompile Include="..\..\..\Source\Analyzer\WfAnalyzer_GenerateExpression.cpp">
      <Filter>Workflow\Analyzer</Filter>
    </ClCompile>
    <ClCompile Include="..\..\..\Source\Analyzer\WfAnalyzer_GenerateStatement.cpp">
      <Filter>Workflow\Analyzer</Filter>
    </ClCompile>
    <ClCompile Include="..\..\..\Source\Analyzer\WfAnalyzer_Misc.cpp">
      <Filter>Workflow\Analyzer</Filter>
    </ClCompile>
    <ClCompile Include="..\..\..\Source\Analyzer\WfAnalyzer_SearchOrderedName.cpp">
      <Filter>Workflow\Analyzer</Filter>
    </ClCompile>
    <ClCompile Include="..\..\..\Source\Analyzer\WfAnalyzer_TypeInfo.cpp">
      <Filter>Workflow\Analyzer</Filter>
    </ClCompile>
    <ClCompile Include="..\..\..\Source\Analyzer\WfAnalyzer_ValidateSemantic.cpp">
      <Filter>Workflow\Analyzer</Filter>
    </ClCompile>
    <ClCompile Include="..\..\..\Source\Analyzer\WfAnalyzer_ValidateStructure.cpp">
      <Filter>Workflow\Analyzer</Filter>
    </ClCompile>
    <ClCompile Include="..\..\..\Source\Expression\WfExpression.cpp">
      <Filter>Workflow\Expression</Filter>
    </ClCompile>
    <ClCompile Include="..\..\..\Source\Expression\WfExpressionParser.cpp">
      <Filter>Workflow\Expression</Filter>
    </ClCompile>
    <ClCompile Include="..\..\..\Source\Runtime\WfRuntimeInstruction.cpp">
      <Filter>Workflow\Runtime\Metadata</Filter>
    </ClCompile>
    <ClCompile Include="..\..\..\Source\Runtime\WfRuntimeAssembly.cpp">
      <Filter>Workflow\Runtime\Metadata</Filter>
    </ClCompile>
    <ClCompile Include="..\..\..\Source\Runtime\WfRuntime.cpp">
      <Filter>Workflow\Runtime\Execution</Filter>
    </ClCompile>
    <ClCompile Include="..\..\..\Source\Runtime\WfRuntimeDebugger.cpp">
      <Filter>Workflow\Runtime\Execution</Filter>
    </ClCompile>
    <ClCompile Include="..\..\..\Source\Runtime\WfRuntimeExecution.cpp">
      <Filter>Workflow\Runtime\Execution</Filter>
    </ClCompile>
    <ClCompile Include="..\..\..\Source\Analyzer\WfAnalyzer_BuildGlobalName.cpp">
      <Filter>Workflow\Analyzer</Filter>
    </ClCompile>
    <ClCompile Include="..\..\..\Source\Runtime\WfRuntimeTypeDescriptor.cpp">
      <Filter>Workflow\Runtime\Metadata</Filter>
    </ClCompile>
    <ClCompile Include="..\..\..\Source\Analyzer\WfAnalyzer_CompleteScope.cpp">
      <Filter>Workflow\Analyzer</Filter>
    </ClCompile>
  </ItemGroup>
  <ItemGroup>
    <Text Include="Spec.txt" />
    <Text Include="..\..\..\Source\Expression\WfExpressionParser.parser.txt">
      <Filter>Workflow\Expression</Filter>
    </Text>
  </ItemGroup>
  <ItemGroup>
    <ClInclude Include="..\..\Source\TestFunctions.h">
      <Filter>Source Files</Filter>
    </ClInclude>
    <ClInclude Include="..\..\..\Import\Vlpp.h">
      <Filter>Import</Filter>
    </ClInclude>
    <ClInclude Include="..\..\..\Source\WorkflowVlppReferences.h">
      <Filter>Workflow</Filter>
    </ClInclude>
    <ClInclude Include="..\..\..\Source\Analyzer\WfAnalyzer.h">
      <Filter>Workflow\Analyzer</Filter>
    </ClInclude>
    <ClInclude Include="..\..\..\Source\Expression\WfExpression.h">
      <Filter>Workflow\Expression</Filter>
    </ClInclude>
    <ClInclude Include="..\..\..\Source\Expression\WfExpressionParser.h">
      <Filter>Workflow\Expression</Filter>
    </ClInclude>
    <ClInclude Include="..\..\..\Source\Runtime\WfRuntimeInstruction.h">
      <Filter>Workflow\Runtime\Metadata</Filter>
    </ClInclude>
    <ClInclude Include="..\..\..\Source\Runtime\WfRuntimeAssembly.h">
      <Filter>Workflow\Runtime\Metadata</Filter>
    </ClInclude>
    <ClInclude Include="..\..\..\Source\Runtime\WfRuntime.h">
      <Filter>Workflow\Runtime\Execution</Filter>
    </ClInclude>
    <ClInclude Include="..\..\..\Source\Runtime\WfRuntimeDebugger.h">
      <Filter>Workflow\Runtime\Execution</Filter>
    </ClInclude>
    <ClInclude Include="..\..\..\Source\Runtime\WfRuntimeTypeDescriptor.h">
      <Filter>Workflow\Runtime\Metadata</Filter>
    </ClInclude>
  </ItemGroup>
  <ItemGroup>
    <None Include="..\..\..\Source\Expression\Codegen.bat">
      <Filter>Workflow\Expression</Filter>
    </None>
  </ItemGroup>
</Project>