
Microsoft Visual Studio Solution File, Format Version 12.00
# Visual Studio 14
VisualStudioVersion = 14.0.25420.1
MinimumVisualStudioVersion = 10.0.40219.1
Project("{8BC9CEB8-8B4A-11D0-8D11-00A0C91BC942}") = "UnitTest", "UnitTest\UnitTest.vcxproj", "{231DC836-9E34-434E-A8F8-7B529EA9B67E}"
EndProject
Project("{8BC9CEB8-8B4A-11D0-8D11-00A0C91BC942}") = "UnitTest_CppCodegen", "UnitTest_CppCodegen\UnitTest_CppCodegen.vcxproj", "{0BEBFA9F-D655-4C9D-B769-801F8981684D}"
EndProject
Project("{8BC9CEB8-8B4A-11D0-8D11-00A0C91BC942}") = "Workflow", "Workflow\Workflow.vcxproj", "{6A10C161-EB96-4CBA-9AD5-2B6B69D494BD}"
EndProject
Project("{8BC9CEB8-8B4A-11D0-8D11-00A0C91BC942}") = "UnitTest_MergeCpp", "UnitTest_MergeCpp\UnitTest_MergeCpp.vcxproj", "{4ADFDFB4-21FA-4CF0-8B9C-0CC3951EE2A4}"
EndProject
Global
	GlobalSection(SolutionConfigurationPlatforms) = preSolution
		Debug|Win32 = Debug|Win32
		Debug|x64 = Debug|x64
		DebugNoReflection|Win32 = DebugNoReflection|Win32
		DebugNoReflection|x64 = DebugNoReflection|x64
		Release|Win32 = Release|Win32
		Release|x64 = Release|x64
	EndGlobalSection
	GlobalSection(ProjectConfigurationPlatforms) = postSolution
		{231DC836-9E34-434E-A8F8-7B529EA9B67E}.Debug|Win32.ActiveCfg = Debug|Win32
		{231DC836-9E34-434E-A8F8-7B529EA9B67E}.Debug|Win32.Build.0 = Debug|Win32
		{231DC836-9E34-434E-A8F8-7B529EA9B67E}.Debug|x64.ActiveCfg = Debug|x64
		{231DC836-9E34-434E-A8F8-7B529EA9B67E}.Debug|x64.Build.0 = Debug|x64
		{231DC836-9E34-434E-A8F8-7B529EA9B67E}.DebugNoReflection|Win32.ActiveCfg = Debug|Win32
		{231DC836-9E34-434E-A8F8-7B529EA9B67E}.DebugNoReflection|Win32.Build.0 = Debug|Win32
		{231DC836-9E34-434E-A8F8-7B529EA9B67E}.DebugNoReflection|x64.ActiveCfg = Debug|x64
		{231DC836-9E34-434E-A8F8-7B529EA9B67E}.DebugNoReflection|x64.Build.0 = Debug|x64
		{231DC836-9E34-434E-A8F8-7B529EA9B67E}.Release|Win32.ActiveCfg = Release|Win32
		{231DC836-9E34-434E-A8F8-7B529EA9B67E}.Release|Win32.Build.0 = Release|Win32
		{231DC836-9E34-434E-A8F8-7B529EA9B67E}.Release|x64.ActiveCfg = Release|x64
		{231DC836-9E34-434E-A8F8-7B529EA9B67E}.Release|x64.Build.0 = Release|x64
		{0BEBFA9F-D655-4C9D-B769-801F8981684D}.Debug|Win32.ActiveCfg = Debug|Win32
		{0BEBFA9F-D655-4C9D-B769-801F8981684D}.Debug|Win32.Build.0 = Debug|Win32
		{0BEBFA9F-D655-4C9D-B769-801F8981684D}.Debug|x64.ActiveCfg = Debug|x64
		{0BEBFA9F-D655-4C9D-B769-801F8981684D}.Debug|x64.Build.0 = Debug|x64
		{0BEBFA9F-D655-4C9D-B769-801F8981684D}.DebugNoReflection|Win32.ActiveCfg = DebugNoReflection|Win32
		{0BEBFA9F-D655-4C9D-B769-801F8981684D}.DebugNoReflection|Win32.Build.0 = DebugNoReflection|Win32
		{0BEBFA9F-D655-4C9D-B769-801F8981684D}.DebugNoReflection|x64.ActiveCfg = DebugNoReflection|x64
		{0BEBFA9F-D655-4C9D-B769-801F8981684D}.DebugNoReflection|x64.Build.0 = DebugNoReflection|x64
		{0BEBFA9F-D655-4C9D-B769-801F8981684D}.Release|Win32.ActiveCfg = Release|Win32
		{0BEBFA9F-D655-4C9D-B769-801F8981684D}.Release|Win32.Build.0 = Release|Win32
		{0BEBFA9F-D655-4C9D-B769-801F8981684D}.Release|x64.ActiveCfg = Release|x64
		{0BEBFA9F-D655-4C9D-B769-801F8981684D}.Release|x64.Build.0 = Release|x64
		{6A10C161-EB96-4CBA-9AD5-2B6B69D494BD}.Debug|Win32.ActiveCfg = Debug|Win32
		{6A10C161-EB96-4CBA-9AD5-2B6B69D494BD}.Debug|Win32.Build.0 = Debug|Win32
		{6A10C161-EB96-4CBA-9AD5-2B6B69D494BD}.Debug|x64.ActiveCfg = Debug|x64
		{6A10C161-EB96-4CBA-9AD5-2B6B69D494BD}.Debug|x64.Build.0 = Debug|x64
		{6A10C161-EB96-4CBA-9AD5-2B6B69D494BD}.DebugNoReflection|Win32.ActiveCfg = Debug|Win32
		{6A10C161-EB96-4CBA-9AD5-2B6B69D494BD}.DebugNoReflection|Win32.Build.0 = Debug|Win32
		{6A10C161-EB96-4CBA-9AD5-2B6B69D494BD}.DebugNoReflection|x64.ActiveCfg = Debug|x64
		{6A10C161-EB96-4CBA-9AD5-2B6B69D494BD}.DebugNoReflection|x64.Build.0 = Debug|x64
		{6A10C161-EB96-4CBA-9AD5-2B6B69D494BD}.Release|Win32.ActiveCfg = Release|Win32
		{6A10C161-EB96-4CBA-9AD5-2B6B69D494BD}.Release|Win32.Build.0 = Release|Win32
		{6A10C161-EB96-4CBA-9AD5-2B6B69D494BD}.Release|x64.ActiveCfg = Release|x64
		{6A10C161-EB96-4CBA-9AD5-2B6B69D494BD}.Release|x64.Build.0 = Release|x64
		{4ADFDFB4-21FA-4CF0-8B9C-0CC3951EE2A4}.Debug|Win32.ActiveCfg = Debug|Win32
		{4ADFDFB4-21FA-4CF0-8B9C-0CC3951EE2A4}.Debug|Win32.Build.0 = Debug|Win32
		{4ADFDFB4-21FA-4CF0-8B9C-0CC3951EE2A4}.Debug|x64.ActiveCfg = Debug|x64
		{4ADFDFB4-21FA-4CF0-8B9C-0CC3951EE2A4}.Debug|x64.Build.0 = Debug|x64
		{4ADFDFB4-21FA-4CF0-8B9C-0CC3951EE2A4}.DebugNoReflection|Win32.ActiveCfg = Debug|Win32
		{4ADFDFB4-21FA-4CF0-8B9C-0CC3951EE2A4}.DebugNoReflection|Win32.Build.0 = Debug|Win32
		{4ADFDFB4-21FA-4CF0-8B9C-0CC3951EE2A4}.DebugNoReflection|x64.ActiveCfg = Debug|x64
		{4ADFDFB4-21FA-4CF0-8B9C-0CC3951EE2A4}.DebugNoReflection|x64.Build.0 = Debug|x64
		{4ADFDFB4-21FA-4CF0-8B9C-0CC3951EE2A4}.Release|Win32.ActiveCfg = Release|Win32
		{4ADFDFB4-21FA-4CF0-8B9C-0CC3951EE2A4}.Release|Win32.Build.0 = Release|Win32
		{4ADFDFB4-21FA-4CF0-8B9C-0CC3951EE2A4}.Release|x64.ActiveCfg = Release|x64
		{4ADFDFB4-21FA-4CF0-8B9C-0CC3951EE2A4}.Release|x64.Build.0 = Release|x64
	EndGlobalSection
	GlobalSection(SolutionProperties) = preSolution
		HideSolutionNode = FALSE
	EndGlobalSection
EndGlobal
