
Microsoft Visual Studio Solution File, Format Version 12.00
# Visual Studio Version 16
VisualStudioVersion = 16.0.31515.178
MinimumVisualStudioVersion = 10.0.40219.1
Project("{8BC9CEB8-8B4A-11D0-8D11-00A0C91BC942}") = "UnitTest", "UnitTest\UnitTest.vcxproj", "{231DC836-9E34-434E-A8F8-7B529EA9B67E}"
EndProject
Project("{8BC9CEB8-8B4A-11D0-8D11-00A0C91BC942}") = "UnitTest_CppCodegen", "UnitTest_CppCodegen\UnitTest_CppCodegen.vcxproj", "{0BEBFA9F-D655-4C9D-B769-801F8981684D}"
EndProject
Project("{8BC9CEB8-8B4A-11D0-8D11-00A0C91BC942}") = "UnitTest_MergeCpp", "UnitTest_MergeCpp\UnitTest_MergeCpp.vcxproj", "{4ADFDFB4-21FA-4CF0-8B9C-0CC3951EE2A4}"
EndProject
Project("{8BC9CEB8-8B4A-11D0-8D11-00A0C91BC942}") = "VlppWorkflow_Library", "VlppWorkflow_Library\VlppWorkflow_Library.vcxitems", "{4E784DC8-D3F2-47B4-8310-85F71E37C4C9}"
EndProject
Project("{8BC9CEB8-8B4A-11D0-8D11-00A0C91BC942}") = "VlppWorkflow_Runtime", "VlppWorkflow_Runtime\VlppWorkflow_Runtime.vcxitems", "{0193656A-C5F1-41DB-8600-3F71A83FF8F5}"
EndProject
Project("{8BC9CEB8-8B4A-11D0-8D11-00A0C91BC942}") = "VlppWorkflow_Compiler", "VlppWorkflow_Compiler\VlppWorkflow_Compiler.vcxitems", "{3737DFA1-8C6C-457E-B940-C5D3156C7EAA}"
EndProject
Project("{8BC9CEB8-8B4A-11D0-8D11-00A0C91BC942}") = "VlppImport", "VlppImport\VlppImport.vcxitems", "{03F4B02C-9536-4D79-BCF4-E4A8F7AE860E}"
EndProject
Project("{8BC9CEB8-8B4A-11D0-8D11-00A0C91BC942}") = "Generated_Cpp", "Generated_Cpp\Generated_Cpp.vcxitems", "{48732A7F-5F9A-4B40-A9EA-DA940355A77C}"
EndProject
Project("{8BC9CEB8-8B4A-11D0-8D11-00A0C91BC942}") = "Generated_Reflection", "Generated_Reflection\Generated_Reflection.vcxitems", "{71119D3A-BD5B-40BA-8CE9-BB22A4F61BF5}"
EndProject
Project("{8BC9CEB8-8B4A-11D0-8D11-00A0C91BC942}") = "UnitTest_SharedTypes", "UnitTest_SharedTypes\UnitTest_SharedTypes.vcxitems", "{1DD9D9BA-7872-4D38-B92A-1EA363DD5A8A}"
EndProject
Project("{2150E333-8FDC-42A3-9474-1A3956D46DE8}") = "Source Files", "Source Files", "{F061B7E4-083C-43C6-9834-235BA91B93BD}"
EndProject
Project("{8BC9CEB8-8B4A-11D0-8D11-00A0C91BC942}") = "CompilerTest_GenerateMetadata", "CompilerTest_GenerateMetadata\CompilerTest_GenerateMetadata.vcxproj", "{C994B7AE-B685-4782-B46B-F32862066599}"
EndProject
Project("{8BC9CEB8-8B4A-11D0-8D11-00A0C91BC942}") = "CompilerTest_LoadAndCompile", "CompilerTest_LoadAndCompile\CompilerTest_LoadAndCompile.vcxproj", "{3F4B3BC8-0ED1-4F18-A5CE-1E821E383A1F}"
EndProject
Project("{8BC9CEB8-8B4A-11D0-8D11-00A0C91BC942}") = "LibraryTest", "LibraryTest\LibraryTest.vcxproj", "{F41BED40-881F-4D6E-A5CA-A330167A2628}"
EndProject
Project("{8BC9CEB8-8B4A-11D0-8D11-00A0C91BC942}") = "VlppWorkflow_MergeCpp", "VlppWorkflow_MergeCpp\VlppWorkflow_MergeCpp.vcxitems", "{323A4B78-BB41-4624-9A70-75B631AA0E3B}"
EndProject
Project("{8BC9CEB8-8B4A-11D0-8D11-00A0C91BC942}") = "CppTest", "CppTest\CppTest.vcxproj", "{F50A04CD-48A8-430B-A579-255818A3729D}"
EndProject
Project("{8BC9CEB8-8B4A-11D0-8D11-00A0C91BC942}") = "CppTest_Metaonly", "CppTest_Metaonly\CppTest_Metaonly.vcxproj", "{20479050-4C1B-4D8C-A76E-2CF985B8A5C2}"
EndProject
Project("{8BC9CEB8-8B4A-11D0-8D11-00A0C91BC942}") = "CppTest_Reflection", "CppTest_Reflection\CppTest_Reflection.vcxproj", "{DA29E141-994D-4D8D-BA27-C96A3A3F52B3}"
EndProject
Global
	GlobalSection(SharedMSBuildProjectFiles) = preSolution
		VlppWorkflow_Runtime\VlppWorkflow_Runtime.vcxitems*{0193656a-c5f1-41db-8600-3f71a83ff8f5}*SharedItemsImports = 9
		VlppImport\VlppImport.vcxitems*{03f4b02c-9536-4d79-bcf4-e4a8f7ae860e}*SharedItemsImports = 9
		Generated_Cpp\Generated_Cpp.vcxitems*{0bebfa9f-d655-4c9d-b769-801f8981684d}*SharedItemsImports = 4
		Generated_Reflection\Generated_Reflection.vcxitems*{0bebfa9f-d655-4c9d-b769-801f8981684d}*SharedItemsImports = 4
		UnitTest_SharedTypes\UnitTest_SharedTypes.vcxitems*{0bebfa9f-d655-4c9d-b769-801f8981684d}*SharedItemsImports = 4
		VlppImport\VlppImport.vcxitems*{0bebfa9f-d655-4c9d-b769-801f8981684d}*SharedItemsImports = 4
		VlppWorkflow_Library\VlppWorkflow_Library.vcxitems*{0bebfa9f-d655-4c9d-b769-801f8981684d}*SharedItemsImports = 4
		UnitTest_SharedTypes\UnitTest_SharedTypes.vcxitems*{1dd9d9ba-7872-4d38-b92a-1ea363dd5a8a}*SharedItemsImports = 9
		Generated_Cpp\Generated_Cpp.vcxitems*{20479050-4c1b-4d8c-a76e-2cf985b8a5c2}*SharedItemsImports = 4
		Generated_Reflection\Generated_Reflection.vcxitems*{20479050-4c1b-4d8c-a76e-2cf985b8a5c2}*SharedItemsImports = 4
		UnitTest_SharedTypes\UnitTest_SharedTypes.vcxitems*{20479050-4c1b-4d8c-a76e-2cf985b8a5c2}*SharedItemsImports = 4
		VlppImport\VlppImport.vcxitems*{20479050-4c1b-4d8c-a76e-2cf985b8a5c2}*SharedItemsImports = 4
		VlppWorkflow_Library\VlppWorkflow_Library.vcxitems*{20479050-4c1b-4d8c-a76e-2cf985b8a5c2}*SharedItemsImports = 4
		Generated_Cpp\Generated_Cpp.vcxitems*{231dc836-9e34-434e-a8f8-7b529ea9b67e}*SharedItemsImports = 4
		Generated_Reflection\Generated_Reflection.vcxitems*{231dc836-9e34-434e-a8f8-7b529ea9b67e}*SharedItemsImports = 4
		UnitTest_SharedTypes\UnitTest_SharedTypes.vcxitems*{231dc836-9e34-434e-a8f8-7b529ea9b67e}*SharedItemsImports = 4
		VlppImport\VlppImport.vcxitems*{231dc836-9e34-434e-a8f8-7b529ea9b67e}*SharedItemsImports = 4
		VlppWorkflow_Compiler\VlppWorkflow_Compiler.vcxitems*{231dc836-9e34-434e-a8f8-7b529ea9b67e}*SharedItemsImports = 4
		VlppWorkflow_Library\VlppWorkflow_Library.vcxitems*{231dc836-9e34-434e-a8f8-7b529ea9b67e}*SharedItemsImports = 4
		VlppWorkflow_MergeCpp\VlppWorkflow_MergeCpp.vcxitems*{231dc836-9e34-434e-a8f8-7b529ea9b67e}*SharedItemsImports = 4
		VlppWorkflow_Runtime\VlppWorkflow_Runtime.vcxitems*{231dc836-9e34-434e-a8f8-7b529ea9b67e}*SharedItemsImports = 4
		VlppWorkflow_MergeCpp\VlppWorkflow_MergeCpp.vcxitems*{323a4b78-bb41-4624-9a70-75b631aa0e3b}*SharedItemsImports = 9
		VlppWorkflow_Compiler\VlppWorkflow_Compiler.vcxitems*{3737dfa1-8c6c-457e-b940-c5d3156c7eaa}*SharedItemsImports = 9
		UnitTest_SharedTypes\UnitTest_SharedTypes.vcxitems*{3f4b3bc8-0ed1-4f18-a5ce-1e821e383a1f}*SharedItemsImports = 4
		VlppImport\VlppImport.vcxitems*{3f4b3bc8-0ed1-4f18-a5ce-1e821e383a1f}*SharedItemsImports = 4
		VlppWorkflow_Compiler\VlppWorkflow_Compiler.vcxitems*{3f4b3bc8-0ed1-4f18-a5ce-1e821e383a1f}*SharedItemsImports = 4
		VlppWorkflow_Library\VlppWorkflow_Library.vcxitems*{3f4b3bc8-0ed1-4f18-a5ce-1e821e383a1f}*SharedItemsImports = 4
		VlppWorkflow_MergeCpp\VlppWorkflow_MergeCpp.vcxitems*{3f4b3bc8-0ed1-4f18-a5ce-1e821e383a1f}*SharedItemsImports = 4
		VlppWorkflow_Runtime\VlppWorkflow_Runtime.vcxitems*{3f4b3bc8-0ed1-4f18-a5ce-1e821e383a1f}*SharedItemsImports = 4
		Generated_Cpp\Generated_Cpp.vcxitems*{48732a7f-5f9a-4b40-a9ea-da940355a77c}*SharedItemsImports = 9
		VlppImport\VlppImport.vcxitems*{4adfdfb4-21fa-4cf0-8b9c-0cc3951ee2a4}*SharedItemsImports = 4
		VlppWorkflow_MergeCpp\VlppWorkflow_MergeCpp.vcxitems*{4adfdfb4-21fa-4cf0-8b9c-0cc3951ee2a4}*SharedItemsImports = 4
		VlppWorkflow_Library\VlppWorkflow_Library.vcxitems*{4e784dc8-d3f2-47b4-8310-85f71e37c4c9}*SharedItemsImports = 9
		Generated_Reflection\Generated_Reflection.vcxitems*{71119d3a-bd5b-40ba-8ce9-bb22a4f61bf5}*SharedItemsImports = 9
		UnitTest_SharedTypes\UnitTest_SharedTypes.vcxitems*{c994b7ae-b685-4782-b46b-f32862066599}*SharedItemsImports = 4
		VlppImport\VlppImport.vcxitems*{c994b7ae-b685-4782-b46b-f32862066599}*SharedItemsImports = 4
		VlppWorkflow_Library\VlppWorkflow_Library.vcxitems*{c994b7ae-b685-4782-b46b-f32862066599}*SharedItemsImports = 4
		Generated_Cpp\Generated_Cpp.vcxitems*{da29e141-994d-4d8d-ba27-c96a3a3f52b3}*SharedItemsImports = 4
		Generated_Reflection\Generated_Reflection.vcxitems*{da29e141-994d-4d8d-ba27-c96a3a3f52b3}*SharedItemsImports = 4
		UnitTest_SharedTypes\UnitTest_SharedTypes.vcxitems*{da29e141-994d-4d8d-ba27-c96a3a3f52b3}*SharedItemsImports = 4
		VlppImport\VlppImport.vcxitems*{da29e141-994d-4d8d-ba27-c96a3a3f52b3}*SharedItemsImports = 4
		VlppWorkflow_Library\VlppWorkflow_Library.vcxitems*{da29e141-994d-4d8d-ba27-c96a3a3f52b3}*SharedItemsImports = 4
		VlppImport\VlppImport.vcxitems*{f41bed40-881f-4d6e-a5ca-a330167a2628}*SharedItemsImports = 4
		VlppWorkflow_Library\VlppWorkflow_Library.vcxitems*{f41bed40-881f-4d6e-a5ca-a330167a2628}*SharedItemsImports = 4
		Generated_Cpp\Generated_Cpp.vcxitems*{f50a04cd-48a8-430b-a579-255818a3729d}*SharedItemsImports = 4
		Generated_Reflection\Generated_Reflection.vcxitems*{f50a04cd-48a8-430b-a579-255818a3729d}*SharedItemsImports = 4
		UnitTest_SharedTypes\UnitTest_SharedTypes.vcxitems*{f50a04cd-48a8-430b-a579-255818a3729d}*SharedItemsImports = 4
		VlppImport\VlppImport.vcxitems*{f50a04cd-48a8-430b-a579-255818a3729d}*SharedItemsImports = 4
		VlppWorkflow_Library\VlppWorkflow_Library.vcxitems*{f50a04cd-48a8-430b-a579-255818a3729d}*SharedItemsImports = 4
	EndGlobalSection
	GlobalSection(SolutionConfigurationPlatforms) = preSolution
		Debug|Win32 = Debug|Win32
		Debug|x64 = Debug|x64
		Release|Win32 = Release|Win32
		Release|x64 = Release|x64
	EndGlobalSection
	GlobalSection(ProjectConfigurationPlatforms) = postSolution
		{231DC836-9E34-434E-A8F8-7B529EA9B67E}.Debug|Win32.ActiveCfg = Debug|Win32
		{231DC836-9E34-434E-A8F8-7B529EA9B67E}.Debug|Win32.Build.0 = Debug|Win32
		{231DC836-9E34-434E-A8F8-7B529EA9B67E}.Debug|x64.ActiveCfg = Debug|x64
		{231DC836-9E34-434E-A8F8-7B529EA9B67E}.Debug|x64.Build.0 = Debug|x64
		{231DC836-9E34-434E-A8F8-7B529EA9B67E}.Release|Win32.ActiveCfg = Release|Win32
		{231DC836-9E34-434E-A8F8-7B529EA9B67E}.Release|Win32.Build.0 = Release|Win32
		{231DC836-9E34-434E-A8F8-7B529EA9B67E}.Release|x64.ActiveCfg = Release|x64
		{231DC836-9E34-434E-A8F8-7B529EA9B67E}.Release|x64.Build.0 = Release|x64
		{0BEBFA9F-D655-4C9D-B769-801F8981684D}.Debug|Win32.ActiveCfg = Debug|Win32
		{0BEBFA9F-D655-4C9D-B769-801F8981684D}.Debug|Win32.Build.0 = Debug|Win32
		{0BEBFA9F-D655-4C9D-B769-801F8981684D}.Debug|x64.ActiveCfg = Debug|x64
		{0BEBFA9F-D655-4C9D-B769-801F8981684D}.Debug|x64.Build.0 = Debug|x64
		{0BEBFA9F-D655-4C9D-B769-801F8981684D}.Release|Win32.ActiveCfg = Release|Win32
		{0BEBFA9F-D655-4C9D-B769-801F8981684D}.Release|Win32.Build.0 = Release|Win32
		{0BEBFA9F-D655-4C9D-B769-801F8981684D}.Release|x64.ActiveCfg = Release|x64
		{0BEBFA9F-D655-4C9D-B769-801F8981684D}.Release|x64.Build.0 = Release|x64
		{4ADFDFB4-21FA-4CF0-8B9C-0CC3951EE2A4}.Debug|Win32.ActiveCfg = Debug|Win32
		{4ADFDFB4-21FA-4CF0-8B9C-0CC3951EE2A4}.Debug|Win32.Build.0 = Debug|Win32
		{4ADFDFB4-21FA-4CF0-8B9C-0CC3951EE2A4}.Debug|x64.ActiveCfg = Debug|x64
		{4ADFDFB4-21FA-4CF0-8B9C-0CC3951EE2A4}.Debug|x64.Build.0 = Debug|x64
		{4ADFDFB4-21FA-4CF0-8B9C-0CC3951EE2A4}.Release|Win32.ActiveCfg = Release|Win32
		{4ADFDFB4-21FA-4CF0-8B9C-0CC3951EE2A4}.Release|Win32.Build.0 = Release|Win32
		{4ADFDFB4-21FA-4CF0-8B9C-0CC3951EE2A4}.Release|x64.ActiveCfg = Release|x64
		{4ADFDFB4-21FA-4CF0-8B9C-0CC3951EE2A4}.Release|x64.Build.0 = Release|x64
		{C994B7AE-B685-4782-B46B-F32862066599}.Debug|Win32.ActiveCfg = Debug|Win32
		{C994B7AE-B685-4782-B46B-F32862066599}.Debug|Win32.Build.0 = Debug|Win32
		{C994B7AE-B685-4782-B46B-F32862066599}.Debug|x64.ActiveCfg = Debug|x64
		{C994B7AE-B685-4782-B46B-F32862066599}.Debug|x64.Build.0 = Debug|x64
		{C994B7AE-B685-4782-B46B-F32862066599}.Release|Win32.ActiveCfg = Release|Win32
		{C994B7AE-B685-4782-B46B-F32862066599}.Release|Win32.Build.0 = Release|Win32
		{C994B7AE-B685-4782-B46B-F32862066599}.Release|x64.ActiveCfg = Release|x64
		{C994B7AE-B685-4782-B46B-F32862066599}.Release|x64.Build.0 = Release|x64
		{3F4B3BC8-0ED1-4F18-A5CE-1E821E383A1F}.Debug|Win32.ActiveCfg = Debug|Win32
		{3F4B3BC8-0ED1-4F18-A5CE-1E821E383A1F}.Debug|Win32.Build.0 = Debug|Win32
		{3F4B3BC8-0ED1-4F18-A5CE-1E821E383A1F}.Debug|x64.ActiveCfg = Debug|x64
		{3F4B3BC8-0ED1-4F18-A5CE-1E821E383A1F}.Debug|x64.Build.0 = Debug|x64
		{3F4B3BC8-0ED1-4F18-A5CE-1E821E383A1F}.Release|Win32.ActiveCfg = Release|Win32
		{3F4B3BC8-0ED1-4F18-A5CE-1E821E383A1F}.Release|Win32.Build.0 = Release|Win32
		{3F4B3BC8-0ED1-4F18-A5CE-1E821E383A1F}.Release|x64.ActiveCfg = Release|x64
		{3F4B3BC8-0ED1-4F18-A5CE-1E821E383A1F}.Release|x64.Build.0 = Release|x64
		{F41BED40-881F-4D6E-A5CA-A330167A2628}.Debug|Win32.ActiveCfg = Debug|Win32
		{F41BED40-881F-4D6E-A5CA-A330167A2628}.Debug|Win32.Build.0 = Debug|Win32
		{F41BED40-881F-4D6E-A5CA-A330167A2628}.Debug|x64.ActiveCfg = Debug|x64
		{F41BED40-881F-4D6E-A5CA-A330167A2628}.Debug|x64.Build.0 = Debug|x64
		{F41BED40-881F-4D6E-A5CA-A330167A2628}.Release|Win32.ActiveCfg = Release|Win32
		{F41BED40-881F-4D6E-A5CA-A330167A2628}.Release|Win32.Build.0 = Release|Win32
		{F41BED40-881F-4D6E-A5CA-A330167A2628}.Release|x64.ActiveCfg = Release|x64
		{F41BED40-881F-4D6E-A5CA-A330167A2628}.Release|x64.Build.0 = Release|x64
		{F50A04CD-48A8-430B-A579-255818A3729D}.Debug|Win32.ActiveCfg = Debug|Win32
		{F50A04CD-48A8-430B-A579-255818A3729D}.Debug|Win32.Build.0 = Debug|Win32
		{F50A04CD-48A8-430B-A579-255818A3729D}.Debug|x64.ActiveCfg = Debug|x64
		{F50A04CD-48A8-430B-A579-255818A3729D}.Debug|x64.Build.0 = Debug|x64
		{F50A04CD-48A8-430B-A579-255818A3729D}.Release|Win32.ActiveCfg = Release|Win32
		{F50A04CD-48A8-430B-A579-255818A3729D}.Release|Win32.Build.0 = Release|Win32
		{F50A04CD-48A8-430B-A579-255818A3729D}.Release|x64.ActiveCfg = Release|x64
		{F50A04CD-48A8-430B-A579-255818A3729D}.Release|x64.Build.0 = Release|x64
		{20479050-4C1B-4D8C-A76E-2CF985B8A5C2}.Debug|Win32.ActiveCfg = Debug|Win32
		{20479050-4C1B-4D8C-A76E-2CF985B8A5C2}.Debug|Win32.Build.0 = Debug|Win32
		{20479050-4C1B-4D8C-A76E-2CF985B8A5C2}.Debug|x64.ActiveCfg = Debug|x64
		{20479050-4C1B-4D8C-A76E-2CF985B8A5C2}.Debug|x64.Build.0 = Debug|x64
		{20479050-4C1B-4D8C-A76E-2CF985B8A5C2}.Release|Win32.ActiveCfg = Release|Win32
		{20479050-4C1B-4D8C-A76E-2CF985B8A5C2}.Release|Win32.Build.0 = Release|Win32
		{20479050-4C1B-4D8C-A76E-2CF985B8A5C2}.Release|x64.ActiveCfg = Release|x64
		{20479050-4C1B-4D8C-A76E-2CF985B8A5C2}.Release|x64.Build.0 = Release|x64
		{DA29E141-994D-4D8D-BA27-C96A3A3F52B3}.Debug|Win32.ActiveCfg = Debug|Win32
		{DA29E141-994D-4D8D-BA27-C96A3A3F52B3}.Debug|Win32.Build.0 = Debug|Win32
		{DA29E141-994D-4D8D-BA27-C96A3A3F52B3}.Debug|x64.ActiveCfg = Debug|x64
		{DA29E141-994D-4D8D-BA27-C96A3A3F52B3}.Debug|x64.Build.0 = Debug|x64
		{DA29E141-994D-4D8D-BA27-C96A3A3F52B3}.Release|Win32.ActiveCfg = Release|Win32
		{DA29E141-994D-4D8D-BA27-C96A3A3F52B3}.Release|Win32.Build.0 = Release|Win32
		{DA29E141-994D-4D8D-BA27-C96A3A3F52B3}.Release|x64.ActiveCfg = Release|x64
		{DA29E141-994D-4D8D-BA27-C96A3A3F52B3}.Release|x64.Build.0 = Release|x64
	EndGlobalSection
	GlobalSection(SolutionProperties) = preSolution
		HideSolutionNode = FALSE
	EndGlobalSection
	GlobalSection(NestedProjects) = preSolution
		{4E784DC8-D3F2-47B4-8310-85F71E37C4C9} = {F061B7E4-083C-43C6-9834-235BA91B93BD}
		{0193656A-C5F1-41DB-8600-3F71A83FF8F5} = {F061B7E4-083C-43C6-9834-235BA91B93BD}
		{3737DFA1-8C6C-457E-B940-C5D3156C7EAA} = {F061B7E4-083C-43C6-9834-235BA91B93BD}
		{03F4B02C-9536-4D79-BCF4-E4A8F7AE860E} = {F061B7E4-083C-43C6-9834-235BA91B93BD}
		{48732A7F-5F9A-4B40-A9EA-DA940355A77C} = {F061B7E4-083C-43C6-9834-235BA91B93BD}
		{71119D3A-BD5B-40BA-8CE9-BB22A4F61BF5} = {F061B7E4-083C-43C6-9834-235BA91B93BD}
		{1DD9D9BA-7872-4D38-B92A-1EA363DD5A8A} = {F061B7E4-083C-43C6-9834-235BA91B93BD}
		{323A4B78-BB41-4624-9A70-75B631AA0E3B} = {F061B7E4-083C-43C6-9834-235BA91B93BD}
	EndGlobalSection
	GlobalSection(ExtensibilityGlobals) = postSolution
		SolutionGuid = {C119B977-D8A9-415E-9A3B-1CEB3A5CBAE3}
	EndGlobalSection
EndGlobal
